Microsoft Visual Studio Solution File, Format Version 12.00
# Visual Studio Version 16
VisualStudioVersion = 16.0.29411.108
MinimumVisualStudioVersion = 10.0.40219.1
Project("{FAE04EC0-301F-11D3-BF4B-00C04F79EFBC}") = "Vyroba", "MainForm\Vyroba.csproj", "{D7E00B2D-1105-4108-BB2E-E05D39663923}"
EndProject
Project("{FAE04EC0-301F-11D3-BF4B-00C04F79EFBC}") = "Database", "Database\Database.csproj", "{53601A7B-F9FC-47DA-A99F-E8A47DDDF947}"
EndProject
Project("{FAE04EC0-301F-11D3-BF4B-00C04F79EFBC}") = "ErrorLog", "ErrorLog\ErrorLog.csproj", "{3151DDC5-73BA-4E7A-AD51-873EFBBA0FDC}"
EndProject
Project("{FAE04EC0-301F-11D3-BF4B-00C04F79EFBC}") = "Logging", "Logging\Logging.csproj", "{8B038B30-3962-410F-A306-1DA2CDC74266}"
EndProject
Project("{FAE04EC0-301F-11D3-BF4B-00C04F79EFBC}") = "_Module_.Vrtacka_stara", "_Modules_\Vrtacka_stara\_Module_.Vrtacka_stara.csproj", "{D2235007-DEB0-4D51-A54A-6F203506BC96}"
EndProject
Project("{FAE04EC0-301F-11D3-BF4B-00C04F79EFBC}") = "BarCodeParser", "BarCodeParser\BarCodeParser.csproj", "{CD794B4A-2F39-4467-B225-08C3C35CB720}"
EndProject
Project("{FAE04EC0-301F-11D3-BF4B-00C04F79EFBC}") = "_Module_.Vrtacka", "_Modules_\Vrtacka_\_Module_.Vrtacka.csproj", "{FFCFF200-F96C-4ADC-AAE7-095AACE126B9}"
EndProject
Project("{FAE04EC0-301F-11D3-BF4B-00C04F79EFBC}") = "VyrobaIfc", "VyrobaIfc\VyrobaIfc.csproj", "{AEF304CD-C27C-46A4-ACA9-D3EBECAF0F5F}"
EndProject
Project("{FAE04EC0-301F-11D3-BF4B-00C04F79EFBC}") = "LabelPrinting", "LabelPrinting\LabelPrinting.csproj", "{31B21E89-CF46-439E-BA4F-16E5460DF887}"
EndProject
Project("{FAE04EC0-301F-11D3-BF4B-00C04F79EFBC}") = "_Module_.Rezacka", "_Modules_\Rezacka\_Module_.Rezacka.csproj", "{28FBD9A6-1B84-467B-AC4A-F81EBECD7A7A}"
EndProject
Project("{FAE04EC0-301F-11D3-BF4B-00C04F79EFBC}") = "Kuebler-716", "Counters\Kuebler-716\Kuebler-716.csproj", "{29B0D42D-1A0A-4C55-B5E2-6D3DB2496C2F}"
EndProject
Project("{FAE04EC0-301F-11D3-BF4B-00C04F79EFBC}") = "CountersIfc", "CountersIfc\CountersIfc.csproj", "{12AFE091-70AA-4E31-AAC8-C594DFF3BC13}"
EndProject
Project("{FAE04EC0-301F-11D3-BF4B-00C04F79EFBC}") = "ChipScannersIfc", "ChipScannersIfc\ChipScannersIfc.csproj", "{CE2B3CF6-7F44-4FDF-87A4-23DAC0D20128}"
EndProject
Project("{FAE04EC0-301F-11D3-BF4B-00C04F79EFBC}") = "DSRS2333", "ChipScanners\DSRS2333\DSRS2333.csproj", "{71E8BAC4-009E-46C7-8641-4E25EC894CA0}"
EndProject
Project("{FAE04EC0-301F-11D3-BF4B-00C04F79EFBC}") = "Emailing", "Emailing\Emailing\Emailing.csproj", "{FB082FE8-178B-40D4-8A2B-36CE544A00C7}"
EndProject
Project("{FAE04EC0-301F-11D3-BF4B-00C04F79EFBC}") = "IScannerProvider", "IScannerProvider\IScannerProvider.csproj", "{B24889A4-2446-48F8-A99E-670A2D4FE3CB}"
EndProject
Project("{FAE04EC0-301F-11D3-BF4B-00C04F79EFBC}") = "ScannerProviderSerialPort", "ScannerProviderSerialPort\ScannerProviderSerialPort.csproj", "{58FC64F5-199D-42AD-8CA0-FC6B6CBFA680}"
EndProject
Project("{FAE04EC0-301F-11D3-BF4B-00C04F79EFBC}") = "ScannerFactory", "ScannerFactory\ScannerFactory.csproj", "{74824146-2E98-4DA6-878C-846D918B4A37}"
EndProject
Project("{FAE04EC0-301F-11D3-BF4B-00C04F79EFBC}") = "ICommDatabase", "ICommDatabase\ICommDatabase.csproj", "{091B2F54-A19D-426A-9B7A-6B9065685BA2}"
EndProject
Project("{FAE04EC0-301F-11D3-BF4B-00C04F79EFBC}") = "SQLCommLib", "SQLCommLib\SQLCommLib.csproj", "{F8DEB6B8-C6C6-4870-92E0-79976082225C}"
EndProject
Project("{FAE04EC0-301F-11D3-BF4B-00C04F79EFBC}") = "ScannerProviderSerialPortQX830", "ScannerProviderSerialPortQX830\ScannerProviderSerialPortQX830.csproj", "{E7E4DAAA-1B15-4730-AD70-9D60F3D7B294}"
EndProject
Project("{FAE04EC0-301F-11D3-BF4B-00C04F79EFBC}") = "Fask.Graphic", "Fask.Graphic\Fask.Graphic.csproj", "{A5221DAE-DD8A-403B-A1B7-82E84A6AE7E3}"
EndProject
Project("{FAE04EC0-301F-11D3-BF4B-00C04F79EFBC}") = "TouchscreenKeyboard", "TouchscreenKeyboard\TouchscreenKeyboard\TouchscreenKeyboard.csproj", "{94070B1D-6DE4-4D45-B2B9-5DA09D0E15C9}"
EndProject
Project("{FAE04EC0-301F-11D3-BF4B-00C04F79EFBC}") = "RFID_SR_5102_Provider", "RFID_SR-5102\RFID_SR_5102_Provider.csproj", "{862B5AC4-AC3F-48D7-937A-4E691204FF8B}"
EndProject
Project("{FAE04EC0-301F-11D3-BF4B-00C04F79EFBC}") = "RFIDFactory", "RFIDFactory\RFIDFactory.csproj", "{F77C6154-11B1-474F-97FB-F1FB43E5264C}"
EndProject
Project("{FAE04EC0-301F-11D3-BF4B-00C04F79EFBC}") = "IRFIDProvider", "IRFIDProvider\IRFIDProvider.csproj", "{01BD8C0C-F391-420E-AD74-6C1CA3584C17}"
EndProject
Project("{FAE04EC0-301F-11D3-BF4B-00C04F79EFBC}") = "RFID_DLR_DK001_Provider", "RFID_DLR-DK001\RFID_DLR_DK001_Provider.csproj", "{82E7EF28-DE2A-4B89-A70A-62F21BD08C59}"
EndProject
Project("{FAE04EC0-301F-11D3-BF4B-00C04F79EFBC}") = "_Module_.Rapol.InkJet", "_Modules_\Module.Rapol.InkJet\_Module_.Rapol.InkJet.csproj", "{A4CAAAE3-27E3-4963-8B80-7C5600B71B02}"
EndProject
Project("{FAE04EC0-301F-11D3-BF4B-00C04F79EFBC}") = "_Module_.DCDIdeal.InkJet", "_Modules_\Module.DCDIdeal.InkJet\_Module_.DCDIdeal.InkJet.csproj", "{1E86B42B-0238-4F08-803E-B4412D7C6EE2}"
EndProject
Project("{FAE04EC0-301F-11D3-BF4B-00C04F79EFBC}") = "_Module_.Vyroba_Agro2", "_Modules_\Vyroba_Agro_2\_Module_.Vyroba_Agro2.csproj", "{439C07DD-00A3-4253-8FCC-20A9B36CB413}"
EndProject
Project("{FAE04EC0-301F-11D3-BF4B-00C04F79EFBC}") = "RFID_Zebra_fx9600_Provider", "RFID_Zebra_fx9600_Provider\RFID_Zebra_fx9600_Provider.csproj", "{07890424-48FD-4D57-B83C-E200028DDA5E}"
EndProject
Project("{FAE04EC0-301F-11D3-BF4B-00C04F79EFBC}") = "_Module_.Vyroba_Agro_Sledovani_Voziku", "_Modules_\Vyroba_Agro_Sledovani_Voziku\_Module_.Vyroba_Agro_Sledovani_Voziku.csproj", "{AE1D5E9C-7E5E-480C-BE3E-24F472420B83}"
EndProject
Project("{FAE04EC0-301F-11D3-BF4B-00C04F79EFBC}") = "Fask.Tracing", "Fask.Tracing\Fask.Tracing.csproj", "{14569DD3-5250-4CDB-998E-198BFD548113}"
EndProject
Project("{FAE04EC0-301F-11D3-BF4B-00C04F79EFBC}") = "Fask.Logging", "..\_SdileneProjekty_\Fask.Logging\Fask.Logging.csproj", "{89E8C070-4694-4F11-AB01-A674BF8B9F80}"
EndProject
Project("{FAE04EC0-301F-11D3-BF4B-00C04F79EFBC}") = "FASK.Palety_SSCC.SQLite", "..\_SdileneProjekty_\FASK.Palety_SSCC.SQLite\FASK.Palety_SSCC.SQLite.csproj", "{BD9F1B1F-4BE5-463F-850F-21A87668DC33}"
EndProject
Project("{FAE04EC0-301F-11D3-BF4B-00C04F79EFBC}") = "Fask.RestSharp", "..\_SdileneProjekty_\Fask.RestSharp\Fask.RestSharp.csproj", "{DCD07EDA-015D-49CB-A3F0-855BC143440F}"
EndProject
Project("{FAE04EC0-301F-11D3-BF4B-00C04F79EFBC}") = "SQLiteCommLib", "SQLiteCommLib\SQLiteCommLib.csproj", "{C6FA07CB-2E79-475C-B67D-0DB642D8D6CF}"
EndProject
Project("{FAE04EC0-301F-11D3-BF4B-00C04F79EFBC}") = "SQLRemoteLib", "SQLRemoteLib\SQLRemoteLib.csproj", "{64C6227A-1171-4F03-BAA5-5B76D4B4C7F1}"
EndProject
Project("{FAE04EC0-301F-11D3-BF4B-00C04F79EFBC}") = "APIRemoteLib", "APIRemoteLib\APIRemoteLib.csproj", "{E5296763-F051-4096-AED2-21FFB91904EB}"
EndProject
Project("{FAE04EC0-301F-11D3-BF4B-00C04F79EFBC}") = "_Module_.Vyroba_Agro_2_Modbus", "_Modules_\Vyroba_Agro_2_Modbus\_Module_.Vyroba_Agro_2_Modbus.csproj", "{D604F632-5978-4E60-BB6A-F858ED1EDFA1}"
EndProject
Project("{FAE04EC0-301F-11D3-BF4B-00C04F79EFBC}") = "_Module_.Vyroba_Agro_SV_Modbus", "_Modules_\Vyroba_Agro_SV_Modbus\_Module_.Vyroba_Agro_SV_Modbus.csproj", "{850C6EBA-F251-4277-A0B4-94C4DC6A5AA7}"
EndProject
Project("{FAE04EC0-301F-11D3-BF4B-00C04F79EFBC}") = "_Module_.Vyroba_Agro_Kapalky_SV", "_Modules_\Vyroba_Agro_Kapalky_SV\_Module_.Vyroba_Agro_Kapalky_SV.csproj", "{F442B4D9-FBBE-4917-A546-2EB0F66FA086}"
EndProject
Project("{FAE04EC0-301F-11D3-BF4B-00C04F79EFBC}") = "_Module_.Vyroba_SV", "_Modules_\Vyroba_SV\_Module_.Vyroba_SV.csproj", "{731C0DCC-5C42-4A82-8AF9-BB38127A292F}"
EndProject
Global
	GlobalSection(SolutionConfigurationPlatforms) = preSolution
		Debug|Any CPU = Debug|Any CPU
		Debug|x64 = Debug|x64
		Debug|x86 = Debug|x86
		Release|Any CPU = Release|Any CPU
		Release|x64 = Release|x64
		Release|x86 = Release|x86
	EndGlobalSection
	GlobalSection(ProjectConfigurationPlatforms) = postSolution
		{D7E00B2D-1105-4108-BB2E-E05D39663923}.Debug|Any CPU.ActiveCfg = Debug|Any CPU
		{D7E00B2D-1105-4108-BB2E-E05D39663923}.Debug|Any CPU.Build.0 = Debug|Any CPU
		{D7E00B2D-1105-4108-BB2E-E05D39663923}.Debug|x64.ActiveCfg = Debug|Any CPU
		{D7E00B2D-1105-4108-BB2E-E05D39663923}.Debug|x64.Build.0 = Debug|Any CPU
		{D7E00B2D-1105-4108-BB2E-E05D39663923}.Debug|x86.ActiveCfg = Debug|Any CPU
		{D7E00B2D-1105-4108-BB2E-E05D39663923}.Release|Any CPU.ActiveCfg = Release|Any CPU
		{D7E00B2D-1105-4108-BB2E-E05D39663923}.Release|Any CPU.Build.0 = Release|Any CPU
		{D7E00B2D-1105-4108-BB2E-E05D39663923}.Release|x64.ActiveCfg = Release|Any CPU
		{D7E00B2D-1105-4108-BB2E-E05D39663923}.Release|x64.Build.0 = Release|Any CPU
		{D7E00B2D-1105-4108-BB2E-E05D39663923}.Release|x86.ActiveCfg = Release|Any CPU
		{D7E00B2D-1105-4108-BB2E-E05D39663923}.Release|x86.Build.0 = Release|Any CPU
		{53601A7B-F9FC-47DA-A99F-E8A47DDDF947}.Debug|Any CPU.ActiveCfg = Debug|Any CPU
		{53601A7B-F9FC-47DA-A99F-E8A47DDDF947}.Debug|Any CPU.Build.0 = Debug|Any CPU
		{53601A7B-F9FC-47DA-A99F-E8A47DDDF947}.Debug|x64.ActiveCfg = Debug|Any CPU
		{53601A7B-F9FC-47DA-A99F-E8A47DDDF947}.Debug|x64.Build.0 = Debug|Any CPU
		{53601A7B-F9FC-47DA-A99F-E8A47DDDF947}.Debug|x86.ActiveCfg = Debug|Any CPU
		{53601A7B-F9FC-47DA-A99F-E8A47DDDF947}.Release|Any CPU.ActiveCfg = Release|Any CPU
		{53601A7B-F9FC-47DA-A99F-E8A47DDDF947}.Release|Any CPU.Build.0 = Release|Any CPU
		{53601A7B-F9FC-47DA-A99F-E8A47DDDF947}.Release|x64.ActiveCfg = Release|Any CPU
		{53601A7B-F9FC-47DA-A99F-E8A47DDDF947}.Release|x64.Build.0 = Release|Any CPU
		{53601A7B-F9FC-47DA-A99F-E8A47DDDF947}.Release|x86.ActiveCfg = Release|Any CPU
		{53601A7B-F9FC-47DA-A99F-E8A47DDDF947}.Release|x86.Build.0 = Release|Any CPU
		{3151DDC5-73BA-4E7A-AD51-873EFBBA0FDC}.Debug|Any CPU.ActiveCfg = Debug|Any CPU
		{3151DDC5-73BA-4E7A-AD51-873EFBBA0FDC}.Debug|Any CPU.Build.0 = Debug|Any CPU
		{3151DDC5-73BA-4E7A-AD51-873EFBBA0FDC}.Debug|x64.ActiveCfg = Debug|Any CPU
		{3151DDC5-73BA-4E7A-AD51-873EFBBA0FDC}.Debug|x64.Build.0 = Debug|Any CPU
		{3151DDC5-73BA-4E7A-AD51-873EFBBA0FDC}.Debug|x86.ActiveCfg = Debug|Any CPU
		{3151DDC5-73BA-4E7A-AD51-873EFBBA0FDC}.Release|Any CPU.ActiveCfg = Release|Any CPU
		{3151DDC5-73BA-4E7A-AD51-873EFBBA0FDC}.Release|Any CPU.Build.0 = Release|Any CPU
		{3151DDC5-73BA-4E7A-AD51-873EFBBA0FDC}.Release|x64.ActiveCfg = Release|Any CPU
		{3151DDC5-73BA-4E7A-AD51-873EFBBA0FDC}.Release|x64.Build.0 = Release|Any CPU
		{3151DDC5-73BA-4E7A-AD51-873EFBBA0FDC}.Release|x86.ActiveCfg = Release|Any CPU
		{3151DDC5-73BA-4E7A-AD51-873EFBBA0FDC}.Release|x86.Build.0 = Release|Any CPU
		{8B038B30-3962-410F-A306-1DA2CDC74266}.Debug|Any CPU.ActiveCfg = Debug|Any CPU
		{8B038B30-3962-410F-A306-1DA2CDC74266}.Debug|Any CPU.Build.0 = Debug|Any CPU
		{8B038B30-3962-410F-A306-1DA2CDC74266}.Debug|x64.ActiveCfg = Debug|Any CPU
		{8B038B30-3962-410F-A306-1DA2CDC74266}.Debug|x64.Build.0 = Debug|Any CPU
		{8B038B30-3962-410F-A306-1DA2CDC74266}.Debug|x86.ActiveCfg = Debug|Any CPU
		{8B038B30-3962-410F-A306-1DA2CDC74266}.Release|Any CPU.ActiveCfg = Release|Any CPU
		{8B038B30-3962-410F-A306-1DA2CDC74266}.Release|Any CPU.Build.0 = Release|Any CPU
		{8B038B30-3962-410F-A306-1DA2CDC74266}.Release|x64.ActiveCfg = Release|Any CPU
		{8B038B30-3962-410F-A306-1DA2CDC74266}.Release|x64.Build.0 = Release|Any CPU
		{8B038B30-3962-410F-A306-1DA2CDC74266}.Release|x86.ActiveCfg = Release|Any CPU
		{8B038B30-3962-410F-A306-1DA2CDC74266}.Release|x86.Build.0 = Release|Any CPU
		{D2235007-DEB0-4D51-A54A-6F203506BC96}.Debug|Any CPU.ActiveCfg = Debug|Any CPU
		{D2235007-DEB0-4D51-A54A-6F203506BC96}.Debug|Any CPU.Build.0 = Debug|Any CPU
		{D2235007-DEB0-4D51-A54A-6F203506BC96}.Debug|x64.ActiveCfg = Debug|Any CPU
		{D2235007-DEB0-4D51-A54A-6F203506BC96}.Debug|x64.Build.0 = Debug|Any CPU
		{D2235007-DEB0-4D51-A54A-6F203506BC96}.Debug|x86.ActiveCfg = Debug|Any CPU
		{D2235007-DEB0-4D51-A54A-6F203506BC96}.Release|Any CPU.ActiveCfg = Release|Any CPU
		{D2235007-DEB0-4D51-A54A-6F203506BC96}.Release|Any CPU.Build.0 = Release|Any CPU
		{D2235007-DEB0-4D51-A54A-6F203506BC96}.Release|x64.ActiveCfg = Release|Any CPU
		{D2235007-DEB0-4D51-A54A-6F203506BC96}.Release|x64.Build.0 = Release|Any CPU
		{D2235007-DEB0-4D51-A54A-6F203506BC96}.Release|x86.ActiveCfg = Release|Any CPU
		{D2235007-DEB0-4D51-A54A-6F203506BC96}.Release|x86.Build.0 = Release|Any CPU
		{CD794B4A-2F39-4467-B225-08C3C35CB720}.Debug|Any CPU.ActiveCfg = Debug|Any CPU
		{CD794B4A-2F39-4467-B225-08C3C35CB720}.Debug|Any CPU.Build.0 = Debug|Any CPU
		{CD794B4A-2F39-4467-B225-08C3C35CB720}.Debug|x64.ActiveCfg = Debug|Any CPU
		{CD794B4A-2F39-4467-B225-08C3C35CB720}.Debug|x64.Build.0 = Debug|Any CPU
		{CD794B4A-2F39-4467-B225-08C3C35CB720}.Debug|x86.ActiveCfg = Debug|Any CPU
		{CD794B4A-2F39-4467-B225-08C3C35CB720}.Release|Any CPU.ActiveCfg = Release|Any CPU
		{CD794B4A-2F39-4467-B225-08C3C35CB720}.Release|Any CPU.Build.0 = Release|Any CPU
		{CD794B4A-2F39-4467-B225-08C3C35CB720}.Release|x64.ActiveCfg = Release|Any CPU
		{CD794B4A-2F39-4467-B225-08C3C35CB720}.Release|x64.Build.0 = Release|Any CPU
		{CD794B4A-2F39-4467-B225-08C3C35CB720}.Release|x86.ActiveCfg = Release|Any CPU
		{CD794B4A-2F39-4467-B225-08C3C35CB720}.Release|x86.Build.0 = Release|Any CPU
		{FFCFF200-F96C-4ADC-AAE7-095AACE126B9}.Debug|Any CPU.ActiveCfg = Debug|Any CPU
		{FFCFF200-F96C-4ADC-AAE7-095AACE126B9}.Debug|Any CPU.Build.0 = Debug|Any CPU
		{FFCFF200-F96C-4ADC-AAE7-095AACE126B9}.Debug|x64.ActiveCfg = Debug|Any CPU
		{FFCFF200-F96C-4ADC-AAE7-095AACE126B9}.Debug|x64.Build.0 = Debug|Any CPU
		{FFCFF200-F96C-4ADC-AAE7-095AACE126B9}.Debug|x86.ActiveCfg = Debug|Any CPU
		{FFCFF200-F96C-4ADC-AAE7-095AACE126B9}.Release|Any CPU.ActiveCfg = Release|Any CPU
		{FFCFF200-F96C-4ADC-AAE7-095AACE126B9}.Release|Any CPU.Build.0 = Release|Any CPU
		{FFCFF200-F96C-4ADC-AAE7-095AACE126B9}.Release|x64.ActiveCfg = Release|Any CPU
		{FFCFF200-F96C-4ADC-AAE7-095AACE126B9}.Release|x64.Build.0 = Release|Any CPU
		{FFCFF200-F96C-4ADC-AAE7-095AACE126B9}.Release|x86.ActiveCfg = Release|Any CPU
		{FFCFF200-F96C-4ADC-AAE7-095AACE126B9}.Release|x86.Build.0 = Release|Any CPU
		{AEF304CD-C27C-46A4-ACA9-D3EBECAF0F5F}.Debug|Any CPU.ActiveCfg = Debug|Any CPU
		{AEF304CD-C27C-46A4-ACA9-D3EBECAF0F5F}.Debug|Any CPU.Build.0 = Debug|Any CPU
		{AEF304CD-C27C-46A4-ACA9-D3EBECAF0F5F}.Debug|x64.ActiveCfg = Debug|Any CPU
		{AEF304CD-C27C-46A4-ACA9-D3EBECAF0F5F}.Debug|x64.Build.0 = Debug|Any CPU
		{AEF304CD-C27C-46A4-ACA9-D3EBECAF0F5F}.Debug|x86.ActiveCfg = Debug|Any CPU
		{AEF304CD-C27C-46A4-ACA9-D3EBECAF0F5F}.Release|Any CPU.ActiveCfg = Release|Any CPU
		{AEF304CD-C27C-46A4-ACA9-D3EBECAF0F5F}.Release|Any CPU.Build.0 = Release|Any CPU
		{AEF304CD-C27C-46A4-ACA9-D3EBECAF0F5F}.Release|x64.ActiveCfg = Release|Any CPU
		{AEF304CD-C27C-46A4-ACA9-D3EBECAF0F5F}.Release|x64.Build.0 = Release|Any CPU
		{AEF304CD-C27C-46A4-ACA9-D3EBECAF0F5F}.Release|x86.ActiveCfg = Release|Any CPU
		{AEF304CD-C27C-46A4-ACA9-D3EBECAF0F5F}.Release|x86.Build.0 = Release|Any CPU
		{31B21E89-CF46-439E-BA4F-16E5460DF887}.Debug|Any CPU.ActiveCfg = Debug|Any CPU
		{31B21E89-CF46-439E-BA4F-16E5460DF887}.Debug|Any CPU.Build.0 = Debug|Any CPU
		{31B21E89-CF46-439E-BA4F-16E5460DF887}.Debug|x64.ActiveCfg = Debug|Any CPU
		{31B21E89-CF46-439E-BA4F-16E5460DF887}.Debug|x64.Build.0 = Debug|Any CPU
		{31B21E89-CF46-439E-BA4F-16E5460DF887}.Debug|x86.ActiveCfg = Debug|Any CPU
		{31B21E89-CF46-439E-BA4F-16E5460DF887}.Release|Any CPU.ActiveCfg = Release|Any CPU
		{31B21E89-CF46-439E-BA4F-16E5460DF887}.Release|Any CPU.Build.0 = Release|Any CPU
		{31B21E89-CF46-439E-BA4F-16E5460DF887}.Release|x64.ActiveCfg = Release|Any CPU
		{31B21E89-CF46-439E-BA4F-16E5460DF887}.Release|x64.Build.0 = Release|Any CPU
		{31B21E89-CF46-439E-BA4F-16E5460DF887}.Release|x86.ActiveCfg = Release|Any CPU
		{31B21E89-CF46-439E-BA4F-16E5460DF887}.Release|x86.Build.0 = Release|Any CPU
		{28FBD9A6-1B84-467B-AC4A-F81EBECD7A7A}.Debug|Any CPU.ActiveCfg = Debug|Any CPU
		{28FBD9A6-1B84-467B-AC4A-F81EBECD7A7A}.Debug|Any CPU.Build.0 = Debug|Any CPU
		{28FBD9A6-1B84-467B-AC4A-F81EBECD7A7A}.Debug|x64.ActiveCfg = Debug|Any CPU
		{28FBD9A6-1B84-467B-AC4A-F81EBECD7A7A}.Debug|x64.Build.0 = Debug|Any CPU
		{28FBD9A6-1B84-467B-AC4A-F81EBECD7A7A}.Debug|x86.ActiveCfg = Debug|Any CPU
		{28FBD9A6-1B84-467B-AC4A-F81EBECD7A7A}.Release|Any CPU.ActiveCfg = Release|Any CPU
		{28FBD9A6-1B84-467B-AC4A-F81EBECD7A7A}.Release|Any CPU.Build.0 = Release|Any CPU
		{28FBD9A6-1B84-467B-AC4A-F81EBECD7A7A}.Release|x64.ActiveCfg = Release|Any CPU
		{28FBD9A6-1B84-467B-AC4A-F81EBECD7A7A}.Release|x64.Build.0 = Release|Any CPU
		{28FBD9A6-1B84-467B-AC4A-F81EBECD7A7A}.Release|x86.ActiveCfg = Release|Any CPU
		{28FBD9A6-1B84-467B-AC4A-F81EBECD7A7A}.Release|x86.Build.0 = Release|Any CPU
		{29B0D42D-1A0A-4C55-B5E2-6D3DB2496C2F}.Debug|Any CPU.ActiveCfg = Debug|Any CPU
		{29B0D42D-1A0A-4C55-B5E2-6D3DB2496C2F}.Debug|Any CPU.Build.0 = Debug|Any CPU
		{29B0D42D-1A0A-4C55-B5E2-6D3DB2496C2F}.Debug|x64.ActiveCfg = Debug|Any CPU
		{29B0D42D-1A0A-4C55-B5E2-6D3DB2496C2F}.Debug|x64.Build.0 = Debug|Any CPU
		{29B0D42D-1A0A-4C55-B5E2-6D3DB2496C2F}.Debug|x86.ActiveCfg = Debug|Any CPU
		{29B0D42D-1A0A-4C55-B5E2-6D3DB2496C2F}.Release|Any CPU.ActiveCfg = Release|Any CPU
		{29B0D42D-1A0A-4C55-B5E2-6D3DB2496C2F}.Release|Any CPU.Build.0 = Release|Any CPU
		{29B0D42D-1A0A-4C55-B5E2-6D3DB2496C2F}.Release|x64.ActiveCfg = Release|Any CPU
		{29B0D42D-1A0A-4C55-B5E2-6D3DB2496C2F}.Release|x64.Build.0 = Release|Any CPU
		{29B0D42D-1A0A-4C55-B5E2-6D3DB2496C2F}.Release|x86.ActiveCfg = Release|Any CPU
		{29B0D42D-1A0A-4C55-B5E2-6D3DB2496C2F}.Release|x86.Build.0 = Release|Any CPU
		{12AFE091-70AA-4E31-AAC8-C594DFF3BC13}.Debug|Any CPU.ActiveCfg = Debug|Any CPU
		{12AFE091-70AA-4E31-AAC8-C594DFF3BC13}.Debug|Any CPU.Build.0 = Debug|Any CPU
		{12AFE091-70AA-4E31-AAC8-C594DFF3BC13}.Debug|x64.ActiveCfg = Debug|Any CPU
		{12AFE091-70AA-4E31-AAC8-C594DFF3BC13}.Debug|x64.Build.0 = Debug|Any CPU
		{12AFE091-70AA-4E31-AAC8-C594DFF3BC13}.Debug|x86.ActiveCfg = Debug|Any CPU
		{12AFE091-70AA-4E31-AAC8-C594DFF3BC13}.Release|Any CPU.ActiveCfg = Release|Any CPU
		{12AFE091-70AA-4E31-AAC8-C594DFF3BC13}.Release|Any CPU.Build.0 = Release|Any CPU
		{12AFE091-70AA-4E31-AAC8-C594DFF3BC13}.Release|x64.ActiveCfg = Release|Any CPU
		{12AFE091-70AA-4E31-AAC8-C594DFF3BC13}.Release|x64.Build.0 = Release|Any CPU
		{12AFE091-70AA-4E31-AAC8-C594DFF3BC13}.Release|x86.ActiveCfg = Release|Any CPU
		{12AFE091-70AA-4E31-AAC8-C594DFF3BC13}.Release|x86.Build.0 = Release|Any CPU
		{CE2B3CF6-7F44-4FDF-87A4-23DAC0D20128}.Debug|Any CPU.ActiveCfg = Debug|Any CPU
		{CE2B3CF6-7F44-4FDF-87A4-23DAC0D20128}.Debug|Any CPU.Build.0 = Debug|Any CPU
		{CE2B3CF6-7F44-4FDF-87A4-23DAC0D20128}.Debug|x64.ActiveCfg = Debug|Any CPU
		{CE2B3CF6-7F44-4FDF-87A4-23DAC0D20128}.Debug|x64.Build.0 = Debug|Any CPU
		{CE2B3CF6-7F44-4FDF-87A4-23DAC0D20128}.Debug|x86.ActiveCfg = Debug|Any CPU
		{CE2B3CF6-7F44-4FDF-87A4-23DAC0D20128}.Release|Any CPU.ActiveCfg = Release|Any CPU
		{CE2B3CF6-7F44-4FDF-87A4-23DAC0D20128}.Release|Any CPU.Build.0 = Release|Any CPU
		{CE2B3CF6-7F44-4FDF-87A4-23DAC0D20128}.Release|x64.ActiveCfg = Release|Any CPU
		{CE2B3CF6-7F44-4FDF-87A4-23DAC0D20128}.Release|x64.Build.0 = Release|Any CPU
		{CE2B3CF6-7F44-4FDF-87A4-23DAC0D20128}.Release|x86.ActiveCfg = Release|Any CPU
		{CE2B3CF6-7F44-4FDF-87A4-23DAC0D20128}.Release|x86.Build.0 = Release|Any CPU
		{71E8BAC4-009E-46C7-8641-4E25EC894CA0}.Debug|Any CPU.ActiveCfg = Debug|Any CPU
		{71E8BAC4-009E-46C7-8641-4E25EC894CA0}.Debug|Any CPU.Build.0 = Debug|Any CPU
		{71E8BAC4-009E-46C7-8641-4E25EC894CA0}.Debug|x64.ActiveCfg = Debug|Any CPU
		{71E8BAC4-009E-46C7-8641-4E25EC894CA0}.Debug|x64.Build.0 = Debug|Any CPU
		{71E8BAC4-009E-46C7-8641-4E25EC894CA0}.Debug|x86.ActiveCfg = Debug|Any CPU
		{71E8BAC4-009E-46C7-8641-4E25EC894CA0}.Release|Any CPU.ActiveCfg = Release|Any CPU
		{71E8BAC4-009E-46C7-8641-4E25EC894CA0}.Release|Any CPU.Build.0 = Release|Any CPU
		{71E8BAC4-009E-46C7-8641-4E25EC894CA0}.Release|x64.ActiveCfg = Release|Any CPU
		{71E8BAC4-009E-46C7-8641-4E25EC894CA0}.Release|x64.Build.0 = Release|Any CPU
		{71E8BAC4-009E-46C7-8641-4E25EC894CA0}.Release|x86.ActiveCfg = Release|Any CPU
		{71E8BAC4-009E-46C7-8641-4E25EC894CA0}.Release|x86.Build.0 = Release|Any CPU
		{FB082FE8-178B-40D4-8A2B-36CE544A00C7}.Debug|Any CPU.ActiveCfg = Debug|Any CPU
		{FB082FE8-178B-40D4-8A2B-36CE544A00C7}.Debug|Any CPU.Build.0 = Debug|Any CPU
		{FB082FE8-178B-40D4-8A2B-36CE544A00C7}.Debug|x64.ActiveCfg = Debug|Any CPU
		{FB082FE8-178B-40D4-8A2B-36CE544A00C7}.Debug|x64.Build.0 = Debug|Any CPU
		{FB082FE8-178B-40D4-8A2B-36CE544A00C7}.Debug|x86.ActiveCfg = Debug|Any CPU
		{FB082FE8-178B-40D4-8A2B-36CE544A00C7}.Release|Any CPU.ActiveCfg = Release|Any CPU
		{FB082FE8-178B-40D4-8A2B-36CE544A00C7}.Release|Any CPU.Build.0 = Release|Any CPU
		{FB082FE8-178B-40D4-8A2B-36CE544A00C7}.Release|x64.ActiveCfg = Release|Any CPU
		{FB082FE8-178B-40D4-8A2B-36CE544A00C7}.Release|x64.Build.0 = Release|Any CPU
		{FB082FE8-178B-40D4-8A2B-36CE544A00C7}.Release|x86.ActiveCfg = Release|Any CPU
		{FB082FE8-178B-40D4-8A2B-36CE544A00C7}.Release|x86.Build.0 = Release|Any CPU
		{B24889A4-2446-48F8-A99E-670A2D4FE3CB}.Debug|Any CPU.ActiveCfg = Debug|Any CPU
		{B24889A4-2446-48F8-A99E-670A2D4FE3CB}.Debug|Any CPU.Build.0 = Debug|Any CPU
		{B24889A4-2446-48F8-A99E-670A2D4FE3CB}.Debug|x64.ActiveCfg = Debug|Any CPU
		{B24889A4-2446-48F8-A99E-670A2D4FE3CB}.Debug|x64.Build.0 = Debug|Any CPU
		{B24889A4-2446-48F8-A99E-670A2D4FE3CB}.Debug|x86.ActiveCfg = Debug|Any CPU
		{B24889A4-2446-48F8-A99E-670A2D4FE3CB}.Release|Any CPU.ActiveCfg = Release|Any CPU
		{B24889A4-2446-48F8-A99E-670A2D4FE3CB}.Release|Any CPU.Build.0 = Release|Any CPU
		{B24889A4-2446-48F8-A99E-670A2D4FE3CB}.Release|x64.ActiveCfg = Release|Any CPU
		{B24889A4-2446-48F8-A99E-670A2D4FE3CB}.Release|x64.Build.0 = Release|Any CPU
		{B24889A4-2446-48F8-A99E-670A2D4FE3CB}.Release|x86.ActiveCfg = Release|Any CPU
		{B24889A4-2446-48F8-A99E-670A2D4FE3CB}.Release|x86.Build.0 = Release|Any CPU
		{58FC64F5-199D-42AD-8CA0-FC6B6CBFA680}.Debug|Any CPU.ActiveCfg = Debug|Any CPU
		{58FC64F5-199D-42AD-8CA0-FC6B6CBFA680}.Debug|Any CPU.Build.0 = Debug|Any CPU
		{58FC64F5-199D-42AD-8CA0-FC6B6CBFA680}.Debug|x64.ActiveCfg = Debug|Any CPU
		{58FC64F5-199D-42AD-8CA0-FC6B6CBFA680}.Debug|x64.Build.0 = Debug|Any CPU
		{58FC64F5-199D-42AD-8CA0-FC6B6CBFA680}.Debug|x86.ActiveCfg = Debug|Any CPU
		{58FC64F5-199D-42AD-8CA0-FC6B6CBFA680}.Release|Any CPU.ActiveCfg = Release|Any CPU
		{58FC64F5-199D-42AD-8CA0-FC6B6CBFA680}.Release|Any CPU.Build.0 = Release|Any CPU
		{58FC64F5-199D-42AD-8CA0-FC6B6CBFA680}.Release|x64.ActiveCfg = Release|Any CPU
		{58FC64F5-199D-42AD-8CA0-FC6B6CBFA680}.Release|x64.Build.0 = Release|Any CPU
		{58FC64F5-199D-42AD-8CA0-FC6B6CBFA680}.Release|x86.ActiveCfg = Release|Any CPU
		{58FC64F5-199D-42AD-8CA0-FC6B6CBFA680}.Release|x86.Build.0 = Release|Any CPU
		{74824146-2E98-4DA6-878C-846D918B4A37}.Debug|Any CPU.ActiveCfg = Debug|Any CPU
		{74824146-2E98-4DA6-878C-846D918B4A37}.Debug|Any CPU.Build.0 = Debug|Any CPU
		{74824146-2E98-4DA6-878C-846D918B4A37}.Debug|x64.ActiveCfg = Debug|Any CPU
		{74824146-2E98-4DA6-878C-846D918B4A37}.Debug|x64.Build.0 = Debug|Any CPU
		{74824146-2E98-4DA6-878C-846D918B4A37}.Debug|x86.ActiveCfg = Debug|Any CPU
		{74824146-2E98-4DA6-878C-846D918B4A37}.Release|Any CPU.ActiveCfg = Release|Any CPU
		{74824146-2E98-4DA6-878C-846D918B4A37}.Release|Any CPU.Build.0 = Release|Any CPU
		{74824146-2E98-4DA6-878C-846D918B4A37}.Release|x64.ActiveCfg = Release|Any CPU
		{74824146-2E98-4DA6-878C-846D918B4A37}.Release|x64.Build.0 = Release|Any CPU
		{74824146-2E98-4DA6-878C-846D918B4A37}.Release|x86.ActiveCfg = Release|Any CPU
		{74824146-2E98-4DA6-878C-846D918B4A37}.Release|x86.Build.0 = Release|Any CPU
		{091B2F54-A19D-426A-9B7A-6B9065685BA2}.Debug|Any CPU.ActiveCfg = Debug|Any CPU
		{091B2F54-A19D-426A-9B7A-6B9065685BA2}.Debug|Any CPU.Build.0 = Debug|Any CPU
		{091B2F54-A19D-426A-9B7A-6B9065685BA2}.Debug|x64.ActiveCfg = Debug|Any CPU
		{091B2F54-A19D-426A-9B7A-6B9065685BA2}.Debug|x64.Build.0 = Debug|Any CPU
		{091B2F54-A19D-426A-9B7A-6B9065685BA2}.Debug|x86.ActiveCfg = Debug|Any CPU
		{091B2F54-A19D-426A-9B7A-6B9065685BA2}.Release|Any CPU.ActiveCfg = Release|Any CPU
		{091B2F54-A19D-426A-9B7A-6B9065685BA2}.Release|Any CPU.Build.0 = Release|Any CPU
		{091B2F54-A19D-426A-9B7A-6B9065685BA2}.Release|x64.ActiveCfg = Release|Any CPU
		{091B2F54-A19D-426A-9B7A-6B9065685BA2}.Release|x64.Build.0 = Release|Any CPU
		{091B2F54-A19D-426A-9B7A-6B9065685BA2}.Release|x86.ActiveCfg = Release|Any CPU
		{091B2F54-A19D-426A-9B7A-6B9065685BA2}.Release|x86.Build.0 = Release|Any CPU
		{F8DEB6B8-C6C6-4870-92E0-79976082225C}.Debug|Any CPU.ActiveCfg = Debug|Any CPU
		{F8DEB6B8-C6C6-4870-92E0-79976082225C}.Debug|Any CPU.Build.0 = Debug|Any CPU
		{F8DEB6B8-C6C6-4870-92E0-79976082225C}.Debug|x64.ActiveCfg = Debug|Any CPU
		{F8DEB6B8-C6C6-4870-92E0-79976082225C}.Debug|x64.Build.0 = Debug|Any CPU
		{F8DEB6B8-C6C6-4870-92E0-79976082225C}.Debug|x86.ActiveCfg = Debug|Any CPU
		{F8DEB6B8-C6C6-4870-92E0-79976082225C}.Release|Any CPU.ActiveCfg = Release|Any CPU
		{F8DEB6B8-C6C6-4870-92E0-79976082225C}.Release|Any CPU.Build.0 = Release|Any CPU
		{F8DEB6B8-C6C6-4870-92E0-79976082225C}.Release|x64.ActiveCfg = Release|Any CPU
		{F8DEB6B8-C6C6-4870-92E0-79976082225C}.Release|x64.Build.0 = Release|Any CPU
		{F8DEB6B8-C6C6-4870-92E0-79976082225C}.Release|x86.ActiveCfg = Release|Any CPU
		{F8DEB6B8-C6C6-4870-92E0-79976082225C}.Release|x86.Build.0 = Release|Any CPU
		{E7E4DAAA-1B15-4730-AD70-9D60F3D7B294}.Debug|Any CPU.ActiveCfg = Debug|Any CPU
		{E7E4DAAA-1B15-4730-AD70-9D60F3D7B294}.Debug|Any CPU.Build.0 = Debug|Any CPU
		{E7E4DAAA-1B15-4730-AD70-9D60F3D7B294}.Debug|x64.ActiveCfg = Debug|Any CPU
		{E7E4DAAA-1B15-4730-AD70-9D60F3D7B294}.Debug|x64.Build.0 = Debug|Any CPU
		{E7E4DAAA-1B15-4730-AD70-9D60F3D7B294}.Debug|x86.ActiveCfg = Debug|Any CPU
		{E7E4DAAA-1B15-4730-AD70-9D60F3D7B294}.Release|Any CPU.ActiveCfg = Release|Any CPU
		{E7E4DAAA-1B15-4730-AD70-9D60F3D7B294}.Release|Any CPU.Build.0 = Release|Any CPU
		{E7E4DAAA-1B15-4730-AD70-9D60F3D7B294}.Release|x64.ActiveCfg = Release|Any CPU
		{E7E4DAAA-1B15-4730-AD70-9D60F3D7B294}.Release|x64.Build.0 = Release|Any CPU
		{E7E4DAAA-1B15-4730-AD70-9D60F3D7B294}.Release|x86.ActiveCfg = Release|Any CPU
		{E7E4DAAA-1B15-4730-AD70-9D60F3D7B294}.Release|x86.Build.0 = Release|Any CPU
		{A5221DAE-DD8A-403B-A1B7-82E84A6AE7E3}.Debug|Any CPU.ActiveCfg = Debug|Any CPU
		{A5221DAE-DD8A-403B-A1B7-82E84A6AE7E3}.Debug|Any CPU.Build.0 = Debug|Any CPU
		{A5221DAE-DD8A-403B-A1B7-82E84A6AE7E3}.Debug|x64.ActiveCfg = Debug|Any CPU
		{A5221DAE-DD8A-403B-A1B7-82E84A6AE7E3}.Debug|x64.Build.0 = Debug|Any CPU
		{A5221DAE-DD8A-403B-A1B7-82E84A6AE7E3}.Debug|x86.ActiveCfg = Debug|Any CPU
		{A5221DAE-DD8A-403B-A1B7-82E84A6AE7E3}.Release|Any CPU.ActiveCfg = Release|Any CPU
		{A5221DAE-DD8A-403B-A1B7-82E84A6AE7E3}.Release|Any CPU.Build.0 = Release|Any CPU
		{A5221DAE-DD8A-403B-A1B7-82E84A6AE7E3}.Release|x64.ActiveCfg = Release|Any CPU
		{A5221DAE-DD8A-403B-A1B7-82E84A6AE7E3}.Release|x64.Build.0 = Release|Any CPU
		{A5221DAE-DD8A-403B-A1B7-82E84A6AE7E3}.Release|x86.ActiveCfg = Release|Any CPU
		{A5221DAE-DD8A-403B-A1B7-82E84A6AE7E3}.Release|x86.Build.0 = Release|Any CPU
		{94070B1D-6DE4-4D45-B2B9-5DA09D0E15C9}.Debug|Any CPU.ActiveCfg = Debug|Any CPU
		{94070B1D-6DE4-4D45-B2B9-5DA09D0E15C9}.Debug|Any CPU.Build.0 = Debug|Any CPU
		{94070B1D-6DE4-4D45-B2B9-5DA09D0E15C9}.Debug|x64.ActiveCfg = Debug|Any CPU
		{94070B1D-6DE4-4D45-B2B9-5DA09D0E15C9}.Debug|x64.Build.0 = Debug|Any CPU
		{94070B1D-6DE4-4D45-B2B9-5DA09D0E15C9}.Debug|x86.ActiveCfg = Debug|Any CPU
		{94070B1D-6DE4-4D45-B2B9-5DA09D0E15C9}.Release|Any CPU.ActiveCfg = Release|Any CPU
		{94070B1D-6DE4-4D45-B2B9-5DA09D0E15C9}.Release|Any CPU.Build.0 = Release|Any CPU
		{94070B1D-6DE4-4D45-B2B9-5DA09D0E15C9}.Release|x64.ActiveCfg = Release|Any CPU
		{94070B1D-6DE4-4D45-B2B9-5DA09D0E15C9}.Release|x64.Build.0 = Release|Any CPU
		{94070B1D-6DE4-4D45-B2B9-5DA09D0E15C9}.Release|x86.ActiveCfg = Release|Any CPU
		{94070B1D-6DE4-4D45-B2B9-5DA09D0E15C9}.Release|x86.Build.0 = Release|Any CPU
		{862B5AC4-AC3F-48D7-937A-4E691204FF8B}.Debug|Any CPU.ActiveCfg = Debug|Any CPU
		{862B5AC4-AC3F-48D7-937A-4E691204FF8B}.Debug|Any CPU.Build.0 = Debug|Any CPU
		{862B5AC4-AC3F-48D7-937A-4E691204FF8B}.Debug|x64.ActiveCfg = Debug|Any CPU
		{862B5AC4-AC3F-48D7-937A-4E691204FF8B}.Debug|x64.Build.0 = Debug|Any CPU
		{862B5AC4-AC3F-48D7-937A-4E691204FF8B}.Debug|x86.ActiveCfg = Debug|Any CPU
		{862B5AC4-AC3F-48D7-937A-4E691204FF8B}.Release|Any CPU.ActiveCfg = Release|Any CPU
		{862B5AC4-AC3F-48D7-937A-4E691204FF8B}.Release|Any CPU.Build.0 = Release|Any CPU
		{862B5AC4-AC3F-48D7-937A-4E691204FF8B}.Release|x64.ActiveCfg = Release|Any CPU
		{862B5AC4-AC3F-48D7-937A-4E691204FF8B}.Release|x64.Build.0 = Release|Any CPU
		{862B5AC4-AC3F-48D7-937A-4E691204FF8B}.Release|x86.ActiveCfg = Release|Any CPU
		{862B5AC4-AC3F-48D7-937A-4E691204FF8B}.Release|x86.Build.0 = Release|Any CPU
		{F77C6154-11B1-474F-97FB-F1FB43E5264C}.Debug|Any CPU.ActiveCfg = Debug|Any CPU
		{F77C6154-11B1-474F-97FB-F1FB43E5264C}.Debug|Any CPU.Build.0 = Debug|Any CPU
		{F77C6154-11B1-474F-97FB-F1FB43E5264C}.Debug|x64.ActiveCfg = Debug|Any CPU
		{F77C6154-11B1-474F-97FB-F1FB43E5264C}.Debug|x64.Build.0 = Debug|Any CPU
		{F77C6154-11B1-474F-97FB-F1FB43E5264C}.Debug|x86.ActiveCfg = Debug|Any CPU
		{F77C6154-11B1-474F-97FB-F1FB43E5264C}.Release|Any CPU.ActiveCfg = Release|Any CPU
		{F77C6154-11B1-474F-97FB-F1FB43E5264C}.Release|Any CPU.Build.0 = Release|Any CPU
		{F77C6154-11B1-474F-97FB-F1FB43E5264C}.Release|x64.ActiveCfg = Release|Any CPU
		{F77C6154-11B1-474F-97FB-F1FB43E5264C}.Release|x64.Build.0 = Release|Any CPU
		{F77C6154-11B1-474F-97FB-F1FB43E5264C}.Release|x86.ActiveCfg = Release|Any CPU
		{F77C6154-11B1-474F-97FB-F1FB43E5264C}.Release|x86.Build.0 = Release|Any CPU
		{01BD8C0C-F391-420E-AD74-6C1CA3584C17}.Debug|Any CPU.ActiveCfg = Debug|Any CPU
		{01BD8C0C-F391-420E-AD74-6C1CA3584C17}.Debug|Any CPU.Build.0 = Debug|Any CPU
		{01BD8C0C-F391-420E-AD74-6C1CA3584C17}.Debug|x64.ActiveCfg = Debug|Any CPU
		{01BD8C0C-F391-420E-AD74-6C1CA3584C17}.Debug|x64.Build.0 = Debug|Any CPU
		{01BD8C0C-F391-420E-AD74-6C1CA3584C17}.Debug|x86.ActiveCfg = Debug|Any CPU
		{01BD8C0C-F391-420E-AD74-6C1CA3584C17}.Release|Any CPU.ActiveCfg = Release|Any CPU
		{01BD8C0C-F391-420E-AD74-6C1CA3584C17}.Release|Any CPU.Build.0 = Release|Any CPU
		{01BD8C0C-F391-420E-AD74-6C1CA3584C17}.Release|x64.ActiveCfg = Release|Any CPU
		{01BD8C0C-F391-420E-AD74-6C1CA3584C17}.Release|x64.Build.0 = Release|Any CPU
		{01BD8C0C-F391-420E-AD74-6C1CA3584C17}.Release|x86.ActiveCfg = Release|Any CPU
		{01BD8C0C-F391-420E-AD74-6C1CA3584C17}.Release|x86.Build.0 = Release|Any CPU
		{82E7EF28-DE2A-4B89-A70A-62F21BD08C59}.Debug|Any CPU.ActiveCfg = Debug|Any CPU
		{82E7EF28-DE2A-4B89-A70A-62F21BD08C59}.Debug|Any CPU.Build.0 = Debug|Any CPU
		{82E7EF28-DE2A-4B89-A70A-62F21BD08C59}.Debug|x64.ActiveCfg = Debug|Any CPU
		{82E7EF28-DE2A-4B89-A70A-62F21BD08C59}.Debug|x64.Build.0 = Debug|Any CPU
		{82E7EF28-DE2A-4B89-A70A-62F21BD08C59}.Debug|x86.ActiveCfg = Debug|Any CPU
		{82E7EF28-DE2A-4B89-A70A-62F21BD08C59}.Release|Any CPU.ActiveCfg = Release|Any CPU
		{82E7EF28-DE2A-4B89-A70A-62F21BD08C59}.Release|Any CPU.Build.0 = Release|Any CPU
		{82E7EF28-DE2A-4B89-A70A-62F21BD08C59}.Release|x64.ActiveCfg = Release|Any CPU
		{82E7EF28-DE2A-4B89-A70A-62F21BD08C59}.Release|x64.Build.0 = Release|Any CPU
		{82E7EF28-DE2A-4B89-A70A-62F21BD08C59}.Release|x86.ActiveCfg = Release|Any CPU
		{82E7EF28-DE2A-4B89-A70A-62F21BD08C59}.Release|x86.Build.0 = Release|Any CPU
		{A4CAAAE3-27E3-4963-8B80-7C5600B71B02}.Debug|Any CPU.ActiveCfg = Debug|Any CPU
		{A4CAAAE3-27E3-4963-8B80-7C5600B71B02}.Debug|Any CPU.Build.0 = Debug|Any CPU
		{A4CAAAE3-27E3-4963-8B80-7C5600B71B02}.Debug|x64.ActiveCfg = Debug|Any CPU
		{A4CAAAE3-27E3-4963-8B80-7C5600B71B02}.Debug|x64.Build.0 = Debug|Any CPU
		{A4CAAAE3-27E3-4963-8B80-7C5600B71B02}.Debug|x86.ActiveCfg = Debug|Any CPU
		{A4CAAAE3-27E3-4963-8B80-7C5600B71B02}.Release|Any CPU.ActiveCfg = Release|Any CPU
		{A4CAAAE3-27E3-4963-8B80-7C5600B71B02}.Release|Any CPU.Build.0 = Release|Any CPU
		{A4CAAAE3-27E3-4963-8B80-7C5600B71B02}.Release|x64.ActiveCfg = Release|Any CPU
		{A4CAAAE3-27E3-4963-8B80-7C5600B71B02}.Release|x64.Build.0 = Release|Any CPU
		{A4CAAAE3-27E3-4963-8B80-7C5600B71B02}.Release|x86.ActiveCfg = Release|Any CPU
		{A4CAAAE3-27E3-4963-8B80-7C5600B71B02}.Release|x86.Build.0 = Release|Any CPU
		{1E86B42B-0238-4F08-803E-B4412D7C6EE2}.Debug|Any CPU.ActiveCfg = Debug|Any CPU
		{1E86B42B-0238-4F08-803E-B4412D7C6EE2}.Debug|Any CPU.Build.0 = Debug|Any CPU
		{1E86B42B-0238-4F08-803E-B4412D7C6EE2}.Debug|x64.ActiveCfg = Debug|Any CPU
		{1E86B42B-0238-4F08-803E-B4412D7C6EE2}.Debug|x64.Build.0 = Debug|Any CPU
		{1E86B42B-0238-4F08-803E-B4412D7C6EE2}.Debug|x86.ActiveCfg = Debug|Any CPU
		{1E86B42B-0238-4F08-803E-B4412D7C6EE2}.Debug|x86.Build.0 = Debug|Any CPU
		{1E86B42B-0238-4F08-803E-B4412D7C6EE2}.Release|Any CPU.ActiveCfg = Release|Any CPU
		{1E86B42B-0238-4F08-803E-B4412D7C6EE2}.Release|Any CPU.Build.0 = Release|Any CPU
		{1E86B42B-0238-4F08-803E-B4412D7C6EE2}.Release|x64.ActiveCfg = Release|Any CPU
		{1E86B42B-0238-4F08-803E-B4412D7C6EE2}.Release|x64.Build.0 = Release|Any CPU
		{1E86B42B-0238-4F08-803E-B4412D7C6EE2}.Release|x86.ActiveCfg = Release|Any CPU
		{1E86B42B-0238-4F08-803E-B4412D7C6EE2}.Release|x86.Build.0 = Release|Any CPU
		{439C07DD-00A3-4253-8FCC-20A9B36CB413}.Debug|Any CPU.ActiveCfg = Debug|Any CPU
		{439C07DD-00A3-4253-8FCC-20A9B36CB413}.Debug|Any CPU.Build.0 = Debug|Any CPU
		{439C07DD-00A3-4253-8FCC-20A9B36CB413}.Debug|x64.ActiveCfg = Debug|Any CPU
		{439C07DD-00A3-4253-8FCC-20A9B36CB413}.Debug|x64.Build.0 = Debug|Any CPU
		{439C07DD-00A3-4253-8FCC-20A9B36CB413}.Debug|x86.ActiveCfg = Debug|Any CPU
		{439C07DD-00A3-4253-8FCC-20A9B36CB413}.Debug|x86.Build.0 = Debug|Any CPU
		{439C07DD-00A3-4253-8FCC-20A9B36CB413}.Release|Any CPU.ActiveCfg = Release|Any CPU
		{439C07DD-00A3-4253-8FCC-20A9B36CB413}.Release|Any CPU.Build.0 = Release|Any CPU
		{439C07DD-00A3-4253-8FCC-20A9B36CB413}.Release|x64.ActiveCfg = Release|Any CPU
		{439C07DD-00A3-4253-8FCC-20A9B36CB413}.Release|x64.Build.0 = Release|Any CPU
		{439C07DD-00A3-4253-8FCC-20A9B36CB413}.Release|x86.ActiveCfg = Release|Any CPU
		{439C07DD-00A3-4253-8FCC-20A9B36CB413}.Release|x86.Build.0 = Release|Any CPU
		{07890424-48FD-4D57-B83C-E200028DDA5E}.Debug|Any CPU.ActiveCfg = Debug|Any CPU
		{07890424-48FD-4D57-B83C-E200028DDA5E}.Debug|Any CPU.Build.0 = Debug|Any CPU
		{07890424-48FD-4D57-B83C-E200028DDA5E}.Debug|x64.ActiveCfg = Debug|Any CPU
		{07890424-48FD-4D57-B83C-E200028DDA5E}.Debug|x64.Build.0 = Debug|Any CPU
		{07890424-48FD-4D57-B83C-E200028DDA5E}.Debug|x86.ActiveCfg = Debug|Any CPU
		{07890424-48FD-4D57-B83C-E200028DDA5E}.Debug|x86.Build.0 = Debug|Any CPU
		{07890424-48FD-4D57-B83C-E200028DDA5E}.Release|Any CPU.ActiveCfg = Release|Any CPU
		{07890424-48FD-4D57-B83C-E200028DDA5E}.Release|Any CPU.Build.0 = Release|Any CPU
		{07890424-48FD-4D57-B83C-E200028DDA5E}.Release|x64.ActiveCfg = Release|Any CPU
		{07890424-48FD-4D57-B83C-E200028DDA5E}.Release|x64.Build.0 = Release|Any CPU
		{07890424-48FD-4D57-B83C-E200028DDA5E}.Release|x86.ActiveCfg = Release|Any CPU
		{07890424-48FD-4D57-B83C-E200028DDA5E}.Release|x86.Build.0 = Release|Any CPU
		{AE1D5E9C-7E5E-480C-BE3E-24F472420B83}.Debug|Any CPU.ActiveCfg = Debug|Any CPU
		{AE1D5E9C-7E5E-480C-BE3E-24F472420B83}.Debug|Any CPU.Build.0 = Debug|Any CPU
		{AE1D5E9C-7E5E-480C-BE3E-24F472420B83}.Debug|x64.ActiveCfg = Debug|Any CPU
		{AE1D5E9C-7E5E-480C-BE3E-24F472420B83}.Debug|x64.Build.0 = Debug|Any CPU
		{AE1D5E9C-7E5E-480C-BE3E-24F472420B83}.Debug|x86.ActiveCfg = Debug|Any CPU
		{AE1D5E9C-7E5E-480C-BE3E-24F472420B83}.Debug|x86.Build.0 = Debug|Any CPU
		{AE1D5E9C-7E5E-480C-BE3E-24F472420B83}.Release|Any CPU.ActiveCfg = Release|Any CPU
		{AE1D5E9C-7E5E-480C-BE3E-24F472420B83}.Release|Any CPU.Build.0 = Release|Any CPU
		{AE1D5E9C-7E5E-480C-BE3E-24F472420B83}.Release|x64.ActiveCfg = Release|Any CPU
		{AE1D5E9C-7E5E-480C-BE3E-24F472420B83}.Release|x64.Build.0 = Release|Any CPU
		{AE1D5E9C-7E5E-480C-BE3E-24F472420B83}.Release|x86.ActiveCfg = Release|Any CPU
		{AE1D5E9C-7E5E-480C-BE3E-24F472420B83}.Release|x86.Build.0 = Release|Any CPU
		{14569DD3-5250-4CDB-998E-198BFD548113}.Debug|Any CPU.ActiveCfg = Debug|Any CPU
		{14569DD3-5250-4CDB-998E-198BFD548113}.Debug|Any CPU.Build.0 = Debug|Any CPU
		{14569DD3-5250-4CDB-998E-198BFD548113}.Debug|x64.ActiveCfg = Debug|x64
		{14569DD3-5250-4CDB-998E-198BFD548113}.Debug|x64.Build.0 = Debug|x64
		{14569DD3-5250-4CDB-998E-198BFD548113}.Debug|x86.ActiveCfg = Debug|x86
		{14569DD3-5250-4CDB-998E-198BFD548113}.Debug|x86.Build.0 = Debug|x86
		{14569DD3-5250-4CDB-998E-198BFD548113}.Release|Any CPU.ActiveCfg = Release|Any CPU
		{14569DD3-5250-4CDB-998E-198BFD548113}.Release|Any CPU.Build.0 = Release|Any CPU
		{14569DD3-5250-4CDB-998E-198BFD548113}.Release|x64.ActiveCfg = Release|x64
		{14569DD3-5250-4CDB-998E-198BFD548113}.Release|x64.Build.0 = Release|x64
		{14569DD3-5250-4CDB-998E-198BFD548113}.Release|x86.ActiveCfg = Release|x86
		{14569DD3-5250-4CDB-998E-198BFD548113}.Release|x86.Build.0 = Release|x86
		{89E8C070-4694-4F11-AB01-A674BF8B9F80}.Debug|Any CPU.ActiveCfg = Debug|Any CPU
		{89E8C070-4694-4F11-AB01-A674BF8B9F80}.Debug|Any CPU.Build.0 = Debug|Any CPU
		{89E8C070-4694-4F11-AB01-A674BF8B9F80}.Debug|x64.ActiveCfg = Debug|x64
		{89E8C070-4694-4F11-AB01-A674BF8B9F80}.Debug|x64.Build.0 = Debug|x64
		{89E8C070-4694-4F11-AB01-A674BF8B9F80}.Debug|x86.ActiveCfg = Debug|x86
		{89E8C070-4694-4F11-AB01-A674BF8B9F80}.Debug|x86.Build.0 = Debug|x86
		{89E8C070-4694-4F11-AB01-A674BF8B9F80}.Release|Any CPU.ActiveCfg = Release|Any CPU
		{89E8C070-4694-4F11-AB01-A674BF8B9F80}.Release|Any CPU.Build.0 = Release|Any CPU
		{89E8C070-4694-4F11-AB01-A674BF8B9F80}.Release|x64.ActiveCfg = Release|x64
		{89E8C070-4694-4F11-AB01-A674BF8B9F80}.Release|x64.Build.0 = Release|x64
		{89E8C070-4694-4F11-AB01-A674BF8B9F80}.Release|x86.ActiveCfg = Release|x86
		{89E8C070-4694-4F11-AB01-A674BF8B9F80}.Release|x86.Build.0 = Release|x86
		{BD9F1B1F-4BE5-463F-850F-21A87668DC33}.Debug|Any CPU.ActiveCfg = Debug|Any CPU
		{BD9F1B1F-4BE5-463F-850F-21A87668DC33}.Debug|Any CPU.Build.0 = Debug|Any CPU
		{BD9F1B1F-4BE5-463F-850F-21A87668DC33}.Debug|x64.ActiveCfg = Debug|Any CPU
		{BD9F1B1F-4BE5-463F-850F-21A87668DC33}.Debug|x64.Build.0 = Debug|Any CPU
		{BD9F1B1F-4BE5-463F-850F-21A87668DC33}.Debug|x86.ActiveCfg = Debug|Any CPU
		{BD9F1B1F-4BE5-463F-850F-21A87668DC33}.Debug|x86.Build.0 = Debug|Any CPU
		{BD9F1B1F-4BE5-463F-850F-21A87668DC33}.Release|Any CPU.ActiveCfg = Release|Any CPU
		{BD9F1B1F-4BE5-463F-850F-21A87668DC33}.Release|Any CPU.Build.0 = Release|Any CPU
		{BD9F1B1F-4BE5-463F-850F-21A87668DC33}.Release|x64.ActiveCfg = Release|Any CPU
		{BD9F1B1F-4BE5-463F-850F-21A87668DC33}.Release|x64.Build.0 = Release|Any CPU
		{BD9F1B1F-4BE5-463F-850F-21A87668DC33}.Release|x86.ActiveCfg = Release|Any CPU
		{BD9F1B1F-4BE5-463F-850F-21A87668DC33}.Release|x86.Build.0 = Release|Any CPU
		{DCD07EDA-015D-49CB-A3F0-855BC143440F}.Debug|Any CPU.ActiveCfg = Debug|Any CPU
		{DCD07EDA-015D-49CB-A3F0-855BC143440F}.Debug|Any CPU.Build.0 = Debug|Any CPU
		{DCD07EDA-015D-49CB-A3F0-855BC143440F}.Debug|x64.ActiveCfg = Debug|x64
		{DCD07EDA-015D-49CB-A3F0-855BC143440F}.Debug|x64.Build.0 = Debug|x64
		{DCD07EDA-015D-49CB-A3F0-855BC143440F}.Debug|x86.ActiveCfg = Debug|x86
		{DCD07EDA-015D-49CB-A3F0-855BC143440F}.Debug|x86.Build.0 = Debug|x86
		{DCD07EDA-015D-49CB-A3F0-855BC143440F}.Release|Any CPU.ActiveCfg = Release|Any CPU
		{DCD07EDA-015D-49CB-A3F0-855BC143440F}.Release|Any CPU.Build.0 = Release|Any CPU
		{DCD07EDA-015D-49CB-A3F0-855BC143440F}.Release|x64.ActiveCfg = Release|x64
		{DCD07EDA-015D-49CB-A3F0-855BC143440F}.Release|x64.Build.0 = Release|x64
		{DCD07EDA-015D-49CB-A3F0-855BC143440F}.Release|x86.ActiveCfg = Release|x86
		{DCD07EDA-015D-49CB-A3F0-855BC143440F}.Release|x86.Build.0 = Release|x86
		{C6FA07CB-2E79-475C-B67D-0DB642D8D6CF}.Debug|Any CPU.ActiveCfg = Debug|Any CPU
		{C6FA07CB-2E79-475C-B67D-0DB642D8D6CF}.Debug|Any CPU.Build.0 = Debug|Any CPU
		{C6FA07CB-2E79-475C-B67D-0DB642D8D6CF}.Debug|x64.ActiveCfg = Debug|Any CPU
		{C6FA07CB-2E79-475C-B67D-0DB642D8D6CF}.Debug|x64.Build.0 = Debug|Any CPU
		{C6FA07CB-2E79-475C-B67D-0DB642D8D6CF}.Debug|x86.ActiveCfg = Debug|Any CPU
		{C6FA07CB-2E79-475C-B67D-0DB642D8D6CF}.Debug|x86.Build.0 = Debug|Any CPU
		{C6FA07CB-2E79-475C-B67D-0DB642D8D6CF}.Release|Any CPU.ActiveCfg = Release|Any CPU
		{C6FA07CB-2E79-475C-B67D-0DB642D8D6CF}.Release|Any CPU.Build.0 = Release|Any CPU
		{C6FA07CB-2E79-475C-B67D-0DB642D8D6CF}.Release|x64.ActiveCfg = Release|Any CPU
		{C6FA07CB-2E79-475C-B67D-0DB642D8D6CF}.Release|x64.Build.0 = Release|Any CPU
		{C6FA07CB-2E79-475C-B67D-0DB642D8D6CF}.Release|x86.ActiveCfg = Release|Any CPU
		{C6FA07CB-2E79-475C-B67D-0DB642D8D6CF}.Release|x86.Build.0 = Release|Any CPU
		{64C6227A-1171-4F03-BAA5-5B76D4B4C7F1}.Debug|Any CPU.ActiveCfg = Debug|Any CPU
		{64C6227A-1171-4F03-BAA5-5B76D4B4C7F1}.Debug|Any CPU.Build.0 = Debug|Any CPU
		{64C6227A-1171-4F03-BAA5-5B76D4B4C7F1}.Debug|x64.ActiveCfg = Debug|Any CPU
		{64C6227A-1171-4F03-BAA5-5B76D4B4C7F1}.Debug|x64.Build.0 = Debug|Any CPU
		{64C6227A-1171-4F03-BAA5-5B76D4B4C7F1}.Debug|x86.ActiveCfg = Debug|Any CPU
		{64C6227A-1171-4F03-BAA5-5B76D4B4C7F1}.Debug|x86.Build.0 = Debug|Any CPU
		{64C6227A-1171-4F03-BAA5-5B76D4B4C7F1}.Release|Any CPU.ActiveCfg = Release|Any CPU
		{64C6227A-1171-4F03-BAA5-5B76D4B4C7F1}.Release|Any CPU.Build.0 = Release|Any CPU
		{64C6227A-1171-4F03-BAA5-5B76D4B4C7F1}.Release|x64.ActiveCfg = Release|Any CPU
		{64C6227A-1171-4F03-BAA5-5B76D4B4C7F1}.Release|x64.Build.0 = Release|Any CPU
		{64C6227A-1171-4F03-BAA5-5B76D4B4C7F1}.Release|x86.ActiveCfg = Release|Any CPU
		{64C6227A-1171-4F03-BAA5-5B76D4B4C7F1}.Release|x86.Build.0 = Release|Any CPU
		{E5296763-F051-4096-AED2-21FFB91904EB}.Debug|Any CPU.ActiveCfg = Debug|Any CPU
		{E5296763-F051-4096-AED2-21FFB91904EB}.Debug|Any CPU.Build.0 = Debug|Any CPU
		{E5296763-F051-4096-AED2-21FFB91904EB}.Debug|x64.ActiveCfg = Debug|Any CPU
		{E5296763-F051-4096-AED2-21FFB91904EB}.Debug|x64.Build.0 = Debug|Any CPU
		{E5296763-F051-4096-AED2-21FFB91904EB}.Debug|x86.ActiveCfg = Debug|Any CPU
		{E5296763-F051-4096-AED2-21FFB91904EB}.Debug|x86.Build.0 = Debug|Any CPU
		{E5296763-F051-4096-AED2-21FFB91904EB}.Release|Any CPU.ActiveCfg = Release|Any CPU
		{E5296763-F051-4096-AED2-21FFB91904EB}.Release|Any CPU.Build.0 = Release|Any CPU
		{E5296763-F051-4096-AED2-21FFB91904EB}.Release|x64.ActiveCfg = Release|Any CPU
		{E5296763-F051-4096-AED2-21FFB91904EB}.Release|x64.Build.0 = Release|Any CPU
		{E5296763-F051-4096-AED2-21FFB91904EB}.Release|x86.ActiveCfg = Release|Any CPU
		{E5296763-F051-4096-AED2-21FFB91904EB}.Release|x86.Build.0 = Release|Any CPU
		{D604F632-5978-4E60-BB6A-F858ED1EDFA1}.Debug|Any CPU.ActiveCfg = Debug|Any CPU
		{D604F632-5978-4E60-BB6A-F858ED1EDFA1}.Debug|Any CPU.Build.0 = Debug|Any CPU
		{D604F632-5978-4E60-BB6A-F858ED1EDFA1}.Debug|x64.ActiveCfg = Debug|Any CPU
		{D604F632-5978-4E60-BB6A-F858ED1EDFA1}.Debug|x64.Build.0 = Debug|Any CPU
		{D604F632-5978-4E60-BB6A-F858ED1EDFA1}.Debug|x86.ActiveCfg = Debug|Any CPU
		{D604F632-5978-4E60-BB6A-F858ED1EDFA1}.Debug|x86.Build.0 = Debug|Any CPU
		{D604F632-5978-4E60-BB6A-F858ED1EDFA1}.Release|Any CPU.ActiveCfg = Release|Any CPU
		{D604F632-5978-4E60-BB6A-F858ED1EDFA1}.Release|Any CPU.Build.0 = Release|Any CPU
		{D604F632-5978-4E60-BB6A-F858ED1EDFA1}.Release|x64.ActiveCfg = Release|Any CPU
		{D604F632-5978-4E60-BB6A-F858ED1EDFA1}.Release|x64.Build.0 = Release|Any CPU
		{D604F632-5978-4E60-BB6A-F858ED1EDFA1}.Release|x86.ActiveCfg = Release|Any CPU
		{D604F632-5978-4E60-BB6A-F858ED1EDFA1}.Release|x86.Build.0 = Release|Any CPU
		{850C6EBA-F251-4277-A0B4-94C4DC6A5AA7}.Debug|Any CPU.ActiveCfg = Debug|Any CPU
		{850C6EBA-F251-4277-A0B4-94C4DC6A5AA7}.Debug|Any CPU.Build.0 = Debug|Any CPU
		{850C6EBA-F251-4277-A0B4-94C4DC6A5AA7}.Debug|x64.ActiveCfg = Debug|Any CPU
		{850C6EBA-F251-4277-A0B4-94C4DC6A5AA7}.Debug|x64.Build.0 = Debug|Any CPU
		{850C6EBA-F251-4277-A0B4-94C4DC6A5AA7}.Debug|x86.ActiveCfg = Debug|Any CPU
		{850C6EBA-F251-4277-A0B4-94C4DC6A5AA7}.Debug|x86.Build.0 = Debug|Any CPU
		{850C6EBA-F251-4277-A0B4-94C4DC6A5AA7}.Release|Any CPU.ActiveCfg = Release|Any CPU
		{850C6EBA-F251-4277-A0B4-94C4DC6A5AA7}.Release|Any CPU.Build.0 = Release|Any CPU
		{850C6EBA-F251-4277-A0B4-94C4DC6A5AA7}.Release|x64.ActiveCfg = Release|Any CPU
		{850C6EBA-F251-4277-A0B4-94C4DC6A5AA7}.Release|x64.Build.0 = Release|Any CPU
		{850C6EBA-F251-4277-A0B4-94C4DC6A5AA7}.Release|x86.ActiveCfg = Release|Any CPU
		{850C6EBA-F251-4277-A0B4-94C4DC6A5AA7}.Release|x86.Build.0 = Release|Any CPU
		{F442B4D9-FBBE-4917-A546-2EB0F66FA086}.Debug|Any CPU.ActiveCfg = Debug|Any CPU
		{F442B4D9-FBBE-4917-A546-2EB0F66FA086}.Debug|Any CPU.Build.0 = Debug|Any CPU
		{F442B4D9-FBBE-4917-A546-2EB0F66FA086}.Debug|x64.ActiveCfg = Debug|Any CPU
		{F442B4D9-FBBE-4917-A546-2EB0F66FA086}.Debug|x64.Build.0 = Debug|Any CPU
		{F442B4D9-FBBE-4917-A546-2EB0F66FA086}.Debug|x86.ActiveCfg = Debug|Any CPU
		{F442B4D9-FBBE-4917-A546-2EB0F66FA086}.Debug|x86.Build.0 = Debug|Any CPU
		{F442B4D9-FBBE-4917-A546-2EB0F66FA086}.Release|Any CPU.ActiveCfg = Release|Any CPU
		{F442B4D9-FBBE-4917-A546-2EB0F66FA086}.Release|Any CPU.Build.0 = Release|Any CPU
		{F442B4D9-FBBE-4917-A546-2EB0F66FA086}.Release|x64.ActiveCfg = Release|Any CPU
		{F442B4D9-FBBE-4917-A546-2EB0F66FA086}.Release|x64.Build.0 = Release|Any CPU
		{F442B4D9-FBBE-4917-A546-2EB0F66FA086}.Release|x86.ActiveCfg = Release|Any CPU
		{F442B4D9-FBBE-4917-A546-2EB0F66FA086}.Release|x86.Build.0 = Release|Any CPU
		{731C0DCC-5C42-4A82-8AF9-BB38127A292F}.Debug|Any CPU.ActiveCfg = Debug|Any CPU
		{731C0DCC-5C42-4A82-8AF9-BB38127A292F}.Debug|Any CPU.Build.0 = Debug|Any CPU
		{731C0DCC-5C42-4A82-8AF9-BB38127A292F}.Debug|x64.ActiveCfg = Debug|Any CPU
		{731C0DCC-5C42-4A82-8AF9-BB38127A292F}.Debug|x64.Build.0 = Debug|Any CPU
		{731C0DCC-5C42-4A82-8AF9-BB38127A292F}.Debug|x86.ActiveCfg = Debug|Any CPU
		{731C0DCC-5C42-4A82-8AF9-BB38127A292F}.Debug|x86.Build.0 = Debug|Any CPU
		{731C0DCC-5C42-4A82-8AF9-BB38127A292F}.Release|Any CPU.ActiveCfg = Release|Any CPU
		{731C0DCC-5C42-4A82-8AF9-BB38127A292F}.Release|Any CPU.Build.0 = Release|Any CPU
		{731C0DCC-5C42-4A82-8AF9-BB38127A292F}.Release|x64.ActiveCfg = Release|Any CPU
		{731C0DCC-5C42-4A82-8AF9-BB38127A292F}.Release|x64.Build.0 = Release|Any CPU
		{731C0DCC-5C42-4A82-8AF9-BB38127A292F}.Release|x86.ActiveCfg = Release|Any CPU
		{731C0DCC-5C42-4A82-8AF9-BB38127A292F}.Release|x86.Build.0 = Release|Any CPU
	EndGlobalSection
	GlobalSection(SolutionProperties) = preSolution
		HideSolutionNode = FALSE
	EndGlobalSection
	GlobalSection(ExtensibilityGlobals) = postSolution
		SolutionGuid = {54606F06-5C5B-4A4D-903B-F1B3749D14C5}
	EndGlobalSection
EndGlobal
