
Microsoft Visual Studio Solution File, Format Version 10.00
# Visual Studio 2008
Project("{FAE04EC0-301F-11D3-BF4B-00C04F79EFBC}") = "MST_W", "TERMINAL\MST_W\MST_W.csproj", "{EA4A33DB-764E-4F7F-A555-414508FD8476}"
	ProjectSection(ProjectDependencies) = postProject
		{4E529B29-95EC-4355-9F87-281146BCEAD6} = {4E529B29-95EC-4355-9F87-281146BCEAD6}
		{2BA4642A-B940-496A-8416-F1CA8F6EE6DA} = {2BA4642A-B940-496A-8416-F1CA8F6EE6DA}
		{7710D445-F7B4-41DA-9EFB-2024D52927A6} = {7710D445-F7B4-41DA-9EFB-2024D52927A6}
		{36F6CC6F-8CE0-4AB3-8380-F973B9899DF3} = {36F6CC6F-8CE0-4AB3-8380-F973B9899DF3}
		{FCF0FBB7-74E9-4F99-9F3D-34631CF78B5D} = {FCF0FBB7-74E9-4F99-9F3D-34631CF78B5D}
		{59DE9DBB-F85B-4ED8-A2BA-FA34D0D9F980} = {59DE9DBB-F85B-4ED8-A2BA-FA34D0D9F980}
		{0005AABE-50B6-40B6-9C83-011FD5C4378E} = {0005AABE-50B6-40B6-9C83-011FD5C4378E}
	EndProjectSection
EndProject
Project("{B900F1C2-3D47-4FEC-85B3-04AAF18C3634}") = "MST_W_Install", "TERMINAL\MST_W_Install\MST_W_Install.vddproj", "{AE296A80-CEBE-438D-8D98-460935E07EDA}"
EndProject
Project("{FAE04EC0-301F-11D3-BF4B-00C04F79EFBC}") = "Fask.Graphic", "TERMINAL\Fask.Graphics\Fask.Graphic.csproj", "{0CEB12E9-FDF8-4E05-975A-53B69EDF0BDA}"
EndProject
Project("{FAE04EC0-301F-11D3-BF4B-00C04F79EFBC}") = "Fask.Encryption", "TERMINAL\Fask.Encryption\Fask.Encryption.csproj", "{CF1C2234-76AD-4506-A0C4-C3038D74F6A1}"
EndProject
Project("{FAE04EC0-301F-11D3-BF4B-00C04F79EFBC}") = "Fask.Configuration", "TERMINAL\Fask.IConfiguration\Fask.Configuration.csproj", "{2BA4642A-B940-496A-8416-F1CA8F6EE6DA}"
EndProject
Project("{FAE04EC0-301F-11D3-BF4B-00C04F79EFBC}") = "Fask.ModuleProvider", "TERMINAL\Fask.IModuleProvider\Fask.ModuleProvider.csproj", "{D60963CD-5950-41FB-8EA4-ADBBD36C0193}"
EndProject
Project("{FAE04EC0-301F-11D3-BF4B-00C04F79EFBC}") = "Fask.ScannerFactory", "TERMINAL\Fask.ScannerFactory\Fask.ScannerFactory.csproj", "{4579923C-50D1-4A97-BD63-77BAD0128BBF}"
EndProject
Project("{FAE04EC0-301F-11D3-BF4B-00C04F79EFBC}") = "Fask.ScannerProvider", "TERMINAL\Fask.ScannerProvider\Fask.ScannerProvider.csproj", "{8D2F2967-918A-4581-B70F-EDA216A12F17}"
EndProject
Project("{FAE04EC0-301F-11D3-BF4B-00C04F79EFBC}") = "Fask.ScannerProviderMC3090", "TERMINAL\Fask.ScannerProviderMC3090\Fask.ScannerProviderMC3090.csproj", "{59DE9DBB-F85B-4ED8-A2BA-FA34D0D9F980}"
EndProject
Project("{FAE04EC0-301F-11D3-BF4B-00C04F79EFBC}") = "Fask.ScannerProviderHT660", "TERMINAL\Fask.ScannerProviderHT660\Fask.ScannerProviderHT660.csproj", "{36F6CC6F-8CE0-4AB3-8380-F973B9899DF3}"
EndProject
Project("{FAE04EC0-301F-11D3-BF4B-00C04F79EFBC}") = "Fask.ScannerProviderSerialPort", "TERMINAL\Fask.ScannerProviderSerialPort\Fask.ScannerProviderSerialPort.csproj", "{4E529B29-95EC-4355-9F87-281146BCEAD6}"
EndProject
Project("{FAE04EC0-301F-11D3-BF4B-00C04F79EFBC}") = "Fask.ScannerProviderPT8800", "TERMINAL\Fask.ScannerProviderPT8800\Fask.ScannerProviderPT8800.csproj", "{7710D445-F7B4-41DA-9EFB-2024D52927A6}"
EndProject
Project("{FAE04EC0-301F-11D3-BF4B-00C04F79EFBC}") = "Fask.ScannerProviderTT8000", "TERMINAL\Fask.ScannerProviderTT8000\Fask.ScannerProviderTT8000.csproj", "{FCF0FBB7-74E9-4F99-9F3D-34631CF78B5D}"
EndProject
Project("{F184B08F-C81C-45F6-A57F-5ABD9991F28F}") = "ColorPicker", "TERMINAL\Fask.ColorPicker\ColorPicker.vbproj", "{263834B5-FA23-4757-8F94-C97D35420587}"
EndProject
Project("{FAE04EC0-301F-11D3-BF4B-00C04F79EFBC}") = "Fask.Module.Inside", "TERMINAL\MST_W_Modules\Fask.Module.Inside\Fask.Module.Inside.csproj", "{B13C7D57-66D1-4CDB-83D7-796C9A98FE22}"
EndProject
Project("{FAE04EC0-301F-11D3-BF4B-00C04F79EFBC}") = "Fask.Module.Zbozi", "TERMINAL\MST_W_Modules\Fask.Module.Zbozi\Fask.Module.Zbozi.csproj", "{3E2A09F7-8067-4ABC-A87D-3DEBEDEF2646}"
EndProject
Project("{FAE04EC0-301F-11D3-BF4B-00C04F79EFBC}") = "Fask.ScannerProviderPSION", "TERMINAL\Fask.ScannerProviderPSION\Fask.ScannerProviderPSION.csproj", "{0005AABE-50B6-40B6-9C83-011FD5C4378E}"
EndProject
Project("{FAE04EC0-301F-11D3-BF4B-00C04F79EFBC}") = "Fask.Module.MTJ.JimiTore.Baleni", "TERMINAL\MST_W_Modules\Fask.Module.MTJ.JimiTore.Baleni\Fask.Module.MTJ.JimiTore.Baleni.csproj", "{49BEABF3-F06A-4B1E-BE7C-D24689A3633F}"
EndProject
Project("{FAE04EC0-301F-11D3-BF4B-00C04F79EFBC}") = "Fask.Localization", "TERMINAL\Fask.Localization\Fask.Localization.csproj", "{F82FDA24-E36B-43A9-8215-EDA29122FE63}"
EndProject
Project("{FAE04EC0-301F-11D3-BF4B-00C04F79EFBC}") = "Fask.PhotoFactory", "TERMINAL\Fask.PhotoFactory\Fask.PhotoFactory.csproj", "{CC8E8F55-0A10-4C34-91E5-DD417085B719}"
EndProject
Project("{FAE04EC0-301F-11D3-BF4B-00C04F79EFBC}") = "Fask.PhotoProvider", "TERMINAL\Fask.PhotoProvider\Fask.PhotoProvider.csproj", "{58AA261E-04CA-4554-861F-F3859B03D1F6}"
EndProject
Project("{FAE04EC0-301F-11D3-BF4B-00C04F79EFBC}") = "Fask.PhotoProviderMC21802D", "TERMINAL\Fask.PhotoProviderMC21802D\Fask.PhotoProviderMC21802D.csproj", "{CDC47EE8-72DC-4A1F-B682-1A8F7D4B0402}"
EndProject
Project("{FAE04EC0-301F-11D3-BF4B-00C04F79EFBC}") = "Fask.PhotoProviderES400", "TERMINAL\Fask.PhotoProviderES400\Fask.PhotoProviderES400.csproj", "{7D334A09-C213-484B-B0D8-6555B2CBDD81}"
EndProject
Project("{FAE04EC0-301F-11D3-BF4B-00C04F79EFBC}") = "Fask.PhotoProviderBase", "TERMINAL\Fask.PhotoProviderBase\Fask.PhotoProviderBase.csproj", "{7EC8977F-067E-41A9-9A87-F492268C2CC5}"
EndProject
Project("{FAE04EC0-301F-11D3-BF4B-00C04F79EFBC}") = "Fask.ScannerProviderDolphin60S", "TERMINAL\Fask.ScannerProviderDolphin60S\Fask.ScannerProviderDolphin60S.csproj", "{C5660070-5E93-488E-986D-F87900BAFD3A}"
EndProject
Project("{FAE04EC0-301F-11D3-BF4B-00C04F79EFBC}") = "Fask.PhotoProviderDolphin60S2D", "TERMINAL\Fask.PhotoProviderDolphin60S2D\Fask.PhotoProviderDolphin60S2D.csproj", "{F2459FDE-61C8-49AB-8272-EA8C0CFF68C9}"
EndProject
Project("{FAE04EC0-301F-11D3-BF4B-00C04F79EFBC}") = "Fask.PhotoProviderDolphin60S", "TERMINAL\Fask.PhotoProviderDolphin60S\Fask.PhotoProviderDolphin60S.csproj", "{9A49D6A4-99C5-488C-8655-A9BF6E787381}"
EndProject
Project("{FAE04EC0-301F-11D3-BF4B-00C04F79EFBC}") = "Fask.Parsing", "TERMINAL\Fask.Parsing\Fask.Parsing.csproj", "{A5427780-D3D6-45D0-93E1-CB4842CDB1C6}"
EndProject
Project("{FAE04EC0-301F-11D3-BF4B-00C04F79EFBC}") = "Fask.Upgrade", "TERMINAL\Fask.Upgrade\Fask.Upgrade.csproj", "{7D15075F-7D89-4BFA-92B2-5371ED7C1EDF}"
EndProject
Project("{FAE04EC0-301F-11D3-BF4B-00C04F79EFBC}") = "Fask.Module.MTJ.MCL.VydejKontrola", "TERMINAL\MST_W_Modules\Fask.Module.MTJ.MCL.VydejKontrola\Fask.Module.MTJ.MCL.VydejKontrola.csproj", "{21AE8FB7-19FF-4F07-A1C3-8D351CEEC12A}"
EndProject
Project("{FAE04EC0-301F-11D3-BF4B-00C04F79EFBC}") = "Fask.PrinterFactory", "..\_SdileneProjekty_\WIN_CE\Fask.PrinterFactory\Fask.PrinterFactory.csproj", "{B64467B4-7A09-4B58-9A34-3646823950E0}"
EndProject
Project("{FAE04EC0-301F-11D3-BF4B-00C04F79EFBC}") = "Fask.PrinterProvider", "..\_SdileneProjekty_\WIN_CE\Fask.PrinterProvider\Fask.PrinterProvider.csproj", "{77D1BFD4-752D-4DE0-BB33-238A5E842168}"
EndProject
Project("{FAE04EC0-301F-11D3-BF4B-00C04F79EFBC}") = "Fask.PrinterProviderBluetoothSymbolWPAN", "..\_SdileneProjekty_\WIN_CE\Fask.PrinterProviderBluethootSymbolWPAN\Fask.PrinterProviderBluetoothSymbolWPAN.csproj", "{51305310-1119-46EF-B28E-BC79308390A6}"
EndProject
Project("{FAE04EC0-301F-11D3-BF4B-00C04F79EFBC}") = "Fask.PrinterProviderWebService", "..\_SdileneProjekty_\WIN_CE\Fask.PrinterProviderWebService\Fask.PrinterProviderWebService.csproj", "{EC5CF361-AC66-44A8-8587-44D153C89D32}"
EndProject
Project("{FAE04EC0-301F-11D3-BF4B-00C04F79EFBC}") = "Fask.Logging", "..\_SdileneProjekty_\WIN_CE\Fask.Logging\Fask.Logging.csproj", "{B106732D-96BF-45A4-BEAA-706592520632}"
EndProject
Global
	GlobalSection(SolutionConfigurationPlatforms) = preSolution
		Debug|Any CPU = Debug|Any CPU
		Release|Any CPU = Release|Any CPU
	EndGlobalSection
	GlobalSection(ProjectConfigurationPlatforms) = postSolution
		{EA4A33DB-764E-4F7F-A555-414508FD8476}.Debug|Any CPU.ActiveCfg = Debug|Any CPU
		{EA4A33DB-764E-4F7F-A555-414508FD8476}.Debug|Any CPU.Build.0 = Debug|Any CPU
		{EA4A33DB-764E-4F7F-A555-414508FD8476}.Debug|Any CPU.Deploy.0 = Debug|Any CPU
		{EA4A33DB-764E-4F7F-A555-414508FD8476}.Release|Any CPU.ActiveCfg = Release|Any CPU
		{EA4A33DB-764E-4F7F-A555-414508FD8476}.Release|Any CPU.Build.0 = Release|Any CPU
		{EA4A33DB-764E-4F7F-A555-414508FD8476}.Release|Any CPU.Deploy.0 = Release|Any CPU
		{AE296A80-CEBE-438D-8D98-460935E07EDA}.Debug|Any CPU.ActiveCfg = Debug
		{AE296A80-CEBE-438D-8D98-460935E07EDA}.Release|Any CPU.ActiveCfg = Release
		{0CEB12E9-FDF8-4E05-975A-53B69EDF0BDA}.Debug|Any CPU.ActiveCfg = Debug|Any CPU
		{0CEB12E9-FDF8-4E05-975A-53B69EDF0BDA}.Debug|Any CPU.Build.0 = Debug|Any CPU
		{0CEB12E9-FDF8-4E05-975A-53B69EDF0BDA}.Debug|Any CPU.Deploy.0 = Debug|Any CPU
		{0CEB12E9-FDF8-4E05-975A-53B69EDF0BDA}.Release|Any CPU.ActiveCfg = Release|Any CPU
		{0CEB12E9-FDF8-4E05-975A-53B69EDF0BDA}.Release|Any CPU.Build.0 = Release|Any CPU
		{0CEB12E9-FDF8-4E05-975A-53B69EDF0BDA}.Release|Any CPU.Deploy.0 = Release|Any CPU
		{CF1C2234-76AD-4506-A0C4-C3038D74F6A1}.Debug|Any CPU.ActiveCfg = Debug|Any CPU
		{CF1C2234-76AD-4506-A0C4-C3038D74F6A1}.Debug|Any CPU.Build.0 = Debug|Any CPU
		{CF1C2234-76AD-4506-A0C4-C3038D74F6A1}.Debug|Any CPU.Deploy.0 = Debug|Any CPU
		{CF1C2234-76AD-4506-A0C4-C3038D74F6A1}.Release|Any CPU.ActiveCfg = Release|Any CPU
		{CF1C2234-76AD-4506-A0C4-C3038D74F6A1}.Release|Any CPU.Build.0 = Release|Any CPU
		{CF1C2234-76AD-4506-A0C4-C3038D74F6A1}.Release|Any CPU.Deploy.0 = Release|Any CPU
		{2BA4642A-B940-496A-8416-F1CA8F6EE6DA}.Debug|Any CPU.ActiveCfg = Debug|Any CPU
		{2BA4642A-B940-496A-8416-F1CA8F6EE6DA}.Debug|Any CPU.Build.0 = Debug|Any CPU
		{2BA4642A-B940-496A-8416-F1CA8F6EE6DA}.Debug|Any CPU.Deploy.0 = Debug|Any CPU
		{2BA4642A-B940-496A-8416-F1CA8F6EE6DA}.Release|Any CPU.ActiveCfg = Release|Any CPU
		{2BA4642A-B940-496A-8416-F1CA8F6EE6DA}.Release|Any CPU.Build.0 = Release|Any CPU
		{2BA4642A-B940-496A-8416-F1CA8F6EE6DA}.Release|Any CPU.Deploy.0 = Release|Any CPU
		{D60963CD-5950-41FB-8EA4-ADBBD36C0193}.Debug|Any CPU.ActiveCfg = Debug|Any CPU
		{D60963CD-5950-41FB-8EA4-ADBBD36C0193}.Debug|Any CPU.Build.0 = Debug|Any CPU
		{D60963CD-5950-41FB-8EA4-ADBBD36C0193}.Debug|Any CPU.Deploy.0 = Debug|Any CPU
		{D60963CD-5950-41FB-8EA4-ADBBD36C0193}.Release|Any CPU.ActiveCfg = Release|Any CPU
		{D60963CD-5950-41FB-8EA4-ADBBD36C0193}.Release|Any CPU.Build.0 = Release|Any CPU
		{D60963CD-5950-41FB-8EA4-ADBBD36C0193}.Release|Any CPU.Deploy.0 = Release|Any CPU
		{4579923C-50D1-4A97-BD63-77BAD0128BBF}.Debug|Any CPU.ActiveCfg = Debug|Any CPU
		{4579923C-50D1-4A97-BD63-77BAD0128BBF}.Debug|Any CPU.Build.0 = Debug|Any CPU
		{4579923C-50D1-4A97-BD63-77BAD0128BBF}.Debug|Any CPU.Deploy.0 = Debug|Any CPU
		{4579923C-50D1-4A97-BD63-77BAD0128BBF}.Release|Any CPU.ActiveCfg = Release|Any CPU
		{4579923C-50D1-4A97-BD63-77BAD0128BBF}.Release|Any CPU.Build.0 = Release|Any CPU
		{4579923C-50D1-4A97-BD63-77BAD0128BBF}.Release|Any CPU.Deploy.0 = Release|Any CPU
		{8D2F2967-918A-4581-B70F-EDA216A12F17}.Debug|Any CPU.ActiveCfg = Debug|Any CPU
		{8D2F2967-918A-4581-B70F-EDA216A12F17}.Debug|Any CPU.Build.0 = Debug|Any CPU
		{8D2F2967-918A-4581-B70F-EDA216A12F17}.Debug|Any CPU.Deploy.0 = Debug|Any CPU
		{8D2F2967-918A-4581-B70F-EDA216A12F17}.Release|Any CPU.ActiveCfg = Release|Any CPU
		{8D2F2967-918A-4581-B70F-EDA216A12F17}.Release|Any CPU.Build.0 = Release|Any CPU
		{8D2F2967-918A-4581-B70F-EDA216A12F17}.Release|Any CPU.Deploy.0 = Release|Any CPU
		{59DE9DBB-F85B-4ED8-A2BA-FA34D0D9F980}.Debug|Any CPU.ActiveCfg = Debug|Any CPU
		{59DE9DBB-F85B-4ED8-A2BA-FA34D0D9F980}.Debug|Any CPU.Build.0 = Debug|Any CPU
		{59DE9DBB-F85B-4ED8-A2BA-FA34D0D9F980}.Debug|Any CPU.Deploy.0 = Debug|Any CPU
		{59DE9DBB-F85B-4ED8-A2BA-FA34D0D9F980}.Release|Any CPU.ActiveCfg = Release|Any CPU
		{59DE9DBB-F85B-4ED8-A2BA-FA34D0D9F980}.Release|Any CPU.Build.0 = Release|Any CPU
		{59DE9DBB-F85B-4ED8-A2BA-FA34D0D9F980}.Release|Any CPU.Deploy.0 = Release|Any CPU
		{36F6CC6F-8CE0-4AB3-8380-F973B9899DF3}.Debug|Any CPU.ActiveCfg = Debug|Any CPU
		{36F6CC6F-8CE0-4AB3-8380-F973B9899DF3}.Debug|Any CPU.Build.0 = Debug|Any CPU
		{36F6CC6F-8CE0-4AB3-8380-F973B9899DF3}.Debug|Any CPU.Deploy.0 = Debug|Any CPU
		{36F6CC6F-8CE0-4AB3-8380-F973B9899DF3}.Release|Any CPU.ActiveCfg = Release|Any CPU
		{36F6CC6F-8CE0-4AB3-8380-F973B9899DF3}.Release|Any CPU.Build.0 = Release|Any CPU
		{36F6CC6F-8CE0-4AB3-8380-F973B9899DF3}.Release|Any CPU.Deploy.0 = Release|Any CPU
		{4E529B29-95EC-4355-9F87-281146BCEAD6}.Debug|Any CPU.ActiveCfg = Debug|Any CPU
		{4E529B29-95EC-4355-9F87-281146BCEAD6}.Debug|Any CPU.Build.0 = Debug|Any CPU
		{4E529B29-95EC-4355-9F87-281146BCEAD6}.Debug|Any CPU.Deploy.0 = Debug|Any CPU
		{4E529B29-95EC-4355-9F87-281146BCEAD6}.Release|Any CPU.ActiveCfg = Release|Any CPU
		{4E529B29-95EC-4355-9F87-281146BCEAD6}.Release|Any CPU.Build.0 = Release|Any CPU
		{4E529B29-95EC-4355-9F87-281146BCEAD6}.Release|Any CPU.Deploy.0 = Release|Any CPU
		{7710D445-F7B4-41DA-9EFB-2024D52927A6}.Debug|Any CPU.ActiveCfg = Debug|Any CPU
		{7710D445-F7B4-41DA-9EFB-2024D52927A6}.Debug|Any CPU.Build.0 = Debug|Any CPU
		{7710D445-F7B4-41DA-9EFB-2024D52927A6}.Debug|Any CPU.Deploy.0 = Debug|Any CPU
		{7710D445-F7B4-41DA-9EFB-2024D52927A6}.Release|Any CPU.ActiveCfg = Release|Any CPU
		{7710D445-F7B4-41DA-9EFB-2024D52927A6}.Release|Any CPU.Build.0 = Release|Any CPU
		{7710D445-F7B4-41DA-9EFB-2024D52927A6}.Release|Any CPU.Deploy.0 = Release|Any CPU
		{FCF0FBB7-74E9-4F99-9F3D-34631CF78B5D}.Debug|Any CPU.ActiveCfg = Debug|Any CPU
		{FCF0FBB7-74E9-4F99-9F3D-34631CF78B5D}.Debug|Any CPU.Build.0 = Debug|Any CPU
		{FCF0FBB7-74E9-4F99-9F3D-34631CF78B5D}.Debug|Any CPU.Deploy.0 = Debug|Any CPU
		{FCF0FBB7-74E9-4F99-9F3D-34631CF78B5D}.Release|Any CPU.ActiveCfg = Release|Any CPU
		{FCF0FBB7-74E9-4F99-9F3D-34631CF78B5D}.Release|Any CPU.Build.0 = Release|Any CPU
		{FCF0FBB7-74E9-4F99-9F3D-34631CF78B5D}.Release|Any CPU.Deploy.0 = Release|Any CPU
		{263834B5-FA23-4757-8F94-C97D35420587}.Debug|Any CPU.ActiveCfg = Debug|Any CPU
		{263834B5-FA23-4757-8F94-C97D35420587}.Debug|Any CPU.Build.0 = Debug|Any CPU
		{263834B5-FA23-4757-8F94-C97D35420587}.Debug|Any CPU.Deploy.0 = Debug|Any CPU
		{263834B5-FA23-4757-8F94-C97D35420587}.Release|Any CPU.ActiveCfg = Release|Any CPU
		{263834B5-FA23-4757-8F94-C97D35420587}.Release|Any CPU.Build.0 = Release|Any CPU
		{263834B5-FA23-4757-8F94-C97D35420587}.Release|Any CPU.Deploy.0 = Release|Any CPU
		{B13C7D57-66D1-4CDB-83D7-796C9A98FE22}.Debug|Any CPU.ActiveCfg = Debug|Any CPU
		{B13C7D57-66D1-4CDB-83D7-796C9A98FE22}.Debug|Any CPU.Build.0 = Debug|Any CPU
		{B13C7D57-66D1-4CDB-83D7-796C9A98FE22}.Debug|Any CPU.Deploy.0 = Debug|Any CPU
		{B13C7D57-66D1-4CDB-83D7-796C9A98FE22}.Release|Any CPU.ActiveCfg = Release|Any CPU
		{B13C7D57-66D1-4CDB-83D7-796C9A98FE22}.Release|Any CPU.Build.0 = Release|Any CPU
		{B13C7D57-66D1-4CDB-83D7-796C9A98FE22}.Release|Any CPU.Deploy.0 = Release|Any CPU
		{3E2A09F7-8067-4ABC-A87D-3DEBEDEF2646}.Debug|Any CPU.ActiveCfg = Debug|Any CPU
		{3E2A09F7-8067-4ABC-A87D-3DEBEDEF2646}.Debug|Any CPU.Build.0 = Debug|Any CPU
		{3E2A09F7-8067-4ABC-A87D-3DEBEDEF2646}.Debug|Any CPU.Deploy.0 = Debug|Any CPU
		{3E2A09F7-8067-4ABC-A87D-3DEBEDEF2646}.Release|Any CPU.ActiveCfg = Release|Any CPU
		{3E2A09F7-8067-4ABC-A87D-3DEBEDEF2646}.Release|Any CPU.Build.0 = Release|Any CPU
		{3E2A09F7-8067-4ABC-A87D-3DEBEDEF2646}.Release|Any CPU.Deploy.0 = Release|Any CPU
		{0005AABE-50B6-40B6-9C83-011FD5C4378E}.Debug|Any CPU.ActiveCfg = Debug|Any CPU
		{0005AABE-50B6-40B6-9C83-011FD5C4378E}.Debug|Any CPU.Build.0 = Debug|Any CPU
		{0005AABE-50B6-40B6-9C83-011FD5C4378E}.Debug|Any CPU.Deploy.0 = Debug|Any CPU
		{0005AABE-50B6-40B6-9C83-011FD5C4378E}.Release|Any CPU.ActiveCfg = Release|Any CPU
		{0005AABE-50B6-40B6-9C83-011FD5C4378E}.Release|Any CPU.Build.0 = Release|Any CPU
		{0005AABE-50B6-40B6-9C83-011FD5C4378E}.Release|Any CPU.Deploy.0 = Release|Any CPU
		{49BEABF3-F06A-4B1E-BE7C-D24689A3633F}.Debug|Any CPU.ActiveCfg = Debug|Any CPU
		{49BEABF3-F06A-4B1E-BE7C-D24689A3633F}.Debug|Any CPU.Build.0 = Debug|Any CPU
		{49BEABF3-F06A-4B1E-BE7C-D24689A3633F}.Debug|Any CPU.Deploy.0 = Debug|Any CPU
		{49BEABF3-F06A-4B1E-BE7C-D24689A3633F}.Release|Any CPU.ActiveCfg = Release|Any CPU
		{49BEABF3-F06A-4B1E-BE7C-D24689A3633F}.Release|Any CPU.Build.0 = Release|Any CPU
		{49BEABF3-F06A-4B1E-BE7C-D24689A3633F}.Release|Any CPU.Deploy.0 = Release|Any CPU
		{F82FDA24-E36B-43A9-8215-EDA29122FE63}.Debug|Any CPU.ActiveCfg = Debug|Any CPU
		{F82FDA24-E36B-43A9-8215-EDA29122FE63}.Debug|Any CPU.Build.0 = Debug|Any CPU
		{F82FDA24-E36B-43A9-8215-EDA29122FE63}.Debug|Any CPU.Deploy.0 = Debug|Any CPU
		{F82FDA24-E36B-43A9-8215-EDA29122FE63}.Release|Any CPU.ActiveCfg = Release|Any CPU
		{F82FDA24-E36B-43A9-8215-EDA29122FE63}.Release|Any CPU.Build.0 = Release|Any CPU
		{F82FDA24-E36B-43A9-8215-EDA29122FE63}.Release|Any CPU.Deploy.0 = Release|Any CPU
		{CC8E8F55-0A10-4C34-91E5-DD417085B719}.Debug|Any CPU.ActiveCfg = Debug|Any CPU
		{CC8E8F55-0A10-4C34-91E5-DD417085B719}.Debug|Any CPU.Build.0 = Debug|Any CPU
		{CC8E8F55-0A10-4C34-91E5-DD417085B719}.Debug|Any CPU.Deploy.0 = Debug|Any CPU
		{CC8E8F55-0A10-4C34-91E5-DD417085B719}.Release|Any CPU.ActiveCfg = Release|Any CPU
		{CC8E8F55-0A10-4C34-91E5-DD417085B719}.Release|Any CPU.Build.0 = Release|Any CPU
		{CC8E8F55-0A10-4C34-91E5-DD417085B719}.Release|Any CPU.Deploy.0 = Release|Any CPU
		{58AA261E-04CA-4554-861F-F3859B03D1F6}.Debug|Any CPU.ActiveCfg = Debug|Any CPU
		{58AA261E-04CA-4554-861F-F3859B03D1F6}.Debug|Any CPU.Build.0 = Debug|Any CPU
		{58AA261E-04CA-4554-861F-F3859B03D1F6}.Debug|Any CPU.Deploy.0 = Debug|Any CPU
		{58AA261E-04CA-4554-861F-F3859B03D1F6}.Release|Any CPU.ActiveCfg = Release|Any CPU
		{58AA261E-04CA-4554-861F-F3859B03D1F6}.Release|Any CPU.Build.0 = Release|Any CPU
		{58AA261E-04CA-4554-861F-F3859B03D1F6}.Release|Any CPU.Deploy.0 = Release|Any CPU
		{CDC47EE8-72DC-4A1F-B682-1A8F7D4B0402}.Debug|Any CPU.ActiveCfg = Debug|Any CPU
		{CDC47EE8-72DC-4A1F-B682-1A8F7D4B0402}.Debug|Any CPU.Build.0 = Debug|Any CPU
		{CDC47EE8-72DC-4A1F-B682-1A8F7D4B0402}.Debug|Any CPU.Deploy.0 = Debug|Any CPU
		{CDC47EE8-72DC-4A1F-B682-1A8F7D4B0402}.Release|Any CPU.ActiveCfg = Release|Any CPU
		{CDC47EE8-72DC-4A1F-B682-1A8F7D4B0402}.Release|Any CPU.Build.0 = Release|Any CPU
		{CDC47EE8-72DC-4A1F-B682-1A8F7D4B0402}.Release|Any CPU.Deploy.0 = Release|Any CPU
		{7D334A09-C213-484B-B0D8-6555B2CBDD81}.Debug|Any CPU.ActiveCfg = Debug|Any CPU
		{7D334A09-C213-484B-B0D8-6555B2CBDD81}.Debug|Any CPU.Build.0 = Debug|Any CPU
		{7D334A09-C213-484B-B0D8-6555B2CBDD81}.Debug|Any CPU.Deploy.0 = Debug|Any CPU
		{7D334A09-C213-484B-B0D8-6555B2CBDD81}.Release|Any CPU.ActiveCfg = Release|Any CPU
		{7D334A09-C213-484B-B0D8-6555B2CBDD81}.Release|Any CPU.Build.0 = Release|Any CPU
		{7D334A09-C213-484B-B0D8-6555B2CBDD81}.Release|Any CPU.Deploy.0 = Release|Any CPU
		{7EC8977F-067E-41A9-9A87-F492268C2CC5}.Debug|Any CPU.ActiveCfg = Debug|Any CPU
		{7EC8977F-067E-41A9-9A87-F492268C2CC5}.Debug|Any CPU.Build.0 = Debug|Any CPU
		{7EC8977F-067E-41A9-9A87-F492268C2CC5}.Debug|Any CPU.Deploy.0 = Debug|Any CPU
		{7EC8977F-067E-41A9-9A87-F492268C2CC5}.Release|Any CPU.ActiveCfg = Release|Any CPU
		{7EC8977F-067E-41A9-9A87-F492268C2CC5}.Release|Any CPU.Build.0 = Release|Any CPU
		{7EC8977F-067E-41A9-9A87-F492268C2CC5}.Release|Any CPU.Deploy.0 = Release|Any CPU
		{C5660070-5E93-488E-986D-F87900BAFD3A}.Debug|Any CPU.ActiveCfg = Debug|Any CPU
		{C5660070-5E93-488E-986D-F87900BAFD3A}.Debug|Any CPU.Build.0 = Debug|Any CPU
		{C5660070-5E93-488E-986D-F87900BAFD3A}.Debug|Any CPU.Deploy.0 = Debug|Any CPU
		{C5660070-5E93-488E-986D-F87900BAFD3A}.Release|Any CPU.ActiveCfg = Release|Any CPU
		{C5660070-5E93-488E-986D-F87900BAFD3A}.Release|Any CPU.Build.0 = Release|Any CPU
		{C5660070-5E93-488E-986D-F87900BAFD3A}.Release|Any CPU.Deploy.0 = Release|Any CPU
		{F2459FDE-61C8-49AB-8272-EA8C0CFF68C9}.Debug|Any CPU.ActiveCfg = Debug|Any CPU
		{F2459FDE-61C8-49AB-8272-EA8C0CFF68C9}.Debug|Any CPU.Build.0 = Debug|Any CPU
		{F2459FDE-61C8-49AB-8272-EA8C0CFF68C9}.Debug|Any CPU.Deploy.0 = Debug|Any CPU
		{F2459FDE-61C8-49AB-8272-EA8C0CFF68C9}.Release|Any CPU.ActiveCfg = Release|Any CPU
		{F2459FDE-61C8-49AB-8272-EA8C0CFF68C9}.Release|Any CPU.Build.0 = Release|Any CPU
		{F2459FDE-61C8-49AB-8272-EA8C0CFF68C9}.Release|Any CPU.Deploy.0 = Release|Any CPU
		{9A49D6A4-99C5-488C-8655-A9BF6E787381}.Debug|Any CPU.ActiveCfg = Debug|Any CPU
		{9A49D6A4-99C5-488C-8655-A9BF6E787381}.Debug|Any CPU.Build.0 = Debug|Any CPU
		{9A49D6A4-99C5-488C-8655-A9BF6E787381}.Debug|Any CPU.Deploy.0 = Debug|Any CPU
		{9A49D6A4-99C5-488C-8655-A9BF6E787381}.Release|Any CPU.ActiveCfg = Release|Any CPU
		{9A49D6A4-99C5-488C-8655-A9BF6E787381}.Release|Any CPU.Build.0 = Release|Any CPU
		{9A49D6A4-99C5-488C-8655-A9BF6E787381}.Release|Any CPU.Deploy.0 = Release|Any CPU
		{A5427780-D3D6-45D0-93E1-CB4842CDB1C6}.Debug|Any CPU.ActiveCfg = Debug|Any CPU
		{A5427780-D3D6-45D0-93E1-CB4842CDB1C6}.Debug|Any CPU.Build.0 = Debug|Any CPU
		{A5427780-D3D6-45D0-93E1-CB4842CDB1C6}.Debug|Any CPU.Deploy.0 = Debug|Any CPU
		{A5427780-D3D6-45D0-93E1-CB4842CDB1C6}.Release|Any CPU.ActiveCfg = Release|Any CPU
		{A5427780-D3D6-45D0-93E1-CB4842CDB1C6}.Release|Any CPU.Build.0 = Release|Any CPU
		{A5427780-D3D6-45D0-93E1-CB4842CDB1C6}.Release|Any CPU.Deploy.0 = Release|Any CPU
		{7D15075F-7D89-4BFA-92B2-5371ED7C1EDF}.Debug|Any CPU.ActiveCfg = Debug|Any CPU
		{7D15075F-7D89-4BFA-92B2-5371ED7C1EDF}.Debug|Any CPU.Build.0 = Debug|Any CPU
		{7D15075F-7D89-4BFA-92B2-5371ED7C1EDF}.Debug|Any CPU.Deploy.0 = Debug|Any CPU
		{7D15075F-7D89-4BFA-92B2-5371ED7C1EDF}.Release|Any CPU.ActiveCfg = Release|Any CPU
		{7D15075F-7D89-4BFA-92B2-5371ED7C1EDF}.Release|Any CPU.Build.0 = Release|Any CPU
		{7D15075F-7D89-4BFA-92B2-5371ED7C1EDF}.Release|Any CPU.Deploy.0 = Release|Any CPU
		{21AE8FB7-19FF-4F07-A1C3-8D351CEEC12A}.Debug|Any CPU.ActiveCfg = Debug|Any CPU
		{21AE8FB7-19FF-4F07-A1C3-8D351CEEC12A}.Debug|Any CPU.Build.0 = Debug|Any CPU
		{21AE8FB7-19FF-4F07-A1C3-8D351CEEC12A}.Debug|Any CPU.Deploy.0 = Debug|Any CPU
		{21AE8FB7-19FF-4F07-A1C3-8D351CEEC12A}.Release|Any CPU.ActiveCfg = Release|Any CPU
		{21AE8FB7-19FF-4F07-A1C3-8D351CEEC12A}.Release|Any CPU.Build.0 = Release|Any CPU
		{21AE8FB7-19FF-4F07-A1C3-8D351CEEC12A}.Release|Any CPU.Deploy.0 = Release|Any CPU
		{B64467B4-7A09-4B58-9A34-3646823950E0}.Debug|Any CPU.ActiveCfg = Debug|Any CPU
		{B64467B4-7A09-4B58-9A34-3646823950E0}.Debug|Any CPU.Build.0 = Debug|Any CPU
		{B64467B4-7A09-4B58-9A34-3646823950E0}.Debug|Any CPU.Deploy.0 = Debug|Any CPU
		{B64467B4-7A09-4B58-9A34-3646823950E0}.Release|Any CPU.ActiveCfg = Release|Any CPU
		{B64467B4-7A09-4B58-9A34-3646823950E0}.Release|Any CPU.Build.0 = Release|Any CPU
		{B64467B4-7A09-4B58-9A34-3646823950E0}.Release|Any CPU.Deploy.0 = Release|Any CPU
		{77D1BFD4-752D-4DE0-BB33-238A5E842168}.Debug|Any CPU.ActiveCfg = Debug|Any CPU
		{77D1BFD4-752D-4DE0-BB33-238A5E842168}.Debug|Any CPU.Build.0 = Debug|Any CPU
		{77D1BFD4-752D-4DE0-BB33-238A5E842168}.Debug|Any CPU.Deploy.0 = Debug|Any CPU
		{77D1BFD4-752D-4DE0-BB33-238A5E842168}.Release|Any CPU.ActiveCfg = Release|Any CPU
		{77D1BFD4-752D-4DE0-BB33-238A5E842168}.Release|Any CPU.Build.0 = Release|Any CPU
		{77D1BFD4-752D-4DE0-BB33-238A5E842168}.Release|Any CPU.Deploy.0 = Release|Any CPU
		{51305310-1119-46EF-B28E-BC79308390A6}.Debug|Any CPU.ActiveCfg = Debug|Any CPU
		{51305310-1119-46EF-B28E-BC79308390A6}.Debug|Any CPU.Build.0 = Debug|Any CPU
		{51305310-1119-46EF-B28E-BC79308390A6}.Debug|Any CPU.Deploy.0 = Debug|Any CPU
		{51305310-1119-46EF-B28E-BC79308390A6}.Release|Any CPU.ActiveCfg = Release|Any CPU
		{51305310-1119-46EF-B28E-BC79308390A6}.Release|Any CPU.Build.0 = Release|Any CPU
		{51305310-1119-46EF-B28E-BC79308390A6}.Release|Any CPU.Deploy.0 = Release|Any CPU
		{EC5CF361-AC66-44A8-8587-44D153C89D32}.Debug|Any CPU.ActiveCfg = Debug|Any CPU
		{EC5CF361-AC66-44A8-8587-44D153C89D32}.Debug|Any CPU.Build.0 = Debug|Any CPU
		{EC5CF361-AC66-44A8-8587-44D153C89D32}.Debug|Any CPU.Deploy.0 = Debug|Any CPU
		{EC5CF361-AC66-44A8-8587-44D153C89D32}.Release|Any CPU.ActiveCfg = Release|Any CPU
		{EC5CF361-AC66-44A8-8587-44D153C89D32}.Release|Any CPU.Build.0 = Release|Any CPU
		{EC5CF361-AC66-44A8-8587-44D153C89D32}.Release|Any CPU.Deploy.0 = Release|Any CPU
		{B106732D-96BF-45A4-BEAA-706592520632}.Debug|Any CPU.ActiveCfg = Debug|Any CPU
		{B106732D-96BF-45A4-BEAA-706592520632}.Debug|Any CPU.Build.0 = Debug|Any CPU
		{B106732D-96BF-45A4-BEAA-706592520632}.Debug|Any CPU.Deploy.0 = Debug|Any CPU
		{B106732D-96BF-45A4-BEAA-706592520632}.Release|Any CPU.ActiveCfg = Release|Any CPU
		{B106732D-96BF-45A4-BEAA-706592520632}.Release|Any CPU.Build.0 = Release|Any CPU
		{B106732D-96BF-45A4-BEAA-706592520632}.Release|Any CPU.Deploy.0 = Release|Any CPU
	EndGlobalSection
	GlobalSection(SolutionProperties) = preSolution
		HideSolutionNode = FALSE
	EndGlobalSection
EndGlobal
