Microsoft Visual Studio Solution File, Format Version 12.00
# Visual Studio Version 16
VisualStudioVersion = 16.0.29418.71
MinimumVisualStudioVersion = 10.0.40219.1
Project("{FAE04EC0-301F-11D3-BF4B-00C04F79EFBC}") = "MST_WINDOWS", "TERMINAL_Windows\MainForm\MST_WINDOWS.csproj", "{D7E00B2D-1105-4108-BB2E-E05D39663923}"
EndProject
Project("{FAE04EC0-301F-11D3-BF4B-00C04F79EFBC}") = "ErrorLog", "TERMINAL_Windows\ErrorLog\ErrorLog.csproj", "{3151DDC5-73BA-4E7A-AD51-873EFBBA0FDC}"
EndProject
Project("{FAE04EC0-301F-11D3-BF4B-00C04F79EFBC}") = "Emailing", "TERMINAL_Windows\Emailing\Emailing\Emailing.csproj", "{FB082FE8-178B-40D4-8A2B-36CE544A00C7}"
EndProject
Project("{FAE04EC0-301F-11D3-BF4B-00C04F79EFBC}") = "IScannerProvider", "TERMINAL_Windows\IScannerProvider\IScannerProvider.csproj", "{B24889A4-2446-48F8-A99E-670A2D4FE3CB}"
EndProject
Project("{FAE04EC0-301F-11D3-BF4B-00C04F79EFBC}") = "ScannerProviderSerialPort", "TERMINAL_Windows\ScannerProviderSerialPort\ScannerProviderSerialPort.csproj", "{58FC64F5-199D-42AD-8CA0-FC6B6CBFA680}"
EndProject
Project("{FAE04EC0-301F-11D3-BF4B-00C04F79EFBC}") = "ScannerFactory", "TERMINAL_Windows\ScannerFactory\ScannerFactory.csproj", "{74824146-2E98-4DA6-878C-846D918B4A37}"
EndProject
Project("{FAE04EC0-301F-11D3-BF4B-00C04F79EFBC}") = "ScannerProviderSerialPortQX830", "TERMINAL_Windows\ScannerProviderSerialPortQX830\ScannerProviderSerialPortQX830.csproj", "{E7E4DAAA-1B15-4730-AD70-9D60F3D7B294}"
EndProject
Project("{FAE04EC0-301F-11D3-BF4B-00C04F79EFBC}") = "Fask.Graphic", "TERMINAL_Windows\Fask.Graphic\Fask.Graphic.csproj", "{A5221DAE-DD8A-403B-A1B7-82E84A6AE7E3}"
EndProject
Project("{FAE04EC0-301F-11D3-BF4B-00C04F79EFBC}") = "ZZS", "TERMINAL_Windows\Moduly\ZZS\ZZS.csproj", "{48D60698-510C-4CEF-A4B4-97BD773ED1B9}"
EndProject
Project("{FAE04EC0-301F-11D3-BF4B-00C04F79EFBC}") = "RFIDFactory", "TERMINAL_Windows\RFIDFactory\RFIDFactory.csproj", "{F77C6154-11B1-474F-97FB-F1FB43E5264C}"
EndProject
Project("{FAE04EC0-301F-11D3-BF4B-00C04F79EFBC}") = "RFID_DLR_DK001_Provider", "TERMINAL_Windows\RFID_DLR-DK001\RFID_DLR_DK001_Provider.csproj", "{82E7EF28-DE2A-4B89-A70A-62F21BD08C59}"
EndProject
Project("{FAE04EC0-301F-11D3-BF4B-00C04F79EFBC}") = "RFID_SR_5102_Provider", "TERMINAL_Windows\RFID_SR-5102\RFID_SR_5102_Provider.csproj", "{862B5AC4-AC3F-48D7-937A-4E691204FF8B}"
EndProject
Project("{FAE04EC0-301F-11D3-BF4B-00C04F79EFBC}") = "IRFIDProvider", "TERMINAL_Windows\IRFIDProvider\IRFIDProvider.csproj", "{01BD8C0C-F391-420E-AD74-6C1CA3584C17}"
EndProject
Project("{FAE04EC0-301F-11D3-BF4B-00C04F79EFBC}") = "VyrobaIfc", "TERMINAL_Windows\VyrobaIfc\VyrobaIfc.csproj", "{AEF304CD-C27C-46A4-ACA9-D3EBECAF0F5F}"
EndProject
Project("{FAE04EC0-301F-11D3-BF4B-00C04F79EFBC}") = "PrintReportLibrary", "..\_SdileneProjekty_\ProjektTiskClassLibrary\TestovaciProjekt\PrintReportLibrary\PrintReportLibrary.csproj", "{CE557F9B-F7D2-49FA-A0D0-33979083FED5}"
EndProject
Project("{FAE04EC0-301F-11D3-BF4B-00C04F79EFBC}") = "Fask.Logging", "..\_SdileneProjekty_\Fask.Logging\Fask.Logging.csproj", "{89E8C070-4694-4F11-AB01-A674BF8B9F80}"
EndProject
Project("{FAE04EC0-301F-11D3-BF4B-00C04F79EFBC}") = "TouchscreenKeyboard", "..\_SdileneProjekty_\TouchscreenKeyboard\TouchscreenKeyboard\TouchscreenKeyboard.csproj", "{94070B1D-6DE4-4D45-B2B9-5DA09D0E15C9}"
EndProject
Global
	GlobalSection(SolutionConfigurationPlatforms) = preSolution
		Debug|Any CPU = Debug|Any CPU
		Debug|Mixed Platforms = Debug|Mixed Platforms
		Debug|x64 = Debug|x64
		Debug|x86 = Debug|x86
		Release|Any CPU = Release|Any CPU
		Release|Mixed Platforms = Release|Mixed Platforms
		Release|x64 = Release|x64
		Release|x86 = Release|x86
	EndGlobalSection
	GlobalSection(ProjectConfigurationPlatforms) = postSolution
		{D7E00B2D-1105-4108-BB2E-E05D39663923}.Debug|Any CPU.ActiveCfg = Debug|Any CPU
		{D7E00B2D-1105-4108-BB2E-E05D39663923}.Debug|Any CPU.Build.0 = Debug|Any CPU
		{D7E00B2D-1105-4108-BB2E-E05D39663923}.Debug|Mixed Platforms.ActiveCfg = Debug|x86
		{D7E00B2D-1105-4108-BB2E-E05D39663923}.Debug|Mixed Platforms.Build.0 = Debug|x86
		{D7E00B2D-1105-4108-BB2E-E05D39663923}.Debug|x64.ActiveCfg = Debug|Any CPU
		{D7E00B2D-1105-4108-BB2E-E05D39663923}.Debug|x64.Build.0 = Debug|Any CPU
		{D7E00B2D-1105-4108-BB2E-E05D39663923}.Debug|x86.ActiveCfg = Debug|x86
		{D7E00B2D-1105-4108-BB2E-E05D39663923}.Debug|x86.Build.0 = Debug|x86
		{D7E00B2D-1105-4108-BB2E-E05D39663923}.Release|Any CPU.ActiveCfg = Release|Any CPU
		{D7E00B2D-1105-4108-BB2E-E05D39663923}.Release|Any CPU.Build.0 = Release|Any CPU
		{D7E00B2D-1105-4108-BB2E-E05D39663923}.Release|Mixed Platforms.ActiveCfg = Release|x86
		{D7E00B2D-1105-4108-BB2E-E05D39663923}.Release|Mixed Platforms.Build.0 = Release|x86
		{D7E00B2D-1105-4108-BB2E-E05D39663923}.Release|x64.ActiveCfg = Release|Any CPU
		{D7E00B2D-1105-4108-BB2E-E05D39663923}.Release|x64.Build.0 = Release|Any CPU
		{D7E00B2D-1105-4108-BB2E-E05D39663923}.Release|x86.ActiveCfg = Release|x86
		{D7E00B2D-1105-4108-BB2E-E05D39663923}.Release|x86.Build.0 = Release|x86
		{3151DDC5-73BA-4E7A-AD51-873EFBBA0FDC}.Debug|Any CPU.ActiveCfg = Debug|Any CPU
		{3151DDC5-73BA-4E7A-AD51-873EFBBA0FDC}.Debug|Any CPU.Build.0 = Debug|Any CPU
		{3151DDC5-73BA-4E7A-AD51-873EFBBA0FDC}.Debug|Mixed Platforms.ActiveCfg = Debug|Any CPU
		{3151DDC5-73BA-4E7A-AD51-873EFBBA0FDC}.Debug|Mixed Platforms.Build.0 = Debug|Any CPU
		{3151DDC5-73BA-4E7A-AD51-873EFBBA0FDC}.Debug|x64.ActiveCfg = Debug|Any CPU
		{3151DDC5-73BA-4E7A-AD51-873EFBBA0FDC}.Debug|x64.Build.0 = Debug|Any CPU
		{3151DDC5-73BA-4E7A-AD51-873EFBBA0FDC}.Debug|x86.ActiveCfg = Debug|Any CPU
		{3151DDC5-73BA-4E7A-AD51-873EFBBA0FDC}.Release|Any CPU.ActiveCfg = Release|Any CPU
		{3151DDC5-73BA-4E7A-AD51-873EFBBA0FDC}.Release|Any CPU.Build.0 = Release|Any CPU
		{3151DDC5-73BA-4E7A-AD51-873EFBBA0FDC}.Release|Mixed Platforms.ActiveCfg = Release|Any CPU
		{3151DDC5-73BA-4E7A-AD51-873EFBBA0FDC}.Release|Mixed Platforms.Build.0 = Release|Any CPU
		{3151DDC5-73BA-4E7A-AD51-873EFBBA0FDC}.Release|x64.ActiveCfg = Release|Any CPU
		{3151DDC5-73BA-4E7A-AD51-873EFBBA0FDC}.Release|x64.Build.0 = Release|Any CPU
		{3151DDC5-73BA-4E7A-AD51-873EFBBA0FDC}.Release|x86.ActiveCfg = Release|Any CPU
		{FB082FE8-178B-40D4-8A2B-36CE544A00C7}.Debug|Any CPU.ActiveCfg = Debug|Any CPU
		{FB082FE8-178B-40D4-8A2B-36CE544A00C7}.Debug|Any CPU.Build.0 = Debug|Any CPU
		{FB082FE8-178B-40D4-8A2B-36CE544A00C7}.Debug|Mixed Platforms.ActiveCfg = Debug|Any CPU
		{FB082FE8-178B-40D4-8A2B-36CE544A00C7}.Debug|Mixed Platforms.Build.0 = Debug|Any CPU
		{FB082FE8-178B-40D4-8A2B-36CE544A00C7}.Debug|x64.ActiveCfg = Debug|Any CPU
		{FB082FE8-178B-40D4-8A2B-36CE544A00C7}.Debug|x64.Build.0 = Debug|Any CPU
		{FB082FE8-178B-40D4-8A2B-36CE544A00C7}.Debug|x86.ActiveCfg = Debug|Any CPU
		{FB082FE8-178B-40D4-8A2B-36CE544A00C7}.Release|Any CPU.ActiveCfg = Release|Any CPU
		{FB082FE8-178B-40D4-8A2B-36CE544A00C7}.Release|Any CPU.Build.0 = Release|Any CPU
		{FB082FE8-178B-40D4-8A2B-36CE544A00C7}.Release|Mixed Platforms.ActiveCfg = Release|Any CPU
		{FB082FE8-178B-40D4-8A2B-36CE544A00C7}.Release|Mixed Platforms.Build.0 = Release|Any CPU
		{FB082FE8-178B-40D4-8A2B-36CE544A00C7}.Release|x64.ActiveCfg = Release|Any CPU
		{FB082FE8-178B-40D4-8A2B-36CE544A00C7}.Release|x64.Build.0 = Release|Any CPU
		{FB082FE8-178B-40D4-8A2B-36CE544A00C7}.Release|x86.ActiveCfg = Release|Any CPU
		{B24889A4-2446-48F8-A99E-670A2D4FE3CB}.Debug|Any CPU.ActiveCfg = Debug|Any CPU
		{B24889A4-2446-48F8-A99E-670A2D4FE3CB}.Debug|Any CPU.Build.0 = Debug|Any CPU
		{B24889A4-2446-48F8-A99E-670A2D4FE3CB}.Debug|Mixed Platforms.ActiveCfg = Debug|Any CPU
		{B24889A4-2446-48F8-A99E-670A2D4FE3CB}.Debug|Mixed Platforms.Build.0 = Debug|Any CPU
		{B24889A4-2446-48F8-A99E-670A2D4FE3CB}.Debug|x64.ActiveCfg = Debug|Any CPU
		{B24889A4-2446-48F8-A99E-670A2D4FE3CB}.Debug|x64.Build.0 = Debug|Any CPU
		{B24889A4-2446-48F8-A99E-670A2D4FE3CB}.Debug|x86.ActiveCfg = Debug|Any CPU
		{B24889A4-2446-48F8-A99E-670A2D4FE3CB}.Release|Any CPU.ActiveCfg = Release|Any CPU
		{B24889A4-2446-48F8-A99E-670A2D4FE3CB}.Release|Any CPU.Build.0 = Release|Any CPU
		{B24889A4-2446-48F8-A99E-670A2D4FE3CB}.Release|Mixed Platforms.ActiveCfg = Release|Any CPU
		{B24889A4-2446-48F8-A99E-670A2D4FE3CB}.Release|Mixed Platforms.Build.0 = Release|Any CPU
		{B24889A4-2446-48F8-A99E-670A2D4FE3CB}.Release|x64.ActiveCfg = Release|Any CPU
		{B24889A4-2446-48F8-A99E-670A2D4FE3CB}.Release|x64.Build.0 = Release|Any CPU
		{B24889A4-2446-48F8-A99E-670A2D4FE3CB}.Release|x86.ActiveCfg = Release|Any CPU
		{58FC64F5-199D-42AD-8CA0-FC6B6CBFA680}.Debug|Any CPU.ActiveCfg = Debug|Any CPU
		{58FC64F5-199D-42AD-8CA0-FC6B6CBFA680}.Debug|Any CPU.Build.0 = Debug|Any CPU
		{58FC64F5-199D-42AD-8CA0-FC6B6CBFA680}.Debug|Mixed Platforms.ActiveCfg = Debug|Any CPU
		{58FC64F5-199D-42AD-8CA0-FC6B6CBFA680}.Debug|Mixed Platforms.Build.0 = Debug|Any CPU
		{58FC64F5-199D-42AD-8CA0-FC6B6CBFA680}.Debug|x64.ActiveCfg = Debug|Any CPU
		{58FC64F5-199D-42AD-8CA0-FC6B6CBFA680}.Debug|x64.Build.0 = Debug|Any CPU
		{58FC64F5-199D-42AD-8CA0-FC6B6CBFA680}.Debug|x86.ActiveCfg = Debug|Any CPU
		{58FC64F5-199D-42AD-8CA0-FC6B6CBFA680}.Release|Any CPU.ActiveCfg = Release|Any CPU
		{58FC64F5-199D-42AD-8CA0-FC6B6CBFA680}.Release|Any CPU.Build.0 = Release|Any CPU
		{58FC64F5-199D-42AD-8CA0-FC6B6CBFA680}.Release|Mixed Platforms.ActiveCfg = Release|Any CPU
		{58FC64F5-199D-42AD-8CA0-FC6B6CBFA680}.Release|Mixed Platforms.Build.0 = Release|Any CPU
		{58FC64F5-199D-42AD-8CA0-FC6B6CBFA680}.Release|x64.ActiveCfg = Release|Any CPU
		{58FC64F5-199D-42AD-8CA0-FC6B6CBFA680}.Release|x64.Build.0 = Release|Any CPU
		{58FC64F5-199D-42AD-8CA0-FC6B6CBFA680}.Release|x86.ActiveCfg = Release|Any CPU
		{74824146-2E98-4DA6-878C-846D918B4A37}.Debug|Any CPU.ActiveCfg = Debug|Any CPU
		{74824146-2E98-4DA6-878C-846D918B4A37}.Debug|Any CPU.Build.0 = Debug|Any CPU
		{74824146-2E98-4DA6-878C-846D918B4A37}.Debug|Mixed Platforms.ActiveCfg = Debug|Any CPU
		{74824146-2E98-4DA6-878C-846D918B4A37}.Debug|Mixed Platforms.Build.0 = Debug|Any CPU
		{74824146-2E98-4DA6-878C-846D918B4A37}.Debug|x64.ActiveCfg = Debug|Any CPU
		{74824146-2E98-4DA6-878C-846D918B4A37}.Debug|x64.Build.0 = Debug|Any CPU
		{74824146-2E98-4DA6-878C-846D918B4A37}.Debug|x86.ActiveCfg = Debug|Any CPU
		{74824146-2E98-4DA6-878C-846D918B4A37}.Release|Any CPU.ActiveCfg = Release|Any CPU
		{74824146-2E98-4DA6-878C-846D918B4A37}.Release|Any CPU.Build.0 = Release|Any CPU
		{74824146-2E98-4DA6-878C-846D918B4A37}.Release|Mixed Platforms.ActiveCfg = Release|Any CPU
		{74824146-2E98-4DA6-878C-846D918B4A37}.Release|Mixed Platforms.Build.0 = Release|Any CPU
		{74824146-2E98-4DA6-878C-846D918B4A37}.Release|x64.ActiveCfg = Release|Any CPU
		{74824146-2E98-4DA6-878C-846D918B4A37}.Release|x64.Build.0 = Release|Any CPU
		{74824146-2E98-4DA6-878C-846D918B4A37}.Release|x86.ActiveCfg = Release|Any CPU
		{E7E4DAAA-1B15-4730-AD70-9D60F3D7B294}.Debug|Any CPU.ActiveCfg = Debug|Any CPU
		{E7E4DAAA-1B15-4730-AD70-9D60F3D7B294}.Debug|Any CPU.Build.0 = Debug|Any CPU
		{E7E4DAAA-1B15-4730-AD70-9D60F3D7B294}.Debug|Mixed Platforms.ActiveCfg = Debug|Any CPU
		{E7E4DAAA-1B15-4730-AD70-9D60F3D7B294}.Debug|Mixed Platforms.Build.0 = Debug|Any CPU
		{E7E4DAAA-1B15-4730-AD70-9D60F3D7B294}.Debug|x64.ActiveCfg = Debug|Any CPU
		{E7E4DAAA-1B15-4730-AD70-9D60F3D7B294}.Debug|x64.Build.0 = Debug|Any CPU
		{E7E4DAAA-1B15-4730-AD70-9D60F3D7B294}.Debug|x86.ActiveCfg = Debug|Any CPU
		{E7E4DAAA-1B15-4730-AD70-9D60F3D7B294}.Release|Any CPU.ActiveCfg = Release|Any CPU
		{E7E4DAAA-1B15-4730-AD70-9D60F3D7B294}.Release|Any CPU.Build.0 = Release|Any CPU
		{E7E4DAAA-1B15-4730-AD70-9D60F3D7B294}.Release|Mixed Platforms.ActiveCfg = Release|Any CPU
		{E7E4DAAA-1B15-4730-AD70-9D60F3D7B294}.Release|Mixed Platforms.Build.0 = Release|Any CPU
		{E7E4DAAA-1B15-4730-AD70-9D60F3D7B294}.Release|x64.ActiveCfg = Release|Any CPU
		{E7E4DAAA-1B15-4730-AD70-9D60F3D7B294}.Release|x64.Build.0 = Release|Any CPU
		{E7E4DAAA-1B15-4730-AD70-9D60F3D7B294}.Release|x86.ActiveCfg = Release|Any CPU
		{A5221DAE-DD8A-403B-A1B7-82E84A6AE7E3}.Debug|Any CPU.ActiveCfg = Debug|Any CPU
		{A5221DAE-DD8A-403B-A1B7-82E84A6AE7E3}.Debug|Any CPU.Build.0 = Debug|Any CPU
		{A5221DAE-DD8A-403B-A1B7-82E84A6AE7E3}.Debug|Mixed Platforms.ActiveCfg = Debug|Any CPU
		{A5221DAE-DD8A-403B-A1B7-82E84A6AE7E3}.Debug|Mixed Platforms.Build.0 = Debug|Any CPU
		{A5221DAE-DD8A-403B-A1B7-82E84A6AE7E3}.Debug|x64.ActiveCfg = Debug|Any CPU
		{A5221DAE-DD8A-403B-A1B7-82E84A6AE7E3}.Debug|x64.Build.0 = Debug|Any CPU
		{A5221DAE-DD8A-403B-A1B7-82E84A6AE7E3}.Debug|x86.ActiveCfg = Debug|Any CPU
		{A5221DAE-DD8A-403B-A1B7-82E84A6AE7E3}.Release|Any CPU.ActiveCfg = Release|Any CPU
		{A5221DAE-DD8A-403B-A1B7-82E84A6AE7E3}.Release|Any CPU.Build.0 = Release|Any CPU
		{A5221DAE-DD8A-403B-A1B7-82E84A6AE7E3}.Release|Mixed Platforms.ActiveCfg = Release|Any CPU
		{A5221DAE-DD8A-403B-A1B7-82E84A6AE7E3}.Release|Mixed Platforms.Build.0 = Release|Any CPU
		{A5221DAE-DD8A-403B-A1B7-82E84A6AE7E3}.Release|x64.ActiveCfg = Release|Any CPU
		{A5221DAE-DD8A-403B-A1B7-82E84A6AE7E3}.Release|x64.Build.0 = Release|Any CPU
		{A5221DAE-DD8A-403B-A1B7-82E84A6AE7E3}.Release|x86.ActiveCfg = Release|Any CPU
		{48D60698-510C-4CEF-A4B4-97BD773ED1B9}.Debug|Any CPU.ActiveCfg = Debug|Any CPU
		{48D60698-510C-4CEF-A4B4-97BD773ED1B9}.Debug|Any CPU.Build.0 = Debug|Any CPU
		{48D60698-510C-4CEF-A4B4-97BD773ED1B9}.Debug|Mixed Platforms.ActiveCfg = Debug|Any CPU
		{48D60698-510C-4CEF-A4B4-97BD773ED1B9}.Debug|Mixed Platforms.Build.0 = Debug|Any CPU
		{48D60698-510C-4CEF-A4B4-97BD773ED1B9}.Debug|x64.ActiveCfg = Debug|Any CPU
		{48D60698-510C-4CEF-A4B4-97BD773ED1B9}.Debug|x64.Build.0 = Debug|Any CPU
		{48D60698-510C-4CEF-A4B4-97BD773ED1B9}.Debug|x86.ActiveCfg = Debug|Any CPU
		{48D60698-510C-4CEF-A4B4-97BD773ED1B9}.Release|Any CPU.ActiveCfg = Release|Any CPU
		{48D60698-510C-4CEF-A4B4-97BD773ED1B9}.Release|Any CPU.Build.0 = Release|Any CPU
		{48D60698-510C-4CEF-A4B4-97BD773ED1B9}.Release|Mixed Platforms.ActiveCfg = Release|Any CPU
		{48D60698-510C-4CEF-A4B4-97BD773ED1B9}.Release|Mixed Platforms.Build.0 = Release|Any CPU
		{48D60698-510C-4CEF-A4B4-97BD773ED1B9}.Release|x64.ActiveCfg = Release|Any CPU
		{48D60698-510C-4CEF-A4B4-97BD773ED1B9}.Release|x64.Build.0 = Release|Any CPU
		{48D60698-510C-4CEF-A4B4-97BD773ED1B9}.Release|x86.ActiveCfg = Release|Any CPU
		{F77C6154-11B1-474F-97FB-F1FB43E5264C}.Debug|Any CPU.ActiveCfg = Debug|Any CPU
		{F77C6154-11B1-474F-97FB-F1FB43E5264C}.Debug|Any CPU.Build.0 = Debug|Any CPU
		{F77C6154-11B1-474F-97FB-F1FB43E5264C}.Debug|Mixed Platforms.ActiveCfg = Debug|Any CPU
		{F77C6154-11B1-474F-97FB-F1FB43E5264C}.Debug|Mixed Platforms.Build.0 = Debug|Any CPU
		{F77C6154-11B1-474F-97FB-F1FB43E5264C}.Debug|x64.ActiveCfg = Debug|Any CPU
		{F77C6154-11B1-474F-97FB-F1FB43E5264C}.Debug|x64.Build.0 = Debug|Any CPU
		{F77C6154-11B1-474F-97FB-F1FB43E5264C}.Debug|x86.ActiveCfg = Debug|Any CPU
		{F77C6154-11B1-474F-97FB-F1FB43E5264C}.Release|Any CPU.ActiveCfg = Release|Any CPU
		{F77C6154-11B1-474F-97FB-F1FB43E5264C}.Release|Any CPU.Build.0 = Release|Any CPU
		{F77C6154-11B1-474F-97FB-F1FB43E5264C}.Release|Mixed Platforms.ActiveCfg = Release|Any CPU
		{F77C6154-11B1-474F-97FB-F1FB43E5264C}.Release|Mixed Platforms.Build.0 = Release|Any CPU
		{F77C6154-11B1-474F-97FB-F1FB43E5264C}.Release|x64.ActiveCfg = Release|Any CPU
		{F77C6154-11B1-474F-97FB-F1FB43E5264C}.Release|x64.Build.0 = Release|Any CPU
		{F77C6154-11B1-474F-97FB-F1FB43E5264C}.Release|x86.ActiveCfg = Release|Any CPU
		{82E7EF28-DE2A-4B89-A70A-62F21BD08C59}.Debug|Any CPU.ActiveCfg = Debug|Any CPU
		{82E7EF28-DE2A-4B89-A70A-62F21BD08C59}.Debug|Any CPU.Build.0 = Debug|Any CPU
		{82E7EF28-DE2A-4B89-A70A-62F21BD08C59}.Debug|Mixed Platforms.ActiveCfg = Debug|Any CPU
		{82E7EF28-DE2A-4B89-A70A-62F21BD08C59}.Debug|Mixed Platforms.Build.0 = Debug|Any CPU
		{82E7EF28-DE2A-4B89-A70A-62F21BD08C59}.Debug|x64.ActiveCfg = Debug|Any CPU
		{82E7EF28-DE2A-4B89-A70A-62F21BD08C59}.Debug|x64.Build.0 = Debug|Any CPU
		{82E7EF28-DE2A-4B89-A70A-62F21BD08C59}.Debug|x86.ActiveCfg = Debug|Any CPU
		{82E7EF28-DE2A-4B89-A70A-62F21BD08C59}.Release|Any CPU.ActiveCfg = Release|Any CPU
		{82E7EF28-DE2A-4B89-A70A-62F21BD08C59}.Release|Any CPU.Build.0 = Release|Any CPU
		{82E7EF28-DE2A-4B89-A70A-62F21BD08C59}.Release|Mixed Platforms.ActiveCfg = Release|Any CPU
		{82E7EF28-DE2A-4B89-A70A-62F21BD08C59}.Release|Mixed Platforms.Build.0 = Release|Any CPU
		{82E7EF28-DE2A-4B89-A70A-62F21BD08C59}.Release|x64.ActiveCfg = Release|Any CPU
		{82E7EF28-DE2A-4B89-A70A-62F21BD08C59}.Release|x64.Build.0 = Release|Any CPU
		{82E7EF28-DE2A-4B89-A70A-62F21BD08C59}.Release|x86.ActiveCfg = Release|Any CPU
		{862B5AC4-AC3F-48D7-937A-4E691204FF8B}.Debug|Any CPU.ActiveCfg = Debug|Any CPU
		{862B5AC4-AC3F-48D7-937A-4E691204FF8B}.Debug|Any CPU.Build.0 = Debug|Any CPU
		{862B5AC4-AC3F-48D7-937A-4E691204FF8B}.Debug|Mixed Platforms.ActiveCfg = Debug|Any CPU
		{862B5AC4-AC3F-48D7-937A-4E691204FF8B}.Debug|Mixed Platforms.Build.0 = Debug|Any CPU
		{862B5AC4-AC3F-48D7-937A-4E691204FF8B}.Debug|x64.ActiveCfg = Debug|Any CPU
		{862B5AC4-AC3F-48D7-937A-4E691204FF8B}.Debug|x64.Build.0 = Debug|Any CPU
		{862B5AC4-AC3F-48D7-937A-4E691204FF8B}.Debug|x86.ActiveCfg = Debug|Any CPU
		{862B5AC4-AC3F-48D7-937A-4E691204FF8B}.Release|Any CPU.ActiveCfg = Release|Any CPU
		{862B5AC4-AC3F-48D7-937A-4E691204FF8B}.Release|Any CPU.Build.0 = Release|Any CPU
		{862B5AC4-AC3F-48D7-937A-4E691204FF8B}.Release|Mixed Platforms.ActiveCfg = Release|Any CPU
		{862B5AC4-AC3F-48D7-937A-4E691204FF8B}.Release|Mixed Platforms.Build.0 = Release|Any CPU
		{862B5AC4-AC3F-48D7-937A-4E691204FF8B}.Release|x64.ActiveCfg = Release|Any CPU
		{862B5AC4-AC3F-48D7-937A-4E691204FF8B}.Release|x64.Build.0 = Release|Any CPU
		{862B5AC4-AC3F-48D7-937A-4E691204FF8B}.Release|x86.ActiveCfg = Release|Any CPU
		{01BD8C0C-F391-420E-AD74-6C1CA3584C17}.Debug|Any CPU.ActiveCfg = Debug|Any CPU
		{01BD8C0C-F391-420E-AD74-6C1CA3584C17}.Debug|Any CPU.Build.0 = Debug|Any CPU
		{01BD8C0C-F391-420E-AD74-6C1CA3584C17}.Debug|Mixed Platforms.ActiveCfg = Debug|Any CPU
		{01BD8C0C-F391-420E-AD74-6C1CA3584C17}.Debug|Mixed Platforms.Build.0 = Debug|Any CPU
		{01BD8C0C-F391-420E-AD74-6C1CA3584C17}.Debug|x64.ActiveCfg = Debug|Any CPU
		{01BD8C0C-F391-420E-AD74-6C1CA3584C17}.Debug|x64.Build.0 = Debug|Any CPU
		{01BD8C0C-F391-420E-AD74-6C1CA3584C17}.Debug|x86.ActiveCfg = Debug|Any CPU
		{01BD8C0C-F391-420E-AD74-6C1CA3584C17}.Release|Any CPU.ActiveCfg = Release|Any CPU
		{01BD8C0C-F391-420E-AD74-6C1CA3584C17}.Release|Any CPU.Build.0 = Release|Any CPU
		{01BD8C0C-F391-420E-AD74-6C1CA3584C17}.Release|Mixed Platforms.ActiveCfg = Release|Any CPU
		{01BD8C0C-F391-420E-AD74-6C1CA3584C17}.Release|Mixed Platforms.Build.0 = Release|Any CPU
		{01BD8C0C-F391-420E-AD74-6C1CA3584C17}.Release|x64.ActiveCfg = Release|Any CPU
		{01BD8C0C-F391-420E-AD74-6C1CA3584C17}.Release|x64.Build.0 = Release|Any CPU
		{01BD8C0C-F391-420E-AD74-6C1CA3584C17}.Release|x86.ActiveCfg = Release|Any CPU
		{AEF304CD-C27C-46A4-ACA9-D3EBECAF0F5F}.Debug|Any CPU.ActiveCfg = Debug|Any CPU
		{AEF304CD-C27C-46A4-ACA9-D3EBECAF0F5F}.Debug|Any CPU.Build.0 = Debug|Any CPU
		{AEF304CD-C27C-46A4-ACA9-D3EBECAF0F5F}.Debug|Mixed Platforms.ActiveCfg = Debug|Any CPU
		{AEF304CD-C27C-46A4-ACA9-D3EBECAF0F5F}.Debug|Mixed Platforms.Build.0 = Debug|Any CPU
		{AEF304CD-C27C-46A4-ACA9-D3EBECAF0F5F}.Debug|x64.ActiveCfg = Debug|Any CPU
		{AEF304CD-C27C-46A4-ACA9-D3EBECAF0F5F}.Debug|x64.Build.0 = Debug|Any CPU
		{AEF304CD-C27C-46A4-ACA9-D3EBECAF0F5F}.Debug|x86.ActiveCfg = Debug|Any CPU
		{AEF304CD-C27C-46A4-ACA9-D3EBECAF0F5F}.Release|Any CPU.ActiveCfg = Release|Any CPU
		{AEF304CD-C27C-46A4-ACA9-D3EBECAF0F5F}.Release|Any CPU.Build.0 = Release|Any CPU
		{AEF304CD-C27C-46A4-ACA9-D3EBECAF0F5F}.Release|Mixed Platforms.ActiveCfg = Release|Any CPU
		{AEF304CD-C27C-46A4-ACA9-D3EBECAF0F5F}.Release|Mixed Platforms.Build.0 = Release|Any CPU
		{AEF304CD-C27C-46A4-ACA9-D3EBECAF0F5F}.Release|x64.ActiveCfg = Release|Any CPU
		{AEF304CD-C27C-46A4-ACA9-D3EBECAF0F5F}.Release|x64.Build.0 = Release|Any CPU
		{AEF304CD-C27C-46A4-ACA9-D3EBECAF0F5F}.Release|x86.ActiveCfg = Release|Any CPU
		{CE557F9B-F7D2-49FA-A0D0-33979083FED5}.Debug|Any CPU.ActiveCfg = Debug|Any CPU
		{CE557F9B-F7D2-49FA-A0D0-33979083FED5}.Debug|Any CPU.Build.0 = Debug|Any CPU
		{CE557F9B-F7D2-49FA-A0D0-33979083FED5}.Debug|Mixed Platforms.ActiveCfg = Debug|Any CPU
		{CE557F9B-F7D2-49FA-A0D0-33979083FED5}.Debug|Mixed Platforms.Build.0 = Debug|Any CPU
		{CE557F9B-F7D2-49FA-A0D0-33979083FED5}.Debug|x64.ActiveCfg = Debug|Any CPU
		{CE557F9B-F7D2-49FA-A0D0-33979083FED5}.Debug|x64.Build.0 = Debug|Any CPU
		{CE557F9B-F7D2-49FA-A0D0-33979083FED5}.Debug|x86.ActiveCfg = Debug|Any CPU
		{CE557F9B-F7D2-49FA-A0D0-33979083FED5}.Debug|x86.Build.0 = Debug|Any CPU
		{CE557F9B-F7D2-49FA-A0D0-33979083FED5}.Release|Any CPU.ActiveCfg = Release|Any CPU
		{CE557F9B-F7D2-49FA-A0D0-33979083FED5}.Release|Any CPU.Build.0 = Release|Any CPU
		{CE557F9B-F7D2-49FA-A0D0-33979083FED5}.Release|Mixed Platforms.ActiveCfg = Release|Any CPU
		{CE557F9B-F7D2-49FA-A0D0-33979083FED5}.Release|Mixed Platforms.Build.0 = Release|Any CPU
		{CE557F9B-F7D2-49FA-A0D0-33979083FED5}.Release|x64.ActiveCfg = Release|Any CPU
		{CE557F9B-F7D2-49FA-A0D0-33979083FED5}.Release|x64.Build.0 = Release|Any CPU
		{CE557F9B-F7D2-49FA-A0D0-33979083FED5}.Release|x86.ActiveCfg = Release|Any CPU
		{CE557F9B-F7D2-49FA-A0D0-33979083FED5}.Release|x86.Build.0 = Release|Any CPU
		{89E8C070-4694-4F11-AB01-A674BF8B9F80}.Debug|Any CPU.ActiveCfg = Debug|Any CPU
		{89E8C070-4694-4F11-AB01-A674BF8B9F80}.Debug|Any CPU.Build.0 = Debug|Any CPU
		{89E8C070-4694-4F11-AB01-A674BF8B9F80}.Debug|Mixed Platforms.ActiveCfg = Debug|x86
		{89E8C070-4694-4F11-AB01-A674BF8B9F80}.Debug|Mixed Platforms.Build.0 = Debug|x86
		{89E8C070-4694-4F11-AB01-A674BF8B9F80}.Debug|x64.ActiveCfg = Debug|x64
		{89E8C070-4694-4F11-AB01-A674BF8B9F80}.Debug|x64.Build.0 = Debug|x64
		{89E8C070-4694-4F11-AB01-A674BF8B9F80}.Debug|x86.ActiveCfg = Debug|x86
		{89E8C070-4694-4F11-AB01-A674BF8B9F80}.Debug|x86.Build.0 = Debug|x86
		{89E8C070-4694-4F11-AB01-A674BF8B9F80}.Release|Any CPU.ActiveCfg = Release|Any CPU
		{89E8C070-4694-4F11-AB01-A674BF8B9F80}.Release|Any CPU.Build.0 = Release|Any CPU
		{89E8C070-4694-4F11-AB01-A674BF8B9F80}.Release|Mixed Platforms.ActiveCfg = Release|x86
		{89E8C070-4694-4F11-AB01-A674BF8B9F80}.Release|Mixed Platforms.Build.0 = Release|x86
		{89E8C070-4694-4F11-AB01-A674BF8B9F80}.Release|x64.ActiveCfg = Release|x64
		{89E8C070-4694-4F11-AB01-A674BF8B9F80}.Release|x64.Build.0 = Release|x64
		{89E8C070-4694-4F11-AB01-A674BF8B9F80}.Release|x86.ActiveCfg = Release|x86
		{89E8C070-4694-4F11-AB01-A674BF8B9F80}.Release|x86.Build.0 = Release|x86
		{94070B1D-6DE4-4D45-B2B9-5DA09D0E15C9}.Debug|Any CPU.ActiveCfg = Debug|Any CPU
		{94070B1D-6DE4-4D45-B2B9-5DA09D0E15C9}.Debug|Any CPU.Build.0 = Debug|Any CPU
		{94070B1D-6DE4-4D45-B2B9-5DA09D0E15C9}.Debug|Mixed Platforms.ActiveCfg = Debug|Any CPU
		{94070B1D-6DE4-4D45-B2B9-5DA09D0E15C9}.Debug|Mixed Platforms.Build.0 = Debug|Any CPU
		{94070B1D-6DE4-4D45-B2B9-5DA09D0E15C9}.Debug|x64.ActiveCfg = Debug|Any CPU
		{94070B1D-6DE4-4D45-B2B9-5DA09D0E15C9}.Debug|x64.Build.0 = Debug|Any CPU
		{94070B1D-6DE4-4D45-B2B9-5DA09D0E15C9}.Debug|x86.ActiveCfg = Debug|Any CPU
		{94070B1D-6DE4-4D45-B2B9-5DA09D0E15C9}.Debug|x86.Build.0 = Debug|Any CPU
		{94070B1D-6DE4-4D45-B2B9-5DA09D0E15C9}.Release|Any CPU.ActiveCfg = Release|Any CPU
		{94070B1D-6DE4-4D45-B2B9-5DA09D0E15C9}.Release|Any CPU.Build.0 = Release|Any CPU
		{94070B1D-6DE4-4D45-B2B9-5DA09D0E15C9}.Release|Mixed Platforms.ActiveCfg = Release|Any CPU
		{94070B1D-6DE4-4D45-B2B9-5DA09D0E15C9}.Release|Mixed Platforms.Build.0 = Release|Any CPU
		{94070B1D-6DE4-4D45-B2B9-5DA09D0E15C9}.Release|x64.ActiveCfg = Release|Any CPU
		{94070B1D-6DE4-4D45-B2B9-5DA09D0E15C9}.Release|x64.Build.0 = Release|Any CPU
		{94070B1D-6DE4-4D45-B2B9-5DA09D0E15C9}.Release|x86.ActiveCfg = Release|Any CPU
		{94070B1D-6DE4-4D45-B2B9-5DA09D0E15C9}.Release|x86.Build.0 = Release|Any CPU
	EndGlobalSection
	GlobalSection(SolutionProperties) = preSolution
		HideSolutionNode = FALSE
	EndGlobalSection
	GlobalSection(ExtensibilityGlobals) = postSolution
		SolutionGuid = {2E9964BA-8662-4D2B-891D-6395A765F8A8}
	EndGlobalSection
EndGlobal
