
Microsoft Visual Studio Solution File, Format Version 10.00
# Visual Studio 2008
Project("{FAE04EC0-301F-11D3-BF4B-00C04F79EFBC}") = "MST_Win_Server_Licensing", "MST_Win_Server_Licensing\MST_Win_Server_Licensing.csproj", "{BE27325B-E254-4996-8195-48E9390C048C}"
EndProject
Global
	GlobalSection(SolutionConfigurationPlatforms) = preSolution
		Debug|Any CPU = Debug|Any CPU
		Release|Any CPU = Release|Any CPU
	EndGlobalSection
	GlobalSection(ProjectConfigurationPlatforms) = postSolution
		{BE27325B-E254-4996-8195-48E9390C048C}.Debug|Any CPU.ActiveCfg = Debug|Any CPU
		{BE27325B-E254-4996-8195-48E9390C048C}.Debug|Any CPU.Build.0 = Debug|Any CPU
		{BE27325B-E254-4996-8195-48E9390C048C}.Release|Any CPU.ActiveCfg = Release|Any CPU
		{BE27325B-E254-4996-8195-48E9390C048C}.Release|Any CPU.Build.0 = Release|Any CPU
	EndGlobalSection
	GlobalSection(SolutionProperties) = preSolution
		HideSolutionNode = FALSE
	EndGlobalSection
EndGlobal
