Microsoft Visual Studio Solution File, Format Version 12.00
# Visual Studio Version 16
VisualStudioVersion = 16.0.29418.71
MinimumVisualStudioVersion = 10.0.40219.1
Project("{FAE04EC0-301F-11D3-BF4B-00C04F79EFBC}") = "MST_W_Server", "MST_Win_Kom_Server\MST_W_Server.csproj", "{41BEAAE8-7C93-4E3D-BA2D-FDF95FFBFCF7}"
EndProject
Project("{2150E333-8FDC-42A3-9474-1A3956D46DE8}") = "Solution Items", "Solution Items", "{3BA8DACD-4750-4A8C-9319-26C8330D5244}"
EndProject
Project("{FAE04EC0-301F-11D3-BF4B-00C04F79EFBC}") = "Fask.Server.Interfaces", "Fask.Server.Interfaces\Fask.Server.Interfaces.csproj", "{40594B84-CB0F-4988-B2C0-E2F701E1E062}"
EndProject
Project("{FAE04EC0-301F-11D3-BF4B-00C04F79EFBC}") = "Fask.ModuleSql", "Fask.Server.Modules\Fask.ModuleSql\Fask.ModuleSql.csproj", "{5BE629BA-D8B8-40A7-A80C-A995FA829B8E}"
EndProject
Project("{FAE04EC0-301F-11D3-BF4B-00C04F79EFBC}") = "Fask.Tracing", "Fask.Tracing\Fask.Tracing.csproj", "{14569DD3-5250-4CDB-998E-198BFD548113}"
EndProject
Project("{FAE04EC0-301F-11D3-BF4B-00C04F79EFBC}") = "Fask.MyPath", "Fask.MyPath\Fask.MyPath.csproj", "{49386A7A-1C55-4811-9E73-5AB8206B7802}"
EndProject
Project("{FAE04EC0-301F-11D3-BF4B-00C04F79EFBC}") = "Fask.ModulePohodaXML", "Fask.Server.Modules\Fask.ModulePohodaXML\Fask.ModulePohodaXML.csproj", "{C3F1AC38-70E2-464F-B639-36A54D5E72C6}"
EndProject
Project("{FAE04EC0-301F-11D3-BF4B-00C04F79EFBC}") = "Fask.Module.Print.Hanibal", "Fask.Server.Modules\Fask.Module.Print.Hanibal\Fask.Module.Print.Hanibal.csproj", "{DD08F430-FFDF-4538-96B0-C97B1E4D13CC}"
EndProject
Project("{FAE04EC0-301F-11D3-BF4B-00C04F79EFBC}") = "Fask.Compressing", "Fask.Compressing\Fask.Compressing.csproj", "{D49DB7DE-E8A0-4783-9A10-90F176A52456}"
EndProject
Project("{FAE04EC0-301F-11D3-BF4B-00C04F79EFBC}") = "Fask.Module.Pohoda.I_Tec", "Fask.Server.Modules\Fask.Module.Pohoda.I_Tec\Fask.Module.Pohoda.I_Tec.csproj", "{17AE37DD-B7B9-4A8A-967F-97C5FC6C87B5}"
EndProject
Project("{FAE04EC0-301F-11D3-BF4B-00C04F79EFBC}") = "Fask.Columns", "..\_SdileneProjekty_\Fask.Columns\Fask.Columns.csproj", "{9FE07D18-7A04-4A20-8EE8-929F9BE5DF16}"
	ProjectSection(ProjectDependencies) = postProject
		{89E8C070-4694-4F11-AB01-A674BF8B9F80} = {89E8C070-4694-4F11-AB01-A674BF8B9F80}
	EndProjectSection
EndProject
Project("{FAE04EC0-301F-11D3-BF4B-00C04F79EFBC}") = "Fask.POHODA.Disponibility", "..\_SdileneProjekty_\Fask.POHODA.Disponibility\Fask.POHODA.Disponibility.csproj", "{35A80609-485A-490F-9CA3-B5D302FE5B48}"
EndProject
Project("{FAE04EC0-301F-11D3-BF4B-00C04F79EFBC}") = "FASK.Logins", "..\_SdileneProjekty_\FASK.Logins\FASK.Logins.csproj", "{BC4B8C29-BB68-4E66-9257-356603FCF7D2}"
EndProject
Project("{FAE04EC0-301F-11D3-BF4B-00C04F79EFBC}") = "Fask.Logging", "..\_SdileneProjekty_\Fask.Logging\Fask.Logging.csproj", "{89E8C070-4694-4F11-AB01-A674BF8B9F80}"
EndProject
Project("{FAE04EC0-301F-11D3-BF4B-00C04F79EFBC}") = "Fask.Module.ABRA.CarpServise", "Fask.Server.Modules\Fask.Module.ABRA.CarpServise\Fask.Module.ABRA.CarpServise.csproj", "{5DF25764-EB63-4551-BCDC-66702DAD1945}"
EndProject
Project("{FAE04EC0-301F-11D3-BF4B-00C04F79EFBC}") = "Fask.Module.ABRA.SAB", "Fask.Server.Modules\Fask.Module.ABRA.SAB\Fask.Module.ABRA.SAB.csproj", "{516D19DE-351A-4E3A-9ADC-5B8A88353693}"
EndProject
Project("{FAE04EC0-301F-11D3-BF4B-00C04F79EFBC}") = "Fask.RestSharp", "..\_SdileneProjekty_\Fask.RestSharp\Fask.RestSharp.csproj", "{DCD07EDA-015D-49CB-A3F0-855BC143440F}"
EndProject
Project("{FAE04EC0-301F-11D3-BF4B-00C04F79EFBC}") = "Fask.Rady", "..\_SdileneProjekty_\Fask.Rady\Fask.Rady.csproj", "{789768C6-60F7-43A3-B9A9-9A4B169B9514}"
EndProject
Project("{FAE04EC0-301F-11D3-BF4B-00C04F79EFBC}") = "Fask.Module.Print.GS1", "Fask.Server.Modules\Fask.Module.Print.GS1\Fask.Module.Print.GS1.csproj", "{BF55B012-E5AF-47A3-9991-CD445ADFBB3E}"
EndProject
Project("{FAE04EC0-301F-11D3-BF4B-00C04F79EFBC}") = "Fask.BarCodeGraphics", "..\_SdileneProjekty_\Fask.BarCodeGraphics\Fask.BarCodeGraphics\Fask.BarCodeGraphics.csproj", "{5D2ADC6B-A30D-43EA-BF0D-418C88995295}"
EndProject
Project("{FAE04EC0-301F-11D3-BF4B-00C04F79EFBC}") = "Fask.BarCodeGraphics.ZPL_Zxing", "..\_SdileneProjekty_\Fask.BarCodeGraphics\Fask.BarCodeGraphics.ZPL_Zxing\Fask.BarCodeGraphics.ZPL_Zxing.csproj", "{71BF280F-845E-42C6-BAEF-71FA5843E56C}"
EndProject
Project("{FAE04EC0-301F-11D3-BF4B-00C04F79EFBC}") = "MST_Print_Server_ZPL_Printing", "MST_Win_Print_Server\MST_Print_Server_ZPL_Printing\MST_Print_Server_ZPL_Printing.csproj", "{88781EC6-C097-44A9-9EA7-8B813AEE40D5}"
EndProject
Project("{FAE04EC0-301F-11D3-BF4B-00C04F79EFBC}") = "MST_Print_Server_Soupis", "MST_Win_Print_Server\MST_Print_Server_Soupis\MST_Print_Server_Soupis.csproj", "{0BB681B5-8833-42C2-A4FD-46D063859D01}"
EndProject
Project("{FAE04EC0-301F-11D3-BF4B-00C04F79EFBC}") = "MST_Print_Server_Classes", "MST_Win_Print_Server\MST_Print_Server_Classes\MST_Print_Server_Classes.csproj", "{EAD9D249-56A9-422B-B50B-3831083A5755}"
EndProject
Project("{FAE04EC0-301F-11D3-BF4B-00C04F79EFBC}") = "Fask.BarCode.ReportFactory", "MST_Win_Print_Server\Fask.BarCode.ReportFactory\Fask.BarCode.ReportFactory.csproj", "{85E699C4-E421-4F59-A45A-443C03574105}"
EndProject
Project("{FAE04EC0-301F-11D3-BF4B-00C04F79EFBC}") = "Fask.Module.Ingres.SAD", "Fask.Server.Modules\Fask.Module.Ingress.SAD\Fask.Module.Ingres.SAD.csproj", "{2CEB8FCB-328A-4938-B98A-2DDB42A9A449}"
EndProject
Global
	GlobalSection(SolutionConfigurationPlatforms) = preSolution
		Debug|Any CPU = Debug|Any CPU
		Debug|x64 = Debug|x64
		Debug|x86 = Debug|x86
		Release|Any CPU = Release|Any CPU
		Release|x64 = Release|x64
		Release|x86 = Release|x86
	EndGlobalSection
	GlobalSection(ProjectConfigurationPlatforms) = postSolution
		{41BEAAE8-7C93-4E3D-BA2D-FDF95FFBFCF7}.Debug|Any CPU.ActiveCfg = Debug|Any CPU
		{41BEAAE8-7C93-4E3D-BA2D-FDF95FFBFCF7}.Debug|Any CPU.Build.0 = Debug|Any CPU
		{41BEAAE8-7C93-4E3D-BA2D-FDF95FFBFCF7}.Debug|x64.ActiveCfg = Debug|x64
		{41BEAAE8-7C93-4E3D-BA2D-FDF95FFBFCF7}.Debug|x64.Build.0 = Debug|x64
		{41BEAAE8-7C93-4E3D-BA2D-FDF95FFBFCF7}.Debug|x86.ActiveCfg = Debug|x86
		{41BEAAE8-7C93-4E3D-BA2D-FDF95FFBFCF7}.Debug|x86.Build.0 = Debug|x86
		{41BEAAE8-7C93-4E3D-BA2D-FDF95FFBFCF7}.Release|Any CPU.ActiveCfg = Release|Any CPU
		{41BEAAE8-7C93-4E3D-BA2D-FDF95FFBFCF7}.Release|Any CPU.Build.0 = Release|Any CPU
		{41BEAAE8-7C93-4E3D-BA2D-FDF95FFBFCF7}.Release|x64.ActiveCfg = Release|x64
		{41BEAAE8-7C93-4E3D-BA2D-FDF95FFBFCF7}.Release|x64.Build.0 = Release|x64
		{41BEAAE8-7C93-4E3D-BA2D-FDF95FFBFCF7}.Release|x86.ActiveCfg = Release|x86
		{41BEAAE8-7C93-4E3D-BA2D-FDF95FFBFCF7}.Release|x86.Build.0 = Release|x86
		{40594B84-CB0F-4988-B2C0-E2F701E1E062}.Debug|Any CPU.ActiveCfg = Debug|Any CPU
		{40594B84-CB0F-4988-B2C0-E2F701E1E062}.Debug|Any CPU.Build.0 = Debug|Any CPU
		{40594B84-CB0F-4988-B2C0-E2F701E1E062}.Debug|x64.ActiveCfg = Debug|x64
		{40594B84-CB0F-4988-B2C0-E2F701E1E062}.Debug|x64.Build.0 = Debug|x64
		{40594B84-CB0F-4988-B2C0-E2F701E1E062}.Debug|x86.ActiveCfg = Debug|x86
		{40594B84-CB0F-4988-B2C0-E2F701E1E062}.Debug|x86.Build.0 = Debug|x86
		{40594B84-CB0F-4988-B2C0-E2F701E1E062}.Release|Any CPU.ActiveCfg = Release|Any CPU
		{40594B84-CB0F-4988-B2C0-E2F701E1E062}.Release|Any CPU.Build.0 = Release|Any CPU
		{40594B84-CB0F-4988-B2C0-E2F701E1E062}.Release|x64.ActiveCfg = Release|x64
		{40594B84-CB0F-4988-B2C0-E2F701E1E062}.Release|x64.Build.0 = Release|x64
		{40594B84-CB0F-4988-B2C0-E2F701E1E062}.Release|x86.ActiveCfg = Release|Any CPU
		{5BE629BA-D8B8-40A7-A80C-A995FA829B8E}.Debug|Any CPU.ActiveCfg = Debug|Any CPU
		{5BE629BA-D8B8-40A7-A80C-A995FA829B8E}.Debug|Any CPU.Build.0 = Debug|Any CPU
		{5BE629BA-D8B8-40A7-A80C-A995FA829B8E}.Debug|x64.ActiveCfg = Debug|x64
		{5BE629BA-D8B8-40A7-A80C-A995FA829B8E}.Debug|x64.Build.0 = Debug|x64
		{5BE629BA-D8B8-40A7-A80C-A995FA829B8E}.Debug|x86.ActiveCfg = Debug|x86
		{5BE629BA-D8B8-40A7-A80C-A995FA829B8E}.Debug|x86.Build.0 = Debug|x86
		{5BE629BA-D8B8-40A7-A80C-A995FA829B8E}.Release|Any CPU.ActiveCfg = Release|Any CPU
		{5BE629BA-D8B8-40A7-A80C-A995FA829B8E}.Release|Any CPU.Build.0 = Release|Any CPU
		{5BE629BA-D8B8-40A7-A80C-A995FA829B8E}.Release|x64.ActiveCfg = Release|x64
		{5BE629BA-D8B8-40A7-A80C-A995FA829B8E}.Release|x64.Build.0 = Release|x64
		{5BE629BA-D8B8-40A7-A80C-A995FA829B8E}.Release|x86.ActiveCfg = Release|Any CPU
		{14569DD3-5250-4CDB-998E-198BFD548113}.Debug|Any CPU.ActiveCfg = Debug|Any CPU
		{14569DD3-5250-4CDB-998E-198BFD548113}.Debug|Any CPU.Build.0 = Debug|Any CPU
		{14569DD3-5250-4CDB-998E-198BFD548113}.Debug|x64.ActiveCfg = Debug|x64
		{14569DD3-5250-4CDB-998E-198BFD548113}.Debug|x64.Build.0 = Debug|x64
		{14569DD3-5250-4CDB-998E-198BFD548113}.Debug|x86.ActiveCfg = Debug|x86
		{14569DD3-5250-4CDB-998E-198BFD548113}.Debug|x86.Build.0 = Debug|x86
		{14569DD3-5250-4CDB-998E-198BFD548113}.Release|Any CPU.ActiveCfg = Release|Any CPU
		{14569DD3-5250-4CDB-998E-198BFD548113}.Release|Any CPU.Build.0 = Release|Any CPU
		{14569DD3-5250-4CDB-998E-198BFD548113}.Release|x64.ActiveCfg = Release|x64
		{14569DD3-5250-4CDB-998E-198BFD548113}.Release|x64.Build.0 = Release|x64
		{14569DD3-5250-4CDB-998E-198BFD548113}.Release|x86.ActiveCfg = Release|Any CPU
		{49386A7A-1C55-4811-9E73-5AB8206B7802}.Debug|Any CPU.ActiveCfg = Debug|Any CPU
		{49386A7A-1C55-4811-9E73-5AB8206B7802}.Debug|Any CPU.Build.0 = Debug|Any CPU
		{49386A7A-1C55-4811-9E73-5AB8206B7802}.Debug|x64.ActiveCfg = Debug|x64
		{49386A7A-1C55-4811-9E73-5AB8206B7802}.Debug|x64.Build.0 = Debug|x64
		{49386A7A-1C55-4811-9E73-5AB8206B7802}.Debug|x86.ActiveCfg = Debug|x86
		{49386A7A-1C55-4811-9E73-5AB8206B7802}.Debug|x86.Build.0 = Debug|x86
		{49386A7A-1C55-4811-9E73-5AB8206B7802}.Release|Any CPU.ActiveCfg = Release|Any CPU
		{49386A7A-1C55-4811-9E73-5AB8206B7802}.Release|Any CPU.Build.0 = Release|Any CPU
		{49386A7A-1C55-4811-9E73-5AB8206B7802}.Release|x64.ActiveCfg = Release|x64
		{49386A7A-1C55-4811-9E73-5AB8206B7802}.Release|x64.Build.0 = Release|x64
		{49386A7A-1C55-4811-9E73-5AB8206B7802}.Release|x86.ActiveCfg = Release|Any CPU
		{C3F1AC38-70E2-464F-B639-36A54D5E72C6}.Debug|Any CPU.ActiveCfg = Debug|Any CPU
		{C3F1AC38-70E2-464F-B639-36A54D5E72C6}.Debug|Any CPU.Build.0 = Debug|Any CPU
		{C3F1AC38-70E2-464F-B639-36A54D5E72C6}.Debug|x64.ActiveCfg = Debug|x64
		{C3F1AC38-70E2-464F-B639-36A54D5E72C6}.Debug|x64.Build.0 = Debug|x64
		{C3F1AC38-70E2-464F-B639-36A54D5E72C6}.Debug|x86.ActiveCfg = Debug|x86
		{C3F1AC38-70E2-464F-B639-36A54D5E72C6}.Debug|x86.Build.0 = Debug|x86
		{C3F1AC38-70E2-464F-B639-36A54D5E72C6}.Release|Any CPU.ActiveCfg = Release|Any CPU
		{C3F1AC38-70E2-464F-B639-36A54D5E72C6}.Release|Any CPU.Build.0 = Release|Any CPU
		{C3F1AC38-70E2-464F-B639-36A54D5E72C6}.Release|x64.ActiveCfg = Release|x64
		{C3F1AC38-70E2-464F-B639-36A54D5E72C6}.Release|x64.Build.0 = Release|x64
		{C3F1AC38-70E2-464F-B639-36A54D5E72C6}.Release|x86.ActiveCfg = Release|Any CPU
		{DD08F430-FFDF-4538-96B0-C97B1E4D13CC}.Debug|Any CPU.ActiveCfg = Debug|Any CPU
		{DD08F430-FFDF-4538-96B0-C97B1E4D13CC}.Debug|Any CPU.Build.0 = Debug|Any CPU
		{DD08F430-FFDF-4538-96B0-C97B1E4D13CC}.Debug|x64.ActiveCfg = Debug|x64
		{DD08F430-FFDF-4538-96B0-C97B1E4D13CC}.Debug|x64.Build.0 = Debug|x64
		{DD08F430-FFDF-4538-96B0-C97B1E4D13CC}.Debug|x86.ActiveCfg = Debug|x86
		{DD08F430-FFDF-4538-96B0-C97B1E4D13CC}.Debug|x86.Build.0 = Debug|x86
		{DD08F430-FFDF-4538-96B0-C97B1E4D13CC}.Release|Any CPU.ActiveCfg = Release|Any CPU
		{DD08F430-FFDF-4538-96B0-C97B1E4D13CC}.Release|Any CPU.Build.0 = Release|Any CPU
		{DD08F430-FFDF-4538-96B0-C97B1E4D13CC}.Release|x64.ActiveCfg = Release|x64
		{DD08F430-FFDF-4538-96B0-C97B1E4D13CC}.Release|x64.Build.0 = Release|x64
		{DD08F430-FFDF-4538-96B0-C97B1E4D13CC}.Release|x86.ActiveCfg = Release|Any CPU
		{D49DB7DE-E8A0-4783-9A10-90F176A52456}.Debug|Any CPU.ActiveCfg = Debug|Any CPU
		{D49DB7DE-E8A0-4783-9A10-90F176A52456}.Debug|Any CPU.Build.0 = Debug|Any CPU
		{D49DB7DE-E8A0-4783-9A10-90F176A52456}.Debug|x64.ActiveCfg = Debug|x64
		{D49DB7DE-E8A0-4783-9A10-90F176A52456}.Debug|x64.Build.0 = Debug|x64
		{D49DB7DE-E8A0-4783-9A10-90F176A52456}.Debug|x86.ActiveCfg = Debug|x86
		{D49DB7DE-E8A0-4783-9A10-90F176A52456}.Debug|x86.Build.0 = Debug|x86
		{D49DB7DE-E8A0-4783-9A10-90F176A52456}.Release|Any CPU.ActiveCfg = Release|Any CPU
		{D49DB7DE-E8A0-4783-9A10-90F176A52456}.Release|Any CPU.Build.0 = Release|Any CPU
		{D49DB7DE-E8A0-4783-9A10-90F176A52456}.Release|x64.ActiveCfg = Release|x64
		{D49DB7DE-E8A0-4783-9A10-90F176A52456}.Release|x64.Build.0 = Release|x64
		{D49DB7DE-E8A0-4783-9A10-90F176A52456}.Release|x86.ActiveCfg = Release|Any CPU
		{17AE37DD-B7B9-4A8A-967F-97C5FC6C87B5}.Debug|Any CPU.ActiveCfg = Debug|Any CPU
		{17AE37DD-B7B9-4A8A-967F-97C5FC6C87B5}.Debug|Any CPU.Build.0 = Debug|Any CPU
		{17AE37DD-B7B9-4A8A-967F-97C5FC6C87B5}.Debug|x64.ActiveCfg = Debug|x64
		{17AE37DD-B7B9-4A8A-967F-97C5FC6C87B5}.Debug|x64.Build.0 = Debug|x64
		{17AE37DD-B7B9-4A8A-967F-97C5FC6C87B5}.Debug|x86.ActiveCfg = Debug|x86
		{17AE37DD-B7B9-4A8A-967F-97C5FC6C87B5}.Debug|x86.Build.0 = Debug|x86
		{17AE37DD-B7B9-4A8A-967F-97C5FC6C87B5}.Release|Any CPU.ActiveCfg = Release|Any CPU
		{17AE37DD-B7B9-4A8A-967F-97C5FC6C87B5}.Release|Any CPU.Build.0 = Release|Any CPU
		{17AE37DD-B7B9-4A8A-967F-97C5FC6C87B5}.Release|x64.ActiveCfg = Release|x64
		{17AE37DD-B7B9-4A8A-967F-97C5FC6C87B5}.Release|x64.Build.0 = Release|x64
		{17AE37DD-B7B9-4A8A-967F-97C5FC6C87B5}.Release|x86.ActiveCfg = Release|Any CPU
		{9FE07D18-7A04-4A20-8EE8-929F9BE5DF16}.Debug|Any CPU.ActiveCfg = Debug|Any CPU
		{9FE07D18-7A04-4A20-8EE8-929F9BE5DF16}.Debug|Any CPU.Build.0 = Debug|Any CPU
		{9FE07D18-7A04-4A20-8EE8-929F9BE5DF16}.Debug|x64.ActiveCfg = Debug|x64
		{9FE07D18-7A04-4A20-8EE8-929F9BE5DF16}.Debug|x64.Build.0 = Debug|x64
		{9FE07D18-7A04-4A20-8EE8-929F9BE5DF16}.Debug|x86.ActiveCfg = Debug|x86
		{9FE07D18-7A04-4A20-8EE8-929F9BE5DF16}.Debug|x86.Build.0 = Debug|x86
		{9FE07D18-7A04-4A20-8EE8-929F9BE5DF16}.Release|Any CPU.ActiveCfg = Release|Any CPU
		{9FE07D18-7A04-4A20-8EE8-929F9BE5DF16}.Release|Any CPU.Build.0 = Release|Any CPU
		{9FE07D18-7A04-4A20-8EE8-929F9BE5DF16}.Release|x64.ActiveCfg = Release|x64
		{9FE07D18-7A04-4A20-8EE8-929F9BE5DF16}.Release|x64.Build.0 = Release|x64
		{9FE07D18-7A04-4A20-8EE8-929F9BE5DF16}.Release|x86.ActiveCfg = Release|Any CPU
		{35A80609-485A-490F-9CA3-B5D302FE5B48}.Debug|Any CPU.ActiveCfg = Debug|Any CPU
		{35A80609-485A-490F-9CA3-B5D302FE5B48}.Debug|Any CPU.Build.0 = Debug|Any CPU
		{35A80609-485A-490F-9CA3-B5D302FE5B48}.Debug|x64.ActiveCfg = Debug|x64
		{35A80609-485A-490F-9CA3-B5D302FE5B48}.Debug|x64.Build.0 = Debug|x64
		{35A80609-485A-490F-9CA3-B5D302FE5B48}.Debug|x86.ActiveCfg = Debug|x86
		{35A80609-485A-490F-9CA3-B5D302FE5B48}.Debug|x86.Build.0 = Debug|x86
		{35A80609-485A-490F-9CA3-B5D302FE5B48}.Release|Any CPU.ActiveCfg = Release|Any CPU
		{35A80609-485A-490F-9CA3-B5D302FE5B48}.Release|Any CPU.Build.0 = Release|Any CPU
		{35A80609-485A-490F-9CA3-B5D302FE5B48}.Release|x64.ActiveCfg = Release|x64
		{35A80609-485A-490F-9CA3-B5D302FE5B48}.Release|x64.Build.0 = Release|x64
		{35A80609-485A-490F-9CA3-B5D302FE5B48}.Release|x86.ActiveCfg = Release|Any CPU
		{BC4B8C29-BB68-4E66-9257-356603FCF7D2}.Debug|Any CPU.ActiveCfg = Debug|Any CPU
		{BC4B8C29-BB68-4E66-9257-356603FCF7D2}.Debug|Any CPU.Build.0 = Debug|Any CPU
		{BC4B8C29-BB68-4E66-9257-356603FCF7D2}.Debug|x64.ActiveCfg = Debug|x64
		{BC4B8C29-BB68-4E66-9257-356603FCF7D2}.Debug|x64.Build.0 = Debug|x64
		{BC4B8C29-BB68-4E66-9257-356603FCF7D2}.Debug|x86.ActiveCfg = Debug|x86
		{BC4B8C29-BB68-4E66-9257-356603FCF7D2}.Debug|x86.Build.0 = Debug|x86
		{BC4B8C29-BB68-4E66-9257-356603FCF7D2}.Release|Any CPU.ActiveCfg = Release|Any CPU
		{BC4B8C29-BB68-4E66-9257-356603FCF7D2}.Release|Any CPU.Build.0 = Release|Any CPU
		{BC4B8C29-BB68-4E66-9257-356603FCF7D2}.Release|x64.ActiveCfg = Release|x64
		{BC4B8C29-BB68-4E66-9257-356603FCF7D2}.Release|x64.Build.0 = Release|x64
		{BC4B8C29-BB68-4E66-9257-356603FCF7D2}.Release|x86.ActiveCfg = Release|Any CPU
		{89E8C070-4694-4F11-AB01-A674BF8B9F80}.Debug|Any CPU.ActiveCfg = Debug|Any CPU
		{89E8C070-4694-4F11-AB01-A674BF8B9F80}.Debug|Any CPU.Build.0 = Debug|Any CPU
		{89E8C070-4694-4F11-AB01-A674BF8B9F80}.Debug|x64.ActiveCfg = Debug|x64
		{89E8C070-4694-4F11-AB01-A674BF8B9F80}.Debug|x64.Build.0 = Debug|x64
		{89E8C070-4694-4F11-AB01-A674BF8B9F80}.Debug|x86.ActiveCfg = Debug|x86
		{89E8C070-4694-4F11-AB01-A674BF8B9F80}.Debug|x86.Build.0 = Debug|x86
		{89E8C070-4694-4F11-AB01-A674BF8B9F80}.Release|Any CPU.ActiveCfg = Release|Any CPU
		{89E8C070-4694-4F11-AB01-A674BF8B9F80}.Release|Any CPU.Build.0 = Release|Any CPU
		{89E8C070-4694-4F11-AB01-A674BF8B9F80}.Release|x64.ActiveCfg = Release|x64
		{89E8C070-4694-4F11-AB01-A674BF8B9F80}.Release|x64.Build.0 = Release|x64
		{89E8C070-4694-4F11-AB01-A674BF8B9F80}.Release|x86.ActiveCfg = Release|Any CPU
		{5DF25764-EB63-4551-BCDC-66702DAD1945}.Debug|Any CPU.ActiveCfg = Debug|Any CPU
		{5DF25764-EB63-4551-BCDC-66702DAD1945}.Debug|Any CPU.Build.0 = Debug|Any CPU
		{5DF25764-EB63-4551-BCDC-66702DAD1945}.Debug|x64.ActiveCfg = Debug|x64
		{5DF25764-EB63-4551-BCDC-66702DAD1945}.Debug|x64.Build.0 = Debug|x64
		{5DF25764-EB63-4551-BCDC-66702DAD1945}.Debug|x86.ActiveCfg = Debug|x86
		{5DF25764-EB63-4551-BCDC-66702DAD1945}.Debug|x86.Build.0 = Debug|x86
		{5DF25764-EB63-4551-BCDC-66702DAD1945}.Release|Any CPU.ActiveCfg = Release|Any CPU
		{5DF25764-EB63-4551-BCDC-66702DAD1945}.Release|Any CPU.Build.0 = Release|Any CPU
		{5DF25764-EB63-4551-BCDC-66702DAD1945}.Release|x64.ActiveCfg = Release|x64
		{5DF25764-EB63-4551-BCDC-66702DAD1945}.Release|x64.Build.0 = Release|x64
		{5DF25764-EB63-4551-BCDC-66702DAD1945}.Release|x86.ActiveCfg = Release|Any CPU
		{5DF25764-EB63-4551-BCDC-66702DAD1945}.Release|x86.Build.0 = Release|Any CPU
		{516D19DE-351A-4E3A-9ADC-5B8A88353693}.Debug|Any CPU.ActiveCfg = Debug|Any CPU
		{516D19DE-351A-4E3A-9ADC-5B8A88353693}.Debug|Any CPU.Build.0 = Debug|Any CPU
		{516D19DE-351A-4E3A-9ADC-5B8A88353693}.Debug|x64.ActiveCfg = Debug|x64
		{516D19DE-351A-4E3A-9ADC-5B8A88353693}.Debug|x64.Build.0 = Debug|x64
		{516D19DE-351A-4E3A-9ADC-5B8A88353693}.Debug|x86.ActiveCfg = Debug|x86
		{516D19DE-351A-4E3A-9ADC-5B8A88353693}.Debug|x86.Build.0 = Debug|x86
		{516D19DE-351A-4E3A-9ADC-5B8A88353693}.Release|Any CPU.ActiveCfg = Release|Any CPU
		{516D19DE-351A-4E3A-9ADC-5B8A88353693}.Release|Any CPU.Build.0 = Release|Any CPU
		{516D19DE-351A-4E3A-9ADC-5B8A88353693}.Release|x64.ActiveCfg = Release|x64
		{516D19DE-351A-4E3A-9ADC-5B8A88353693}.Release|x64.Build.0 = Release|x64
		{516D19DE-351A-4E3A-9ADC-5B8A88353693}.Release|x86.ActiveCfg = Release|Any CPU
		{516D19DE-351A-4E3A-9ADC-5B8A88353693}.Release|x86.Build.0 = Release|Any CPU
		{DCD07EDA-015D-49CB-A3F0-855BC143440F}.Debug|Any CPU.ActiveCfg = Debug|Any CPU
		{DCD07EDA-015D-49CB-A3F0-855BC143440F}.Debug|Any CPU.Build.0 = Debug|Any CPU
		{DCD07EDA-015D-49CB-A3F0-855BC143440F}.Debug|x64.ActiveCfg = Debug|x64
		{DCD07EDA-015D-49CB-A3F0-855BC143440F}.Debug|x64.Build.0 = Debug|x64
		{DCD07EDA-015D-49CB-A3F0-855BC143440F}.Debug|x86.ActiveCfg = Debug|x86
		{DCD07EDA-015D-49CB-A3F0-855BC143440F}.Debug|x86.Build.0 = Debug|x86
		{DCD07EDA-015D-49CB-A3F0-855BC143440F}.Release|Any CPU.ActiveCfg = Release|Any CPU
		{DCD07EDA-015D-49CB-A3F0-855BC143440F}.Release|Any CPU.Build.0 = Release|Any CPU
		{DCD07EDA-015D-49CB-A3F0-855BC143440F}.Release|x64.ActiveCfg = Release|x64
		{DCD07EDA-015D-49CB-A3F0-855BC143440F}.Release|x64.Build.0 = Release|x64
		{DCD07EDA-015D-49CB-A3F0-855BC143440F}.Release|x86.ActiveCfg = Release|Any CPU
		{DCD07EDA-015D-49CB-A3F0-855BC143440F}.Release|x86.Build.0 = Release|Any CPU
		{789768C6-60F7-43A3-B9A9-9A4B169B9514}.Debug|Any CPU.ActiveCfg = Debug|Any CPU
		{789768C6-60F7-43A3-B9A9-9A4B169B9514}.Debug|Any CPU.Build.0 = Debug|Any CPU
		{789768C6-60F7-43A3-B9A9-9A4B169B9514}.Debug|x64.ActiveCfg = Debug|x64
		{789768C6-60F7-43A3-B9A9-9A4B169B9514}.Debug|x64.Build.0 = Debug|x64
		{789768C6-60F7-43A3-B9A9-9A4B169B9514}.Debug|x86.ActiveCfg = Debug|x86
		{789768C6-60F7-43A3-B9A9-9A4B169B9514}.Debug|x86.Build.0 = Debug|x86
		{789768C6-60F7-43A3-B9A9-9A4B169B9514}.Release|Any CPU.ActiveCfg = Release|Any CPU
		{789768C6-60F7-43A3-B9A9-9A4B169B9514}.Release|Any CPU.Build.0 = Release|Any CPU
		{789768C6-60F7-43A3-B9A9-9A4B169B9514}.Release|x64.ActiveCfg = Release|x64
		{789768C6-60F7-43A3-B9A9-9A4B169B9514}.Release|x64.Build.0 = Release|x64
		{789768C6-60F7-43A3-B9A9-9A4B169B9514}.Release|x86.ActiveCfg = Release|Any CPU
		{789768C6-60F7-43A3-B9A9-9A4B169B9514}.Release|x86.Build.0 = Release|Any CPU
		{BF55B012-E5AF-47A3-9991-CD445ADFBB3E}.Debug|Any CPU.ActiveCfg = Debug|Any CPU
		{BF55B012-E5AF-47A3-9991-CD445ADFBB3E}.Debug|Any CPU.Build.0 = Debug|Any CPU
		{BF55B012-E5AF-47A3-9991-CD445ADFBB3E}.Debug|x64.ActiveCfg = Debug|x64
		{BF55B012-E5AF-47A3-9991-CD445ADFBB3E}.Debug|x64.Build.0 = Debug|x64
		{BF55B012-E5AF-47A3-9991-CD445ADFBB3E}.Debug|x86.ActiveCfg = Debug|x86
		{BF55B012-E5AF-47A3-9991-CD445ADFBB3E}.Debug|x86.Build.0 = Debug|x86
		{BF55B012-E5AF-47A3-9991-CD445ADFBB3E}.Release|Any CPU.ActiveCfg = Release|Any CPU
		{BF55B012-E5AF-47A3-9991-CD445ADFBB3E}.Release|Any CPU.Build.0 = Release|Any CPU
		{BF55B012-E5AF-47A3-9991-CD445ADFBB3E}.Release|x64.ActiveCfg = Release|x64
		{BF55B012-E5AF-47A3-9991-CD445ADFBB3E}.Release|x64.Build.0 = Release|x64
		{BF55B012-E5AF-47A3-9991-CD445ADFBB3E}.Release|x86.ActiveCfg = Release|Any CPU
		{BF55B012-E5AF-47A3-9991-CD445ADFBB3E}.Release|x86.Build.0 = Release|Any CPU
		{5D2ADC6B-A30D-43EA-BF0D-418C88995295}.Debug|Any CPU.ActiveCfg = Debug|Any CPU
		{5D2ADC6B-A30D-43EA-BF0D-418C88995295}.Debug|Any CPU.Build.0 = Debug|Any CPU
		{5D2ADC6B-A30D-43EA-BF0D-418C88995295}.Debug|x64.ActiveCfg = Debug|x64
		{5D2ADC6B-A30D-43EA-BF0D-418C88995295}.Debug|x64.Build.0 = Debug|x64
		{5D2ADC6B-A30D-43EA-BF0D-418C88995295}.Debug|x86.ActiveCfg = Debug|x86
		{5D2ADC6B-A30D-43EA-BF0D-418C88995295}.Debug|x86.Build.0 = Debug|x86
		{5D2ADC6B-A30D-43EA-BF0D-418C88995295}.Release|Any CPU.ActiveCfg = Release|Any CPU
		{5D2ADC6B-A30D-43EA-BF0D-418C88995295}.Release|Any CPU.Build.0 = Release|Any CPU
		{5D2ADC6B-A30D-43EA-BF0D-418C88995295}.Release|x64.ActiveCfg = Release|x64
		{5D2ADC6B-A30D-43EA-BF0D-418C88995295}.Release|x64.Build.0 = Release|x64
		{5D2ADC6B-A30D-43EA-BF0D-418C88995295}.Release|x86.ActiveCfg = Release|Any CPU
		{5D2ADC6B-A30D-43EA-BF0D-418C88995295}.Release|x86.Build.0 = Release|Any CPU
		{71BF280F-845E-42C6-BAEF-71FA5843E56C}.Debug|Any CPU.ActiveCfg = Debug|Any CPU
		{71BF280F-845E-42C6-BAEF-71FA5843E56C}.Debug|Any CPU.Build.0 = Debug|Any CPU
		{71BF280F-845E-42C6-BAEF-71FA5843E56C}.Debug|x64.ActiveCfg = Debug|x64
		{71BF280F-845E-42C6-BAEF-71FA5843E56C}.Debug|x64.Build.0 = Debug|x64
		{71BF280F-845E-42C6-BAEF-71FA5843E56C}.Debug|x86.ActiveCfg = Debug|x86
		{71BF280F-845E-42C6-BAEF-71FA5843E56C}.Debug|x86.Build.0 = Debug|x86
		{71BF280F-845E-42C6-BAEF-71FA5843E56C}.Release|Any CPU.ActiveCfg = Release|Any CPU
		{71BF280F-845E-42C6-BAEF-71FA5843E56C}.Release|Any CPU.Build.0 = Release|Any CPU
		{71BF280F-845E-42C6-BAEF-71FA5843E56C}.Release|x64.ActiveCfg = Release|x64
		{71BF280F-845E-42C6-BAEF-71FA5843E56C}.Release|x64.Build.0 = Release|x64
		{71BF280F-845E-42C6-BAEF-71FA5843E56C}.Release|x86.ActiveCfg = Release|Any CPU
		{71BF280F-845E-42C6-BAEF-71FA5843E56C}.Release|x86.Build.0 = Release|Any CPU
		{88781EC6-C097-44A9-9EA7-8B813AEE40D5}.Debug|Any CPU.ActiveCfg = Debug|Any CPU
		{88781EC6-C097-44A9-9EA7-8B813AEE40D5}.Debug|Any CPU.Build.0 = Debug|Any CPU
		{88781EC6-C097-44A9-9EA7-8B813AEE40D5}.Debug|x64.ActiveCfg = Debug|x64
		{88781EC6-C097-44A9-9EA7-8B813AEE40D5}.Debug|x64.Build.0 = Debug|x64
		{88781EC6-C097-44A9-9EA7-8B813AEE40D5}.Debug|x86.ActiveCfg = Debug|x86
		{88781EC6-C097-44A9-9EA7-8B813AEE40D5}.Debug|x86.Build.0 = Debug|x86
		{88781EC6-C097-44A9-9EA7-8B813AEE40D5}.Release|Any CPU.ActiveCfg = Release|Any CPU
		{88781EC6-C097-44A9-9EA7-8B813AEE40D5}.Release|Any CPU.Build.0 = Release|Any CPU
		{88781EC6-C097-44A9-9EA7-8B813AEE40D5}.Release|x64.ActiveCfg = Release|x64
		{88781EC6-C097-44A9-9EA7-8B813AEE40D5}.Release|x64.Build.0 = Release|x64
		{88781EC6-C097-44A9-9EA7-8B813AEE40D5}.Release|x86.ActiveCfg = Release|x86
		{88781EC6-C097-44A9-9EA7-8B813AEE40D5}.Release|x86.Build.0 = Release|x86
		{0BB681B5-8833-42C2-A4FD-46D063859D01}.Debug|Any CPU.ActiveCfg = Debug|Any CPU
		{0BB681B5-8833-42C2-A4FD-46D063859D01}.Debug|Any CPU.Build.0 = Debug|Any CPU
		{0BB681B5-8833-42C2-A4FD-46D063859D01}.Debug|x64.ActiveCfg = Debug|x64
		{0BB681B5-8833-42C2-A4FD-46D063859D01}.Debug|x64.Build.0 = Debug|x64
		{0BB681B5-8833-42C2-A4FD-46D063859D01}.Debug|x86.ActiveCfg = Debug|x86
		{0BB681B5-8833-42C2-A4FD-46D063859D01}.Debug|x86.Build.0 = Debug|x86
		{0BB681B5-8833-42C2-A4FD-46D063859D01}.Release|Any CPU.ActiveCfg = Release|Any CPU
		{0BB681B5-8833-42C2-A4FD-46D063859D01}.Release|Any CPU.Build.0 = Release|Any CPU
		{0BB681B5-8833-42C2-A4FD-46D063859D01}.Release|x64.ActiveCfg = Release|x64
		{0BB681B5-8833-42C2-A4FD-46D063859D01}.Release|x64.Build.0 = Release|x64
		{0BB681B5-8833-42C2-A4FD-46D063859D01}.Release|x86.ActiveCfg = Release|x86
		{0BB681B5-8833-42C2-A4FD-46D063859D01}.Release|x86.Build.0 = Release|x86
		{EAD9D249-56A9-422B-B50B-3831083A5755}.Debug|Any CPU.ActiveCfg = Debug|Any CPU
		{EAD9D249-56A9-422B-B50B-3831083A5755}.Debug|Any CPU.Build.0 = Debug|Any CPU
		{EAD9D249-56A9-422B-B50B-3831083A5755}.Debug|x64.ActiveCfg = Debug|x64
		{EAD9D249-56A9-422B-B50B-3831083A5755}.Debug|x64.Build.0 = Debug|x64
		{EAD9D249-56A9-422B-B50B-3831083A5755}.Debug|x86.ActiveCfg = Debug|x86
		{EAD9D249-56A9-422B-B50B-3831083A5755}.Debug|x86.Build.0 = Debug|x86
		{EAD9D249-56A9-422B-B50B-3831083A5755}.Release|Any CPU.ActiveCfg = Release|Any CPU
		{EAD9D249-56A9-422B-B50B-3831083A5755}.Release|Any CPU.Build.0 = Release|Any CPU
		{EAD9D249-56A9-422B-B50B-3831083A5755}.Release|x64.ActiveCfg = Release|x64
		{EAD9D249-56A9-422B-B50B-3831083A5755}.Release|x64.Build.0 = Release|x64
		{EAD9D249-56A9-422B-B50B-3831083A5755}.Release|x86.ActiveCfg = Release|x86
		{EAD9D249-56A9-422B-B50B-3831083A5755}.Release|x86.Build.0 = Release|x86
		{85E699C4-E421-4F59-A45A-443C03574105}.Debug|Any CPU.ActiveCfg = Debug|Any CPU
		{85E699C4-E421-4F59-A45A-443C03574105}.Debug|Any CPU.Build.0 = Debug|Any CPU
		{85E699C4-E421-4F59-A45A-443C03574105}.Debug|x64.ActiveCfg = Debug|x64
		{85E699C4-E421-4F59-A45A-443C03574105}.Debug|x64.Build.0 = Debug|x64
		{85E699C4-E421-4F59-A45A-443C03574105}.Debug|x86.ActiveCfg = Debug|x86
		{85E699C4-E421-4F59-A45A-443C03574105}.Debug|x86.Build.0 = Debug|x86
		{85E699C4-E421-4F59-A45A-443C03574105}.Release|Any CPU.ActiveCfg = Release|Any CPU
		{85E699C4-E421-4F59-A45A-443C03574105}.Release|Any CPU.Build.0 = Release|Any CPU
		{85E699C4-E421-4F59-A45A-443C03574105}.Release|x64.ActiveCfg = Release|x64
		{85E699C4-E421-4F59-A45A-443C03574105}.Release|x64.Build.0 = Release|x64
		{85E699C4-E421-4F59-A45A-443C03574105}.Release|x86.ActiveCfg = Release|x86
		{85E699C4-E421-4F59-A45A-443C03574105}.Release|x86.Build.0 = Release|x86
		{2CEB8FCB-328A-4938-B98A-2DDB42A9A449}.Debug|Any CPU.ActiveCfg = Debug|Any CPU
		{2CEB8FCB-328A-4938-B98A-2DDB42A9A449}.Debug|Any CPU.Build.0 = Debug|Any CPU
		{2CEB8FCB-328A-4938-B98A-2DDB42A9A449}.Debug|x64.ActiveCfg = Debug|x64
		{2CEB8FCB-328A-4938-B98A-2DDB42A9A449}.Debug|x64.Build.0 = Debug|x64
		{2CEB8FCB-328A-4938-B98A-2DDB42A9A449}.Debug|x86.ActiveCfg = Debug|x86
		{2CEB8FCB-328A-4938-B98A-2DDB42A9A449}.Debug|x86.Build.0 = Debug|x86
		{2CEB8FCB-328A-4938-B98A-2DDB42A9A449}.Release|Any CPU.ActiveCfg = Release|Any CPU
		{2CEB8FCB-328A-4938-B98A-2DDB42A9A449}.Release|Any CPU.Build.0 = Release|Any CPU
		{2CEB8FCB-328A-4938-B98A-2DDB42A9A449}.Release|x64.ActiveCfg = Release|x64
		{2CEB8FCB-328A-4938-B98A-2DDB42A9A449}.Release|x64.Build.0 = Release|x64
		{2CEB8FCB-328A-4938-B98A-2DDB42A9A449}.Release|x86.ActiveCfg = Release|x86
		{2CEB8FCB-328A-4938-B98A-2DDB42A9A449}.Release|x86.Build.0 = Release|x86
	EndGlobalSection
	GlobalSection(SolutionProperties) = preSolution
		HideSolutionNode = FALSE
	EndGlobalSection
	GlobalSection(ExtensibilityGlobals) = postSolution
		SolutionGuid = {3A99FDF7-B4B6-4F10-96F2-836CFDF3BD83}
	EndGlobalSection
EndGlobal
