
Microsoft Visual Studio Solution File, Format Version 12.00
# Visual Studio Version 16
VisualStudioVersion = 16.0.29728.190
MinimumVisualStudioVersion = 10.0.40219.1
Project("{FAE04EC0-301F-11D3-BF4B-00C04F79EFBC}") = "Aktualizace_API", "Vyroba_P\Aktualizace_API.csproj", "{5A72732E-5F47-47B3-869D-ACB8C67BD17F}"
EndProject
Project("{FAE04EC0-301F-11D3-BF4B-00C04F79EFBC}") = "Fask.Logging", "..\_SdileneProjekty_\Fask.Logging\Fask.Logging.csproj", "{89E8C070-4694-4F11-AB01-A674BF8B9F80}"
EndProject
Project("{FAE04EC0-301F-11D3-BF4B-00C04F79EFBC}") = "TouchscreenKeyboard", "..\_SdileneProjekty_\TouchscreenKeyboard\TouchscreenKeyboard\TouchscreenKeyboard.csproj", "{94070B1D-6DE4-4D45-B2B9-5DA09D0E15C9}"
EndProject
Project("{FAE04EC0-301F-11D3-BF4B-00C04F79EFBC}") = "Fask.RestSharp", "..\_SdileneProjekty_\Fask.RestSharp\Fask.RestSharp.csproj", "{DCD07EDA-015D-49CB-A3F0-855BC143440F}"
EndProject
Project("{FAE04EC0-301F-11D3-BF4B-00C04F79EFBC}") = "FASK.Palety_SSCC.SQLite", "..\_SdileneProjekty_\FASK.Palety_SSCC.SQLite\FASK.Palety_SSCC.SQLite.csproj", "{BD9F1B1F-4BE5-463F-850F-21A87668DC33}"
EndProject
Global
	GlobalSection(SolutionConfigurationPlatforms) = preSolution
		Debug|Any CPU = Debug|Any CPU
		Debug|x64 = Debug|x64
		Debug|x86 = Debug|x86
		Release|Any CPU = Release|Any CPU
		Release|x64 = Release|x64
		Release|x86 = Release|x86
	EndGlobalSection
	GlobalSection(ProjectConfigurationPlatforms) = postSolution
		{5A72732E-5F47-47B3-869D-ACB8C67BD17F}.Debug|Any CPU.ActiveCfg = Debug|Any CPU
		{5A72732E-5F47-47B3-869D-ACB8C67BD17F}.Debug|Any CPU.Build.0 = Debug|Any CPU
		{5A72732E-5F47-47B3-869D-ACB8C67BD17F}.Debug|x64.ActiveCfg = Debug|Any CPU
		{5A72732E-5F47-47B3-869D-ACB8C67BD17F}.Debug|x64.Build.0 = Debug|Any CPU
		{5A72732E-5F47-47B3-869D-ACB8C67BD17F}.Debug|x86.ActiveCfg = Debug|Any CPU
		{5A72732E-5F47-47B3-869D-ACB8C67BD17F}.Debug|x86.Build.0 = Debug|Any CPU
		{5A72732E-5F47-47B3-869D-ACB8C67BD17F}.Release|Any CPU.ActiveCfg = Release|Any CPU
		{5A72732E-5F47-47B3-869D-ACB8C67BD17F}.Release|Any CPU.Build.0 = Release|Any CPU
		{5A72732E-5F47-47B3-869D-ACB8C67BD17F}.Release|x64.ActiveCfg = Release|Any CPU
		{5A72732E-5F47-47B3-869D-ACB8C67BD17F}.Release|x64.Build.0 = Release|Any CPU
		{5A72732E-5F47-47B3-869D-ACB8C67BD17F}.Release|x86.ActiveCfg = Release|Any CPU
		{5A72732E-5F47-47B3-869D-ACB8C67BD17F}.Release|x86.Build.0 = Release|Any CPU
		{89E8C070-4694-4F11-AB01-A674BF8B9F80}.Debug|Any CPU.ActiveCfg = Debug|Any CPU
		{89E8C070-4694-4F11-AB01-A674BF8B9F80}.Debug|Any CPU.Build.0 = Debug|Any CPU
		{89E8C070-4694-4F11-AB01-A674BF8B9F80}.Debug|x64.ActiveCfg = Debug|x64
		{89E8C070-4694-4F11-AB01-A674BF8B9F80}.Debug|x64.Build.0 = Debug|x64
		{89E8C070-4694-4F11-AB01-A674BF8B9F80}.Debug|x86.ActiveCfg = Debug|x86
		{89E8C070-4694-4F11-AB01-A674BF8B9F80}.Debug|x86.Build.0 = Debug|x86
		{89E8C070-4694-4F11-AB01-A674BF8B9F80}.Release|Any CPU.ActiveCfg = Release|Any CPU
		{89E8C070-4694-4F11-AB01-A674BF8B9F80}.Release|Any CPU.Build.0 = Release|Any CPU
		{89E8C070-4694-4F11-AB01-A674BF8B9F80}.Release|x64.ActiveCfg = Release|x64
		{89E8C070-4694-4F11-AB01-A674BF8B9F80}.Release|x64.Build.0 = Release|x64
		{89E8C070-4694-4F11-AB01-A674BF8B9F80}.Release|x86.ActiveCfg = Release|x86
		{89E8C070-4694-4F11-AB01-A674BF8B9F80}.Release|x86.Build.0 = Release|x86
		{94070B1D-6DE4-4D45-B2B9-5DA09D0E15C9}.Debug|Any CPU.ActiveCfg = Debug|Any CPU
		{94070B1D-6DE4-4D45-B2B9-5DA09D0E15C9}.Debug|Any CPU.Build.0 = Debug|Any CPU
		{94070B1D-6DE4-4D45-B2B9-5DA09D0E15C9}.Debug|x64.ActiveCfg = Debug|Any CPU
		{94070B1D-6DE4-4D45-B2B9-5DA09D0E15C9}.Debug|x64.Build.0 = Debug|Any CPU
		{94070B1D-6DE4-4D45-B2B9-5DA09D0E15C9}.Debug|x86.ActiveCfg = Debug|Any CPU
		{94070B1D-6DE4-4D45-B2B9-5DA09D0E15C9}.Debug|x86.Build.0 = Debug|Any CPU
		{94070B1D-6DE4-4D45-B2B9-5DA09D0E15C9}.Release|Any CPU.ActiveCfg = Release|Any CPU
		{94070B1D-6DE4-4D45-B2B9-5DA09D0E15C9}.Release|Any CPU.Build.0 = Release|Any CPU
		{94070B1D-6DE4-4D45-B2B9-5DA09D0E15C9}.Release|x64.ActiveCfg = Release|Any CPU
		{94070B1D-6DE4-4D45-B2B9-5DA09D0E15C9}.Release|x64.Build.0 = Release|Any CPU
		{94070B1D-6DE4-4D45-B2B9-5DA09D0E15C9}.Release|x86.ActiveCfg = Release|Any CPU
		{94070B1D-6DE4-4D45-B2B9-5DA09D0E15C9}.Release|x86.Build.0 = Release|Any CPU
		{DCD07EDA-015D-49CB-A3F0-855BC143440F}.Debug|Any CPU.ActiveCfg = Debug|Any CPU
		{DCD07EDA-015D-49CB-A3F0-855BC143440F}.Debug|Any CPU.Build.0 = Debug|Any CPU
		{DCD07EDA-015D-49CB-A3F0-855BC143440F}.Debug|x64.ActiveCfg = Debug|x64
		{DCD07EDA-015D-49CB-A3F0-855BC143440F}.Debug|x64.Build.0 = Debug|x64
		{DCD07EDA-015D-49CB-A3F0-855BC143440F}.Debug|x86.ActiveCfg = Debug|x86
		{DCD07EDA-015D-49CB-A3F0-855BC143440F}.Debug|x86.Build.0 = Debug|x86
		{DCD07EDA-015D-49CB-A3F0-855BC143440F}.Release|Any CPU.ActiveCfg = Release|Any CPU
		{DCD07EDA-015D-49CB-A3F0-855BC143440F}.Release|Any CPU.Build.0 = Release|Any CPU
		{DCD07EDA-015D-49CB-A3F0-855BC143440F}.Release|x64.ActiveCfg = Release|x64
		{DCD07EDA-015D-49CB-A3F0-855BC143440F}.Release|x64.Build.0 = Release|x64
		{DCD07EDA-015D-49CB-A3F0-855BC143440F}.Release|x86.ActiveCfg = Release|x86
		{DCD07EDA-015D-49CB-A3F0-855BC143440F}.Release|x86.Build.0 = Release|x86
		{BD9F1B1F-4BE5-463F-850F-21A87668DC33}.Debug|Any CPU.ActiveCfg = Debug|Any CPU
		{BD9F1B1F-4BE5-463F-850F-21A87668DC33}.Debug|Any CPU.Build.0 = Debug|Any CPU
		{BD9F1B1F-4BE5-463F-850F-21A87668DC33}.Debug|x64.ActiveCfg = Debug|Any CPU
		{BD9F1B1F-4BE5-463F-850F-21A87668DC33}.Debug|x64.Build.0 = Debug|Any CPU
		{BD9F1B1F-4BE5-463F-850F-21A87668DC33}.Debug|x86.ActiveCfg = Debug|Any CPU
		{BD9F1B1F-4BE5-463F-850F-21A87668DC33}.Debug|x86.Build.0 = Debug|Any CPU
		{BD9F1B1F-4BE5-463F-850F-21A87668DC33}.Release|Any CPU.ActiveCfg = Release|Any CPU
		{BD9F1B1F-4BE5-463F-850F-21A87668DC33}.Release|Any CPU.Build.0 = Release|Any CPU
		{BD9F1B1F-4BE5-463F-850F-21A87668DC33}.Release|x64.ActiveCfg = Release|Any CPU
		{BD9F1B1F-4BE5-463F-850F-21A87668DC33}.Release|x64.Build.0 = Release|Any CPU
		{BD9F1B1F-4BE5-463F-850F-21A87668DC33}.Release|x86.ActiveCfg = Release|Any CPU
		{BD9F1B1F-4BE5-463F-850F-21A87668DC33}.Release|x86.Build.0 = Release|Any CPU
	EndGlobalSection
	GlobalSection(SolutionProperties) = preSolution
		HideSolutionNode = FALSE
	EndGlobalSection
	GlobalSection(ExtensibilityGlobals) = postSolution
		SolutionGuid = {CA75CD0B-6ED6-4660-A15E-A7032BC8F5B4}
	EndGlobalSection
EndGlobal
