
Microsoft Visual Studio Solution File, Format Version 10.00
# Visual Studio 2008
Project("{FAE04EC0-301F-11D3-BF4B-00C04F79EFBC}") = "ZZS_Servis_096_AD", "ZZS_Servis_096_AD\ZZS_Servis_096_AD.csproj", "{F228002F-98F7-40E3-9A61-B0681CF8986A}"
EndProject
Global
	GlobalSection(SolutionConfigurationPlatforms) = preSolution
		Debug|Any CPU = Debug|Any CPU
		Release|Any CPU = Release|Any CPU
	EndGlobalSection
	GlobalSection(ProjectConfigurationPlatforms) = postSolution
		{F228002F-98F7-40E3-9A61-B0681CF8986A}.Debug|Any CPU.ActiveCfg = Debug|Any CPU
		{F228002F-98F7-40E3-9A61-B0681CF8986A}.Debug|Any CPU.Build.0 = Debug|Any CPU
		{F228002F-98F7-40E3-9A61-B0681CF8986A}.Release|Any CPU.ActiveCfg = Release|Any CPU
		{F228002F-98F7-40E3-9A61-B0681CF8986A}.Release|Any CPU.Build.0 = Release|Any CPU
	EndGlobalSection
	GlobalSection(SolutionProperties) = preSolution
		HideSolutionNode = FALSE
	EndGlobalSection
EndGlobal
